// !$*UTF8*$!
{
	archiveVersion = 1;
	classes = {
	};
	objectVersion = 46;
	objects = {

/* Begin PBXAggregateTarget section */
		5B099B38C254862E8781CD94 /* ALL_BUILD */ = {
			isa = PBXAggregateTarget;
			buildConfigurationList = 1A6804B3554D41AF8C597DA0 /* Build configuration list for PBXAggregateTarget "ALL_BUILD" */;
			buildPhases = (
				A216752C45B5C62AEA2A9DDC /* Generate CMakeFiles/ALL_BUILD */,
			);
			dependencies = (
				E6B1CCEAD02A46D7B49AFEBE /* PBXTargetDependency */,
				BF1F9E5B206047AE99E97F60 /* PBXTargetDependency */,
			);
			name = ALL_BUILD;
			productName = ALL_BUILD;
		};
		D9EF5759F53BF46D2676F7EB /* ZERO_CHECK */ = {
			isa = PBXAggregateTarget;
			buildConfigurationList = 30652A1FD6FE4DA09643EA67 /* Build configuration list for PBXAggregateTarget "ZERO_CHECK" */;
			buildPhases = (
				1F83846D7A70552451548AF3 /* Generate CMakeFiles/ZERO_CHECK */,
			);
			dependencies = (
			);
			name = ZERO_CHECK;
			productName = ZERO_CHECK;
		};
/* End PBXAggregateTarget section */

/* Begin PBXBuildFile section */
		02AE818488DB4C97AB37EE58 /* /Users/aimac/Development/FloppyTurd/FloppyTurd/SoundManager.cpp */ = {isa = PBXBuildFile; fileRef = E8715D66194F4A4184443300 /* /Users/aimac/Development/FloppyTurd/FloppyTurd/SoundManager.cpp */; };
		03CFC3B5A3684CBC84163387 /* /Users/aimac/Development/FloppyTurd/build_ios/CMakeFiles/FloppyTurd.dir/Info.plist */ = {isa = PBXBuildFile; fileRef = 7E0E91848C26417C9B37D41B /* /Users/aimac/Development/FloppyTurd/build_ios/CMakeFiles/FloppyTurd.dir/Info.plist */; };
		04A9A935CF5B4C6CB4BD3E40 /* /Users/aimac/Development/FloppyTurd/FloppyTurd/BrickWall.cpp */ = {isa = PBXBuildFile; fileRef = 42A961CA80604F919A0F45C3 /* /Users/aimac/Development/FloppyTurd/FloppyTurd/BrickWall.cpp */; };
		0816CA9C410140909D5A05F8 /* /Users/aimac/Development/FloppyTurd/FloppyTurd/PlatformLayer.mm */ = {isa = PBXBuildFile; fileRef = 3204B15FA35C4FB1BFD3DC51 /* /Users/aimac/Development/FloppyTurd/FloppyTurd/PlatformLayer.mm */; };
		0A8062C32FDD47FCB3AB5431 /* /Users/aimac/Development/FloppyTurd/CMakeLists.txt */ = {isa = PBXBuildFile; fileRef = E706A2E39640424A8BA01702 /* /Users/aimac/Development/FloppyTurd/CMakeLists.txt */; };
		1366E0904A1E4AC2B5515885 /* /Users/aimac/Development/FloppyTurd/FloppyTurd/Boss.cpp */ = {isa = PBXBuildFile; fileRef = ED188E09C51D4C5DBE6081A7 /* /Users/aimac/Development/FloppyTurd/FloppyTurd/Boss.cpp */; };
		20AFD3DFC14A4EB388E9FCE8 /* /Users/aimac/Development/FloppyTurd/FloppyTurd/ToiletPaper.cpp */ = {isa = PBXBuildFile; fileRef = 6112D8D2960247E5BBD2343E /* /Users/aimac/Development/FloppyTurd/FloppyTurd/ToiletPaper.cpp */; };
		20ED2D2FD91F4F1798898B44 /* /Users/aimac/Development/FloppyTurd/FloppyTurd/Cactus.cpp */ = {isa = PBXBuildFile; fileRef = 65B4DC652A2940A485AB592E /* /Users/aimac/Development/FloppyTurd/FloppyTurd/Cactus.cpp */; };
		226DEDC261F64874A2782FD9 /* /Users/aimac/Development/FloppyTurd/FloppyTurd/SoundEffect.cpp */ = {isa = PBXBuildFile; fileRef = 2C7B2A0F5B0348278F07E2A0 /* /Users/aimac/Development/FloppyTurd/FloppyTurd/SoundEffect.cpp */; };
		288AC796AA7A4CA08CAF83B6 /* /Users/aimac/Development/FloppyTurd/FloppyTurd/TouchControls.cpp */ = {isa = PBXBuildFile; fileRef = 7DD324A71A5F4272BBF7A94B /* /Users/aimac/Development/FloppyTurd/FloppyTurd/TouchControls.cpp */; };
		29A415934A984170B6E92AF2 /* /Users/aimac/Development/FloppyTurd/FloppyTurd/Assets.xcassets */ = {isa = PBXBuildFile; fileRef = D321192E98814C1EB1EB3FB5 /* /Users/aimac/Development/FloppyTurd/FloppyTurd/Assets.xcassets */; };
		2D256407534B4C768B3BCE85 /* /Users/aimac/Development/FloppyTurd/FloppyTurd/ToiletPaperProjectile.cpp */ = {isa = PBXBuildFile; fileRef = 6BEC2053E44A4BC084EE523A /* /Users/aimac/Development/FloppyTurd/FloppyTurd/ToiletPaperProjectile.cpp */; };
		36B801FB5C1F4F82AF5E75AD /* /Users/aimac/Development/FloppyTurd/FloppyTurd/iOS/HapticsManager.mm */ = {isa = PBXBuildFile; fileRef = A25192B83C9A4BF8BA06DF48 /* /Users/aimac/Development/FloppyTurd/FloppyTurd/iOS/HapticsManager.mm */; };
		3959681729794463BD9457A5 /* /Users/aimac/Development/FloppyTurd/FloppyTurd/main_ios.mm */ = {isa = PBXBuildFile; fileRef = 96EFA7AB64AE4F8DA5D0EDF9 /* /Users/aimac/Development/FloppyTurd/FloppyTurd/main_ios.mm */; };
		413406E603334C8885859ED6 /* /Users/aimac/Development/FloppyTurd/FloppyTurd/BossLevel.cpp */ = {isa = PBXBuildFile; fileRef = 9A1E4D104F824E5CB06C1B1B /* /Users/aimac/Development/FloppyTurd/FloppyTurd/BossLevel.cpp */; };
		4263D08D91934127A06C0860 /* /Users/aimac/Development/FloppyTurd/FloppyTurd/SnowballProjectile.cpp */ = {isa = PBXBuildFile; fileRef = 42334FE03EFA46C8BB8020AA /* /Users/aimac/Development/FloppyTurd/FloppyTurd/SnowballProjectile.cpp */; };
		45FE0921040B4CD499486F6B /* /Users/aimac/Development/FloppyTurd/FloppyTurd/AIGUI.cpp */ = {isa = PBXBuildFile; fileRef = 326660D6833B4F93ADADD675 /* /Users/aimac/Development/FloppyTurd/FloppyTurd/AIGUI.cpp */; };
		47AB77D63AF7424F8513E7FF /* /Users/aimac/Development/FloppyTurd/FloppyTurd/Shaders2D.metal */ = {isa = PBXBuildFile; fileRef = AFD9803780624ABC8E6F248E /* /Users/aimac/Development/FloppyTurd/FloppyTurd/Shaders2D.metal */; };
		48050B5CC55C4845A3224FB4 /* /Users/aimac/Development/FloppyTurd/FloppyTurd/Hat.cpp */ = {isa = PBXBuildFile; fileRef = 1D2417932DF64E129B267144 /* /Users/aimac/Development/FloppyTurd/FloppyTurd/Hat.cpp */; };
		49CEA059FBAD4A0EBBC48215 /* /Users/aimac/Development/FloppyTurd/FloppyTurd/iOS/GameViewController.mm */ = {isa = PBXBuildFile; fileRef = 67ED1229DEA74BC4B5896E89 /* /Users/aimac/Development/FloppyTurd/FloppyTurd/iOS/GameViewController.mm */; };
		4B6FC26BDEBB4FC5AB0B402A /* /Users/aimac/Development/FloppyTurd/FloppyTurd/RaylibCompat_iOS.mm */ = {isa = PBXBuildFile; fileRef = E0D0743E2EC34CB0914128A3 /* /Users/aimac/Development/FloppyTurd/FloppyTurd/RaylibCompat_iOS.mm */; };
		4BB66FF04DC64D0DB3013466 /* /Users/aimac/Development/FloppyTurd/FloppyTurd/UIManager.cpp */ = {isa = PBXBuildFile; fileRef = 1395DA03DB5443FA8290A3B2 /* /Users/aimac/Development/FloppyTurd/FloppyTurd/UIManager.cpp */; };
		4BFB2553F55D4ACD89A60CD8 /* /Users/aimac/Development/FloppyTurd/FloppyTurd/RatCopter.cpp */ = {isa = PBXBuildFile; fileRef = 882DC57CB122413198B309EB /* /Users/aimac/Development/FloppyTurd/FloppyTurd/RatCopter.cpp */; };
		508DD522BB0240EBBC7F4A7A /* /Users/aimac/Development/FloppyTurd/FloppyTurd/SewerLevel.cpp */ = {isa = PBXBuildFile; fileRef = 9C8D49C9B9B749D888AF94F1 /* /Users/aimac/Development/FloppyTurd/FloppyTurd/SewerLevel.cpp */; };
		52248FC37E8340A0A4FD3B1C /* /Users/aimac/Development/FloppyTurd/FloppyTurd/Player.cpp */ = {isa = PBXBuildFile; fileRef = 06EF51268EEB49ECB0205749 /* /Users/aimac/Development/FloppyTurd/FloppyTurd/Player.cpp */; };
		57C2FA495CCC4ADA9F60A362 /* /Users/aimac/Development/FloppyTurd/FloppyTurd/AudioClip.cpp */ = {isa = PBXBuildFile; fileRef = E57B4DEF0F78427394917753 /* /Users/aimac/Development/FloppyTurd/FloppyTurd/AudioClip.cpp */; };
		5A3376A07F224F409010663F /* /Users/aimac/Development/FloppyTurd/FloppyTurd/AnimatedParallaxLayer.cpp */ = {isa = PBXBuildFile; fileRef = 69F9A15582A945F3808A5B0D /* /Users/aimac/Development/FloppyTurd/FloppyTurd/AnimatedParallaxLayer.cpp */; };
		5A945B506FF64A708A9CE3B9 /* /Users/aimac/Development/FloppyTurd/FloppyTurd/Playing.cpp */ = {isa = PBXBuildFile; fileRef = C54902CC89024F0289FF77F2 /* /Users/aimac/Development/FloppyTurd/FloppyTurd/Playing.cpp */; };
		64C734BA2CDC43C2A69E5A16 /* /Users/aimac/Development/FloppyTurd/FloppyTurd/Loading.cpp */ = {isa = PBXBuildFile; fileRef = B4ACAADCD00749B7B3D63AF7 /* /Users/aimac/Development/FloppyTurd/FloppyTurd/Loading.cpp */; };
		64F9735E440442C4BAB34019 /* /Users/aimac/Development/FloppyTurd/FloppyTurd/Bird.cpp */ = {isa = PBXBuildFile; fileRef = E0366AC6A8524EC481A6D987 /* /Users/aimac/Development/FloppyTurd/FloppyTurd/Bird.cpp */; };
		692A0156599F4BC98C6B0B21 /* /Users/aimac/Development/FloppyTurd/FloppyTurd/iOS/AppDelegate.mm */ = {isa = PBXBuildFile; fileRef = F0AD65793BD149439462BFBE /* /Users/aimac/Development/FloppyTurd/FloppyTurd/iOS/AppDelegate.mm */; };
		6A4BA734982943D78AFE44F3 /* /Users/aimac/Development/FloppyTurd/FloppyTurd/DesertLevel.cpp */ = {isa = PBXBuildFile; fileRef = D59C3367A2E143C1B8622FE8 /* /Users/aimac/Development/FloppyTurd/FloppyTurd/DesertLevel.cpp */; };
		6C58924A3D7446588ED9AEBA /* /Users/aimac/Development/FloppyTurd/FloppyTurd/ResourceManager.cpp */ = {isa = PBXBuildFile; fileRef = D8A57C56D51C4191B95FB5FF /* /Users/aimac/Development/FloppyTurd/FloppyTurd/ResourceManager.cpp */; };
		6C960A00EE89411E863C6600 /* /Users/aimac/Development/FloppyTurd/FloppyTurd/SpikeBall.cpp */ = {isa = PBXBuildFile; fileRef = 53C467740660455597363020 /* /Users/aimac/Development/FloppyTurd/FloppyTurd/SpikeBall.cpp */; };
		6FC4291737A848D39C059EDB /* /Users/aimac/Development/FloppyTurd/FloppyTurd/SnowLevel.cpp */ = {isa = PBXBuildFile; fileRef = A44114668FF0495190F68955 /* /Users/aimac/Development/FloppyTurd/FloppyTurd/SnowLevel.cpp */; };
		73DA56679F4E407D85F4FBA3 /* /Users/aimac/Development/FloppyTurd/FloppyTurd/Window.cpp */ = {isa = PBXBuildFile; fileRef = 092F3034D03C4B568929C524 /* /Users/aimac/Development/FloppyTurd/FloppyTurd/Window.cpp */; };
		744CB825455C43878E67430B /* /Users/aimac/Development/FloppyTurd/FloppyTurd/GameLog.mm */ = {isa = PBXBuildFile; fileRef = E34334D7C3014B9BBF17783D /* /Users/aimac/Development/FloppyTurd/FloppyTurd/GameLog.mm */; };
		7E8A9DD6730A4DBDA1E02244 /* /Users/aimac/Development/FloppyTurd/FloppyTurd/PlatformLayerDelegate.mm */ = {isa = PBXBuildFile; fileRef = 3F78B295015C446E80308B57 /* /Users/aimac/Development/FloppyTurd/FloppyTurd/PlatformLayerDelegate.mm */; };
		8467B03F7F674496AB680C99 /* /Users/aimac/Development/FloppyTurd/FloppyTurd/Credits.cpp */ = {isa = PBXBuildFile; fileRef = 4E049C0F509449BE8420F57C /* /Users/aimac/Development/FloppyTurd/FloppyTurd/Credits.cpp */; };
		86CBE52A3EEF4F0C9FE4FCB8 /* /Users/aimac/Development/FloppyTurd/FloppyTurd/ParallaxLayer.cpp */ = {isa = PBXBuildFile; fileRef = 411F15AE05494A4BABE65EB8 /* /Users/aimac/Development/FloppyTurd/FloppyTurd/ParallaxLayer.cpp */; };
		8AEAF77374FB43BA8B983507 /* /Users/aimac/Development/FloppyTurd/FloppyTurd/GoldToilets.cpp */ = {isa = PBXBuildFile; fileRef = ABF5774B53154991B4349A28 /* /Users/aimac/Development/FloppyTurd/FloppyTurd/GoldToilets.cpp */; };
		8F504B5D307445E8B4BC9BA4 /* /Users/aimac/Development/FloppyTurd/FloppyTurd/TextureAtlas.cpp */ = {isa = PBXBuildFile; fileRef = 148E42E077FD46F9ADA38AF2 /* /Users/aimac/Development/FloppyTurd/FloppyTurd/TextureAtlas.cpp */; };
		903DEF927BF94A138242FA34 /* /Users/aimac/Development/FloppyTurd/FloppyTurd/ToiletPair.cpp */ = {isa = PBXBuildFile; fileRef = 41CC097ED8D642E5A42A1006 /* /Users/aimac/Development/FloppyTurd/FloppyTurd/ToiletPair.cpp */; };
		9301BC76339940919E0F6A1A /* /Users/aimac/Development/FloppyTurd/FloppyTurd/MetalTexture.mm */ = {isa = PBXBuildFile; fileRef = 505D0DE06EAC4B91B8F9DF32 /* /Users/aimac/Development/FloppyTurd/FloppyTurd/MetalTexture.mm */; };
		961E28E42D0A4DA99EF5D0CC /* /Users/aimac/Development/FloppyTurd/FloppyTurd/TextureCache.cpp */ = {isa = PBXBuildFile; fileRef = A36FD88CE716457E8AFCE5B9 /* /Users/aimac/Development/FloppyTurd/FloppyTurd/TextureCache.cpp */; };
		98AFF75F1A6B4145BF53D643 /* /Users/aimac/Development/FloppyTurd/FloppyTurd/ParkLevel.cpp */ = {isa = PBXBuildFile; fileRef = E9B5E60D53304663BF15F842 /* /Users/aimac/Development/FloppyTurd/FloppyTurd/ParkLevel.cpp */; };
		9925023D382D4910AA5A6DB7 /* /Users/aimac/Development/FloppyTurd/FloppyTurd/Enemy.cpp */ = {isa = PBXBuildFile; fileRef = 95D7AFD3772B41F0878BA843 /* /Users/aimac/Development/FloppyTurd/FloppyTurd/Enemy.cpp */; };
		9D568B86A5D341A182AFE7E1 /* /Users/aimac/Development/FloppyTurd/FloppyTurd/MetalRenderer.mm */ = {isa = PBXBuildFile; fileRef = B489D0A11F284461947E4A86 /* /Users/aimac/Development/FloppyTurd/FloppyTurd/MetalRenderer.mm */; };
		9EDF54988FF1415BA0A02B30 /* /Users/aimac/Development/FloppyTurd/FloppyTurd/AudioStateManager.mm */ = {isa = PBXBuildFile; fileRef = 25FB8C69DD544BC7B3DC74E4 /* /Users/aimac/Development/FloppyTurd/FloppyTurd/AudioStateManager.mm */; };
		A63E4B7129084696ACDC3CDD /* /Users/aimac/Development/FloppyTurd/FloppyTurd/Obstacle.cpp */ = {isa = PBXBuildFile; fileRef = 8299AB571B874ECAB6738DF4 /* /Users/aimac/Development/FloppyTurd/FloppyTurd/Obstacle.cpp */; };
		A72B0088187248F88776C5B3 /* /Users/aimac/Development/FloppyTurd/FloppyTurd/BossHealthBar.cpp */ = {isa = PBXBuildFile; fileRef = 2C0E8DB1FE6D458198612F53 /* /Users/aimac/Development/FloppyTurd/FloppyTurd/BossHealthBar.cpp */; };
		A7A8A6C8793A45B7B0FE6187 /* /Users/aimac/Development/FloppyTurd/FloppyTurd/LogManager.mm */ = {isa = PBXBuildFile; fileRef = 440224A37DD24727BBC7C913 /* /Users/aimac/Development/FloppyTurd/FloppyTurd/LogManager.mm */; };
		AC87B44148204FF2A164D63C /* /Users/aimac/Development/FloppyTurd/FloppyTurd/StaticLayer.cpp */ = {isa = PBXBuildFile; fileRef = A2F4F1B96F1543BCB13E49C7 /* /Users/aimac/Development/FloppyTurd/FloppyTurd/StaticLayer.cpp */; };
		ACD407BB83DB419D8D202F8B /* /Users/aimac/Development/FloppyTurd/FloppyTurd/RatKing.cpp */ = {isa = PBXBuildFile; fileRef = 3E125E149D7848D08F7E2A52 /* /Users/aimac/Development/FloppyTurd/FloppyTurd/RatKing.cpp */; };
		AEFB2965C4504635B1D39AE1 /* /Users/aimac/Development/FloppyTurd/FloppyTurd/RaylibCompat.mm */ = {isa = PBXBuildFile; fileRef = 10E1278542E74B039350C85B /* /Users/aimac/Development/FloppyTurd/FloppyTurd/RaylibCompat.mm */; };
		B1D812EC7A1F4D0A9B7B8003 /* /Users/aimac/Development/FloppyTurd/FloppyTurd/MainMenu.cpp */ = {isa = PBXBuildFile; fileRef = 2209F31F0E75497DBEB96088 /* /Users/aimac/Development/FloppyTurd/FloppyTurd/MainMenu.cpp */; };
		B4AAC36B5CF946B7821EC491 /* /Users/aimac/Development/FloppyTurd/FloppyTurd/LevelManager.cpp */ = {isa = PBXBuildFile; fileRef = DA5B97DFE32B40F2A1811890 /* /Users/aimac/Development/FloppyTurd/FloppyTurd/LevelManager.cpp */; };
		B5737EF3101A48E1B16399D7 /* /Users/aimac/Development/FloppyTurd/FloppyTurd/MenuButton.cpp */ = {isa = PBXBuildFile; fileRef = 8EBDAF39E34644B99B5BCDE5 /* /Users/aimac/Development/FloppyTurd/FloppyTurd/MenuButton.cpp */; };
		BAA6BE8C622646ED8E038016 /* /Users/aimac/Development/FloppyTurd/FloppyTurd/SnowmanEnemy.cpp */ = {isa = PBXBuildFile; fileRef = ECD6EDB79E59405C94784D94 /* /Users/aimac/Development/FloppyTurd/FloppyTurd/SnowmanEnemy.cpp */; };
		BC695495F26A4569A2512D3A /* /Users/aimac/Development/FloppyTurd/FloppyTurd/SewerPipe.cpp */ = {isa = PBXBuildFile; fileRef = 76139341AA174675A8E3A37E /* /Users/aimac/Development/FloppyTurd/FloppyTurd/SewerPipe.cpp */; };
		C3ABB7341B334AADA6AE5135 /* /Users/aimac/Development/FloppyTurd/FloppyTurd/AudioManager.cpp */ = {isa = PBXBuildFile; fileRef = 2FA0269C028B43BD96C61E7B /* /Users/aimac/Development/FloppyTurd/FloppyTurd/AudioManager.cpp */; };
		C4493909DF624BFC84F5E640 /* /Users/aimac/Development/FloppyTurd/FloppyTurd/PerformanceProfiler.cpp */ = {isa = PBXBuildFile; fileRef = BDF42F3F05564B88A820AB7A /* /Users/aimac/Development/FloppyTurd/FloppyTurd/PerformanceProfiler.cpp */; };
		C9C2D9B932E9450DB035C5A2 /* /Users/aimac/Development/FloppyTurd/FloppyTurd/MetalTextureCache.mm */ = {isa = PBXBuildFile; fileRef = 874479F3CD974582AB9D9438 /* /Users/aimac/Development/FloppyTurd/FloppyTurd/MetalTextureCache.mm */; };
		CF0CFAFEA181466982405C2E /* /Users/aimac/Development/FloppyTurd/FloppyTurd/CameraSystem.cpp */ = {isa = PBXBuildFile; fileRef = 10847EDA4B0A40C2B56AFC2F /* /Users/aimac/Development/FloppyTurd/FloppyTurd/CameraSystem.cpp */; };
		CF412CAB7FA347B0BFE6821B /* /Users/aimac/Development/FloppyTurd/FloppyTurd/AnimatedLayer.cpp */ = {isa = PBXBuildFile; fileRef = E922391FA9F64842815D4D54 /* /Users/aimac/Development/FloppyTurd/FloppyTurd/AnimatedLayer.cpp */; };
		D6CD08DF76334D68B8811E83 /* /Users/aimac/Development/FloppyTurd/FloppyTurd/GameStats.cpp */ = {isa = PBXBuildFile; fileRef = D077A7F603AB4D868CACF7E1 /* /Users/aimac/Development/FloppyTurd/FloppyTurd/GameStats.cpp */; };
		D97A0F0929264F279199B3D2 /* /Users/aimac/Development/FloppyTurd/FloppyTurd/SnowOverlay.cpp */ = {isa = PBXBuildFile; fileRef = 743B731B632A493F9FCA82E4 /* /Users/aimac/Development/FloppyTurd/FloppyTurd/SnowOverlay.cpp */; };
		DF2D3B2DD0C547AEACE2576C /* /Users/aimac/Development/FloppyTurd/FloppyTurd/Game.cpp */ = {isa = PBXBuildFile; fileRef = BE454B0B53614539997FEABD /* /Users/aimac/Development/FloppyTurd/FloppyTurd/Game.cpp */; };
		E123C8D2F50742CE9BA72F43 /* /Users/aimac/Development/FloppyTurd/FloppyTurd/Outhouse.cpp */ = {isa = PBXBuildFile; fileRef = 08B39B5CD4524E9AB1D1B73D /* /Users/aimac/Development/FloppyTurd/FloppyTurd/Outhouse.cpp */; };
		E3BDB698B5CA4DC19100D4DC /* /Users/aimac/Development/FloppyTurd/FloppyTurd/Level.cpp */ = {isa = PBXBuildFile; fileRef = 026F9BB1EDA94AB087DD671F /* /Users/aimac/Development/FloppyTurd/FloppyTurd/Level.cpp */; };
		E3D0E5DFD4A34AD9974E4173 /* /Users/aimac/Development/FloppyTurd/FloppyTurd/CoinType.cpp */ = {isa = PBXBuildFile; fileRef = 07E07D986A5549B4B5A0E338 /* /Users/aimac/Development/FloppyTurd/FloppyTurd/CoinType.cpp */; };
		E4595E52C46341989873E81D /* /Users/aimac/Development/FloppyTurd/FloppyTurd/PickUp.cpp */ = {isa = PBXBuildFile; fileRef = FAA42319D26C4CFE8C5661A7 /* /Users/aimac/Development/FloppyTurd/FloppyTurd/PickUp.cpp */; };
		EA083661747E4E7E82238745 /* /Users/aimac/Development/FloppyTurd/FloppyTurd/Sprite.cpp */ = {isa = PBXBuildFile; fileRef = 1BF600E7085C4CA4BFA74728 /* /Users/aimac/Development/FloppyTurd/FloppyTurd/Sprite.cpp */; };
		EDB3C7E4F29F4EC2B2237AD0 /* /Users/aimac/Development/FloppyTurd/FloppyTurd/MetalTextRenderer.mm */ = {isa = PBXBuildFile; fileRef = C71BF39147D643878759B374 /* /Users/aimac/Development/FloppyTurd/FloppyTurd/MetalTextRenderer.mm */; };
		F05D8D26955D454C9A985F7E /* /Users/aimac/Development/FloppyTurd/FloppyTurd/Coin.cpp */ = {isa = PBXBuildFile; fileRef = 3919F2DA98D14311B73A9C90 /* /Users/aimac/Development/FloppyTurd/FloppyTurd/Coin.cpp */; };
		F1CF546C52FA4577B1DC63FC /* /Users/aimac/Development/FloppyTurd/FloppyTurd/Projectile.cpp */ = {isa = PBXBuildFile; fileRef = 432C00A8CCB24E458E0EE165 /* /Users/aimac/Development/FloppyTurd/FloppyTurd/Projectile.cpp */; };
		F318B94539D74D6083DC7F9A /* /Users/aimac/Development/FloppyTurd/FloppyTurd/MetalFrameResources.mm */ = {isa = PBXBuildFile; fileRef = FF181318EDC3471C856A75E2 /* /Users/aimac/Development/FloppyTurd/FloppyTurd/MetalFrameResources.mm */; };
		FB93BB72091A4D8292B23092 /* /Users/aimac/Development/FloppyTurd/FloppyTurd/PoopHeart.cpp */ = {isa = PBXBuildFile; fileRef = 2E708ED53CE148DF836F8F43 /* /Users/aimac/Development/FloppyTurd/FloppyTurd/PoopHeart.cpp */; };
		FD7AE3422DA842D599B80317 /* /Users/aimac/Development/FloppyTurd/FloppyTurd/MetalShader.mm */ = {isa = PBXBuildFile; fileRef = F26684B79294496EAEB24AD6 /* /Users/aimac/Development/FloppyTurd/FloppyTurd/MetalShader.mm */; };
		FE5F456F58714969BD46E461 /* /Users/aimac/Development/FloppyTurd/FloppyTurd/CastleLevel.cpp */ = {isa = PBXBuildFile; fileRef = 5B803E694D1C4C5F8E738C6A /* /Users/aimac/Development/FloppyTurd/FloppyTurd/CastleLevel.cpp */; };
		FFB515B35F674930866915DE /* /Users/aimac/Development/FloppyTurd/FloppyTurd/Explosion.cpp */ = {isa = PBXBuildFile; fileRef = 72EB990D4B2D4A9E9FE2623B /* /Users/aimac/Development/FloppyTurd/FloppyTurd/Explosion.cpp */; };
/* End PBXBuildFile section */

/* Begin PBXBuildStyle section */
		0409D1A059284533BCA1CAD8 /* Release */ = {
			isa = PBXBuildStyle;
			buildSettings = {
				COPY_PHASE_STRIP = NO;
			};
			name = Release;
		};
		2325EA6D75214FB9861EE77F /* Debug */ = {
			isa = PBXBuildStyle;
			buildSettings = {
				COPY_PHASE_STRIP = NO;
			};
			name = Debug;
		};
		83A8113C72DE4E06999AA43F /* RelWithDebInfo */ = {
			isa = PBXBuildStyle;
			buildSettings = {
				COPY_PHASE_STRIP = NO;
			};
			name = RelWithDebInfo;
		};
		FA77849F314F433A8695B9F0 /* MinSizeRel */ = {
			isa = PBXBuildStyle;
			buildSettings = {
				COPY_PHASE_STRIP = NO;
			};
			name = MinSizeRel;
		};
/* End PBXBuildStyle section */

/* Begin PBXContainerItemProxy section */
		3CF5BDAB92244184B7D9DF51 /* PBXContainerItemProxy */ = {
			isa = PBXContainerItemProxy;
			containerPortal = D45F21EF9C844A0B9509C14E /* Project object */;
			proxyType = 1;
			remoteGlobalIDString = D9EF5759F53BF46D2676F7EB;
			remoteInfo = ZERO_CHECK;
		};
		4D9C7BABADAC46C9AC702840 /* PBXContainerItemProxy */ = {
			isa = PBXContainerItemProxy;
			containerPortal = D45F21EF9C844A0B9509C14E /* Project object */;
			proxyType = 1;
			remoteGlobalIDString = D9EF5759F53BF46D2676F7EB;
			remoteInfo = ZERO_CHECK;
		};
		76EBD3AB33BF4135A44C918D /* PBXContainerItemProxy */ = {
			isa = PBXContainerItemProxy;
			containerPortal = D45F21EF9C844A0B9509C14E /* Project object */;
			proxyType = 1;
			remoteGlobalIDString = 8EFA9AA7BA22AECA1336F161;
			remoteInfo = FloppyTurd;
		};
/* End PBXContainerItemProxy section */

/* Begin PBXFileReference section */
		026F9BB1EDA94AB087DD671F /* /Users/aimac/Development/FloppyTurd/FloppyTurd/Level.cpp */ = {isa = PBXFileReference; explicitFileType = sourcecode.cpp.cpp; fileEncoding = 4; name = Level.cpp; path = FloppyTurd/Level.cpp; sourceTree = SOURCE_ROOT; };
		06EF51268EEB49ECB0205749 /* /Users/aimac/Development/FloppyTurd/FloppyTurd/Player.cpp */ = {isa = PBXFileReference; explicitFileType = sourcecode.cpp.cpp; fileEncoding = 4; name = Player.cpp; path = FloppyTurd/Player.cpp; sourceTree = SOURCE_ROOT; };
		07E07D986A5549B4B5A0E338 /* /Users/aimac/Development/FloppyTurd/FloppyTurd/CoinType.cpp */ = {isa = PBXFileReference; explicitFileType = sourcecode.cpp.cpp; fileEncoding = 4; name = CoinType.cpp; path = FloppyTurd/CoinType.cpp; sourceTree = SOURCE_ROOT; };
		08B39B5CD4524E9AB1D1B73D /* /Users/aimac/Development/FloppyTurd/FloppyTurd/Outhouse.cpp */ = {isa = PBXFileReference; explicitFileType = sourcecode.cpp.cpp; fileEncoding = 4; name = Outhouse.cpp; path = FloppyTurd/Outhouse.cpp; sourceTree = SOURCE_ROOT; };
		092F3034D03C4B568929C524 /* /Users/aimac/Development/FloppyTurd/FloppyTurd/Window.cpp */ = {isa = PBXFileReference; explicitFileType = sourcecode.cpp.cpp; fileEncoding = 4; name = Window.cpp; path = FloppyTurd/Window.cpp; sourceTree = SOURCE_ROOT; };
		10847EDA4B0A40C2B56AFC2F /* /Users/aimac/Development/FloppyTurd/FloppyTurd/CameraSystem.cpp */ = {isa = PBXFileReference; explicitFileType = sourcecode.cpp.cpp; fileEncoding = 4; name = CameraSystem.cpp; path = FloppyTurd/CameraSystem.cpp; sourceTree = SOURCE_ROOT; };
		10E1278542E74B039350C85B /* /Users/aimac/Development/FloppyTurd/FloppyTurd/RaylibCompat.mm */ = {isa = PBXFileReference; explicitFileType = sourcecode.cpp.objcpp; fileEncoding = 4; name = RaylibCompat.mm; path = FloppyTurd/RaylibCompat.mm; sourceTree = SOURCE_ROOT; };
		1395DA03DB5443FA8290A3B2 /* /Users/aimac/Development/FloppyTurd/FloppyTurd/UIManager.cpp */ = {isa = PBXFileReference; explicitFileType = sourcecode.cpp.cpp; fileEncoding = 4; name = UIManager.cpp; path = FloppyTurd/UIManager.cpp; sourceTree = SOURCE_ROOT; };
		148E42E077FD46F9ADA38AF2 /* /Users/aimac/Development/FloppyTurd/FloppyTurd/TextureAtlas.cpp */ = {isa = PBXFileReference; explicitFileType = sourcecode.cpp.cpp; fileEncoding = 4; name = TextureAtlas.cpp; path = FloppyTurd/TextureAtlas.cpp; sourceTree = SOURCE_ROOT; };
		1BF600E7085C4CA4BFA74728 /* /Users/aimac/Development/FloppyTurd/FloppyTurd/Sprite.cpp */ = {isa = PBXFileReference; explicitFileType = sourcecode.cpp.cpp; fileEncoding = 4; name = Sprite.cpp; path = FloppyTurd/Sprite.cpp; sourceTree = SOURCE_ROOT; };
		1D2417932DF64E129B267144 /* /Users/aimac/Development/FloppyTurd/FloppyTurd/Hat.cpp */ = {isa = PBXFileReference; explicitFileType = sourcecode.cpp.cpp; fileEncoding = 4; name = Hat.cpp; path = FloppyTurd/Hat.cpp; sourceTree = SOURCE_ROOT; };
		2209F31F0E75497DBEB96088 /* /Users/aimac/Development/FloppyTurd/FloppyTurd/MainMenu.cpp */ = {isa = PBXFileReference; explicitFileType = sourcecode.cpp.cpp; fileEncoding = 4; name = MainMenu.cpp; path = FloppyTurd/MainMenu.cpp; sourceTree = SOURCE_ROOT; };
		25FB8C69DD544BC7B3DC74E4 /* /Users/aimac/Development/FloppyTurd/FloppyTurd/AudioStateManager.mm */ = {isa = PBXFileReference; explicitFileType = sourcecode.cpp.objcpp; fileEncoding = 4; name = AudioStateManager.mm; path = FloppyTurd/AudioStateManager.mm; sourceTree = SOURCE_ROOT; };
		2C0E8DB1FE6D458198612F53 /* /Users/aimac/Development/FloppyTurd/FloppyTurd/BossHealthBar.cpp */ = {isa = PBXFileReference; explicitFileType = sourcecode.cpp.cpp; fileEncoding = 4; name = BossHealthBar.cpp; path = FloppyTurd/BossHealthBar.cpp; sourceTree = SOURCE_ROOT; };
		2C7B2A0F5B0348278F07E2A0 /* /Users/aimac/Development/FloppyTurd/FloppyTurd/SoundEffect.cpp */ = {isa = PBXFileReference; explicitFileType = sourcecode.cpp.cpp; fileEncoding = 4; name = SoundEffect.cpp; path = FloppyTurd/SoundEffect.cpp; sourceTree = SOURCE_ROOT; };
		2E708ED53CE148DF836F8F43 /* /Users/aimac/Development/FloppyTurd/FloppyTurd/PoopHeart.cpp */ = {isa = PBXFileReference; explicitFileType = sourcecode.cpp.cpp; fileEncoding = 4; name = PoopHeart.cpp; path = FloppyTurd/PoopHeart.cpp; sourceTree = SOURCE_ROOT; };
		2FA0269C028B43BD96C61E7B /* /Users/aimac/Development/FloppyTurd/FloppyTurd/AudioManager.cpp */ = {isa = PBXFileReference; explicitFileType = sourcecode.cpp.cpp; fileEncoding = 4; name = AudioManager.cpp; path = FloppyTurd/AudioManager.cpp; sourceTree = SOURCE_ROOT; };
		3204B15FA35C4FB1BFD3DC51 /* /Users/aimac/Development/FloppyTurd/FloppyTurd/PlatformLayer.mm */ = {isa = PBXFileReference; explicitFileType = sourcecode.cpp.objcpp; fileEncoding = 4; name = PlatformLayer.mm; path = FloppyTurd/PlatformLayer.mm; sourceTree = SOURCE_ROOT; };
		326660D6833B4F93ADADD675 /* /Users/aimac/Development/FloppyTurd/FloppyTurd/AIGUI.cpp */ = {isa = PBXFileReference; explicitFileType = sourcecode.cpp.cpp; fileEncoding = 4; name = AIGUI.cpp; path = FloppyTurd/AIGUI.cpp; sourceTree = SOURCE_ROOT; };
		3919F2DA98D14311B73A9C90 /* /Users/aimac/Development/FloppyTurd/FloppyTurd/Coin.cpp */ = {isa = PBXFileReference; explicitFileType = sourcecode.cpp.cpp; fileEncoding = 4; name = Coin.cpp; path = FloppyTurd/Coin.cpp; sourceTree = SOURCE_ROOT; };
		3E125E149D7848D08F7E2A52 /* /Users/aimac/Development/FloppyTurd/FloppyTurd/RatKing.cpp */ = {isa = PBXFileReference; explicitFileType = sourcecode.cpp.cpp; fileEncoding = 4; name = RatKing.cpp; path = FloppyTurd/RatKing.cpp; sourceTree = SOURCE_ROOT; };
		3F78B295015C446E80308B57 /* /Users/aimac/Development/FloppyTurd/FloppyTurd/PlatformLayerDelegate.mm */ = {isa = PBXFileReference; explicitFileType = sourcecode.cpp.objcpp; fileEncoding = 4; name = PlatformLayerDelegate.mm; path = FloppyTurd/PlatformLayerDelegate.mm; sourceTree = SOURCE_ROOT; };
		411F15AE05494A4BABE65EB8 /* /Users/aimac/Development/FloppyTurd/FloppyTurd/ParallaxLayer.cpp */ = {isa = PBXFileReference; explicitFileType = sourcecode.cpp.cpp; fileEncoding = 4; name = ParallaxLayer.cpp; path = FloppyTurd/ParallaxLayer.cpp; sourceTree = SOURCE_ROOT; };
		41CC097ED8D642E5A42A1006 /* /Users/aimac/Development/FloppyTurd/FloppyTurd/ToiletPair.cpp */ = {isa = PBXFileReference; explicitFileType = sourcecode.cpp.cpp; fileEncoding = 4; name = ToiletPair.cpp; path = FloppyTurd/ToiletPair.cpp; sourceTree = SOURCE_ROOT; };
		42334FE03EFA46C8BB8020AA /* /Users/aimac/Development/FloppyTurd/FloppyTurd/SnowballProjectile.cpp */ = {isa = PBXFileReference; explicitFileType = sourcecode.cpp.cpp; fileEncoding = 4; name = SnowballProjectile.cpp; path = FloppyTurd/SnowballProjectile.cpp; sourceTree = SOURCE_ROOT; };
		42A961CA80604F919A0F45C3 /* /Users/aimac/Development/FloppyTurd/FloppyTurd/BrickWall.cpp */ = {isa = PBXFileReference; explicitFileType = sourcecode.cpp.cpp; fileEncoding = 4; name = BrickWall.cpp; path = FloppyTurd/BrickWall.cpp; sourceTree = SOURCE_ROOT; };
		432C00A8CCB24E458E0EE165 /* /Users/aimac/Development/FloppyTurd/FloppyTurd/Projectile.cpp */ = {isa = PBXFileReference; explicitFileType = sourcecode.cpp.cpp; fileEncoding = 4; name = Projectile.cpp; path = FloppyTurd/Projectile.cpp; sourceTree = SOURCE_ROOT; };
		440224A37DD24727BBC7C913 /* /Users/aimac/Development/FloppyTurd/FloppyTurd/LogManager.mm */ = {isa = PBXFileReference; explicitFileType = sourcecode.cpp.objcpp; fileEncoding = 4; name = LogManager.mm; path = FloppyTurd/LogManager.mm; sourceTree = SOURCE_ROOT; };
		4E049C0F509449BE8420F57C /* /Users/aimac/Development/FloppyTurd/FloppyTurd/Credits.cpp */ = {isa = PBXFileReference; explicitFileType = sourcecode.cpp.cpp; fileEncoding = 4; name = Credits.cpp; path = FloppyTurd/Credits.cpp; sourceTree = SOURCE_ROOT; };
		505D0DE06EAC4B91B8F9DF32 /* /Users/aimac/Development/FloppyTurd/FloppyTurd/MetalTexture.mm */ = {isa = PBXFileReference; explicitFileType = sourcecode.cpp.objcpp; fileEncoding = 4; name = MetalTexture.mm; path = FloppyTurd/MetalTexture.mm; sourceTree = SOURCE_ROOT; };
		53C467740660455597363020 /* /Users/aimac/Development/FloppyTurd/FloppyTurd/SpikeBall.cpp */ = {isa = PBXFileReference; explicitFileType = sourcecode.cpp.cpp; fileEncoding = 4; name = SpikeBall.cpp; path = FloppyTurd/SpikeBall.cpp; sourceTree = SOURCE_ROOT; };
		5B803E694D1C4C5F8E738C6A /* /Users/aimac/Development/FloppyTurd/FloppyTurd/CastleLevel.cpp */ = {isa = PBXFileReference; explicitFileType = sourcecode.cpp.cpp; fileEncoding = 4; name = CastleLevel.cpp; path = FloppyTurd/CastleLevel.cpp; sourceTree = SOURCE_ROOT; };
		6112D8D2960247E5BBD2343E /* /Users/aimac/Development/FloppyTurd/FloppyTurd/ToiletPaper.cpp */ = {isa = PBXFileReference; explicitFileType = sourcecode.cpp.cpp; fileEncoding = 4; name = ToiletPaper.cpp; path = FloppyTurd/ToiletPaper.cpp; sourceTree = SOURCE_ROOT; };
		65B4DC652A2940A485AB592E /* /Users/aimac/Development/FloppyTurd/FloppyTurd/Cactus.cpp */ = {isa = PBXFileReference; explicitFileType = sourcecode.cpp.cpp; fileEncoding = 4; name = Cactus.cpp; path = FloppyTurd/Cactus.cpp; sourceTree = SOURCE_ROOT; };
		67ED1229DEA74BC4B5896E89 /* /Users/aimac/Development/FloppyTurd/FloppyTurd/iOS/GameViewController.mm */ = {isa = PBXFileReference; explicitFileType = sourcecode.cpp.objcpp; fileEncoding = 4; name = GameViewController.mm; path = FloppyTurd/iOS/GameViewController.mm; sourceTree = SOURCE_ROOT; };
		69F9A15582A945F3808A5B0D /* /Users/aimac/Development/FloppyTurd/FloppyTurd/AnimatedParallaxLayer.cpp */ = {isa = PBXFileReference; explicitFileType = sourcecode.cpp.cpp; fileEncoding = 4; name = AnimatedParallaxLayer.cpp; path = FloppyTurd/AnimatedParallaxLayer.cpp; sourceTree = SOURCE_ROOT; };
		6BEC2053E44A4BC084EE523A /* /Users/aimac/Development/FloppyTurd/FloppyTurd/ToiletPaperProjectile.cpp */ = {isa = PBXFileReference; explicitFileType = sourcecode.cpp.cpp; fileEncoding = 4; name = ToiletPaperProjectile.cpp; path = FloppyTurd/ToiletPaperProjectile.cpp; sourceTree = SOURCE_ROOT; };
		72EB990D4B2D4A9E9FE2623B /* /Users/aimac/Development/FloppyTurd/FloppyTurd/Explosion.cpp */ = {isa = PBXFileReference; explicitFileType = sourcecode.cpp.cpp; fileEncoding = 4; name = Explosion.cpp; path = FloppyTurd/Explosion.cpp; sourceTree = SOURCE_ROOT; };
		743B731B632A493F9FCA82E4 /* /Users/aimac/Development/FloppyTurd/FloppyTurd/SnowOverlay.cpp */ = {isa = PBXFileReference; explicitFileType = sourcecode.cpp.cpp; fileEncoding = 4; name = SnowOverlay.cpp; path = FloppyTurd/SnowOverlay.cpp; sourceTree = SOURCE_ROOT; };
		76139341AA174675A8E3A37E /* /Users/aimac/Development/FloppyTurd/FloppyTurd/SewerPipe.cpp */ = {isa = PBXFileReference; explicitFileType = sourcecode.cpp.cpp; fileEncoding = 4; name = SewerPipe.cpp; path = FloppyTurd/SewerPipe.cpp; sourceTree = SOURCE_ROOT; };
		7DD324A71A5F4272BBF7A94B /* /Users/aimac/Development/FloppyTurd/FloppyTurd/TouchControls.cpp */ = {isa = PBXFileReference; explicitFileType = sourcecode.cpp.cpp; fileEncoding = 4; name = TouchControls.cpp; path = FloppyTurd/TouchControls.cpp; sourceTree = SOURCE_ROOT; };
		7E0E91848C26417C9B37D41B /* /Users/aimac/Development/FloppyTurd/build_ios/CMakeFiles/FloppyTurd.dir/Info.plist */ = {isa = PBXFileReference; explicitFileType = sourcecode.text.plist; fileEncoding = 4; name = Info.plist; path = build_ios/CMakeFiles/FloppyTurd.dir/Info.plist; sourceTree = SOURCE_ROOT; };
		8299AB571B874ECAB6738DF4 /* /Users/aimac/Development/FloppyTurd/FloppyTurd/Obstacle.cpp */ = {isa = PBXFileReference; explicitFileType = sourcecode.cpp.cpp; fileEncoding = 4; name = Obstacle.cpp; path = FloppyTurd/Obstacle.cpp; sourceTree = SOURCE_ROOT; };
		874479F3CD974582AB9D9438 /* /Users/aimac/Development/FloppyTurd/FloppyTurd/MetalTextureCache.mm */ = {isa = PBXFileReference; explicitFileType = sourcecode.cpp.objcpp; fileEncoding = 4; name = MetalTextureCache.mm; path = FloppyTurd/MetalTextureCache.mm; sourceTree = SOURCE_ROOT; };
		882DC57CB122413198B309EB /* /Users/aimac/Development/FloppyTurd/FloppyTurd/RatCopter.cpp */ = {isa = PBXFileReference; explicitFileType = sourcecode.cpp.cpp; fileEncoding = 4; name = RatCopter.cpp; path = FloppyTurd/RatCopter.cpp; sourceTree = SOURCE_ROOT; };
		8EBDAF39E34644B99B5BCDE5 /* /Users/aimac/Development/FloppyTurd/FloppyTurd/MenuButton.cpp */ = {isa = PBXFileReference; explicitFileType = sourcecode.cpp.cpp; fileEncoding = 4; name = MenuButton.cpp; path = FloppyTurd/MenuButton.cpp; sourceTree = SOURCE_ROOT; };
		95185127C96241528B844922 /* /Users/aimac/Development/FloppyTurd/CMakeLists.txt */ = {isa = PBXFileReference; explicitFileType = sourcecode.text; fileEncoding = 4; name = CMakeLists.txt; path = CMakeLists.txt; sourceTree = SOURCE_ROOT; };
		95D7AFD3772B41F0878BA843 /* /Users/aimac/Development/FloppyTurd/FloppyTurd/Enemy.cpp */ = {isa = PBXFileReference; explicitFileType = sourcecode.cpp.cpp; fileEncoding = 4; name = Enemy.cpp; path = FloppyTurd/Enemy.cpp; sourceTree = SOURCE_ROOT; };
		96EFA7AB64AE4F8DA5D0EDF9 /* /Users/aimac/Development/FloppyTurd/FloppyTurd/main_ios.mm */ = {isa = PBXFileReference; explicitFileType = sourcecode.cpp.objcpp; fileEncoding = 4; name = main_ios.mm; path = FloppyTurd/main_ios.mm; sourceTree = SOURCE_ROOT; };
		9A1E4D104F824E5CB06C1B1B /* /Users/aimac/Development/FloppyTurd/FloppyTurd/BossLevel.cpp */ = {isa = PBXFileReference; explicitFileType = sourcecode.cpp.cpp; fileEncoding = 4; name = BossLevel.cpp; path = FloppyTurd/BossLevel.cpp; sourceTree = SOURCE_ROOT; };
		9C8D49C9B9B749D888AF94F1 /* /Users/aimac/Development/FloppyTurd/FloppyTurd/SewerLevel.cpp */ = {isa = PBXFileReference; explicitFileType = sourcecode.cpp.cpp; fileEncoding = 4; name = SewerLevel.cpp; path = FloppyTurd/SewerLevel.cpp; sourceTree = SOURCE_ROOT; };
		A25192B83C9A4BF8BA06DF48 /* /Users/aimac/Development/FloppyTurd/FloppyTurd/iOS/HapticsManager.mm */ = {isa = PBXFileReference; explicitFileType = sourcecode.cpp.objcpp; fileEncoding = 4; name = HapticsManager.mm; path = FloppyTurd/iOS/HapticsManager.mm; sourceTree = SOURCE_ROOT; };
		A2F4F1B96F1543BCB13E49C7 /* /Users/aimac/Development/FloppyTurd/FloppyTurd/StaticLayer.cpp */ = {isa = PBXFileReference; explicitFileType = sourcecode.cpp.cpp; fileEncoding = 4; name = StaticLayer.cpp; path = FloppyTurd/StaticLayer.cpp; sourceTree = SOURCE_ROOT; };
		A36FD88CE716457E8AFCE5B9 /* /Users/aimac/Development/FloppyTurd/FloppyTurd/TextureCache.cpp */ = {isa = PBXFileReference; explicitFileType = sourcecode.cpp.cpp; fileEncoding = 4; name = TextureCache.cpp; path = FloppyTurd/TextureCache.cpp; sourceTree = SOURCE_ROOT; };
		A44114668FF0495190F68955 /* /Users/aimac/Development/FloppyTurd/FloppyTurd/SnowLevel.cpp */ = {isa = PBXFileReference; explicitFileType = sourcecode.cpp.cpp; fileEncoding = 4; name = SnowLevel.cpp; path = FloppyTurd/SnowLevel.cpp; sourceTree = SOURCE_ROOT; };
		ABF5774B53154991B4349A28 /* /Users/aimac/Development/FloppyTurd/FloppyTurd/GoldToilets.cpp */ = {isa = PBXFileReference; explicitFileType = sourcecode.cpp.cpp; fileEncoding = 4; name = GoldToilets.cpp; path = FloppyTurd/GoldToilets.cpp; sourceTree = SOURCE_ROOT; };
		AFD9803780624ABC8E6F248E /* /Users/aimac/Development/FloppyTurd/FloppyTurd/Shaders2D.metal */ = {isa = PBXFileReference; explicitFileType = sourcecode.metal; fileEncoding = 4; name = Shaders2D.metal; path = FloppyTurd/Shaders2D.metal; sourceTree = SOURCE_ROOT; };
		B489D0A11F284461947E4A86 /* /Users/aimac/Development/FloppyTurd/FloppyTurd/MetalRenderer.mm */ = {isa = PBXFileReference; explicitFileType = sourcecode.cpp.objcpp; fileEncoding = 4; name = MetalRenderer.mm; path = FloppyTurd/MetalRenderer.mm; sourceTree = SOURCE_ROOT; };
		B4ACAADCD00749B7B3D63AF7 /* /Users/aimac/Development/FloppyTurd/FloppyTurd/Loading.cpp */ = {isa = PBXFileReference; explicitFileType = sourcecode.cpp.cpp; fileEncoding = 4; name = Loading.cpp; path = FloppyTurd/Loading.cpp; sourceTree = SOURCE_ROOT; };
		BDF42F3F05564B88A820AB7A /* /Users/aimac/Development/FloppyTurd/FloppyTurd/PerformanceProfiler.cpp */ = {isa = PBXFileReference; explicitFileType = sourcecode.cpp.cpp; fileEncoding = 4; name = PerformanceProfiler.cpp; path = FloppyTurd/PerformanceProfiler.cpp; sourceTree = SOURCE_ROOT; };
		BE454B0B53614539997FEABD /* /Users/aimac/Development/FloppyTurd/FloppyTurd/Game.cpp */ = {isa = PBXFileReference; explicitFileType = sourcecode.cpp.cpp; fileEncoding = 4; name = Game.cpp; path = FloppyTurd/Game.cpp; sourceTree = SOURCE_ROOT; };
		C54902CC89024F0289FF77F2 /* /Users/aimac/Development/FloppyTurd/FloppyTurd/Playing.cpp */ = {isa = PBXFileReference; explicitFileType = sourcecode.cpp.cpp; fileEncoding = 4; name = Playing.cpp; path = FloppyTurd/Playing.cpp; sourceTree = SOURCE_ROOT; };
		C71BF39147D643878759B374 /* /Users/aimac/Development/FloppyTurd/FloppyTurd/MetalTextRenderer.mm */ = {isa = PBXFileReference; explicitFileType = sourcecode.cpp.objcpp; fileEncoding = 4; name = MetalTextRenderer.mm; path = FloppyTurd/MetalTextRenderer.mm; sourceTree = SOURCE_ROOT; };
		D077A7F603AB4D868CACF7E1 /* /Users/aimac/Development/FloppyTurd/FloppyTurd/GameStats.cpp */ = {isa = PBXFileReference; explicitFileType = sourcecode.cpp.cpp; fileEncoding = 4; name = GameStats.cpp; path = FloppyTurd/GameStats.cpp; sourceTree = SOURCE_ROOT; };
		D321192E98814C1EB1EB3FB5 /* /Users/aimac/Development/FloppyTurd/FloppyTurd/Assets.xcassets */ = {isa = PBXFileReference; fileEncoding = 4; lastKnownFileType = folder.assetcatalog; name = Assets.xcassets; path = FloppyTurd/Assets.xcassets; sourceTree = SOURCE_ROOT; };
		D59C3367A2E143C1B8622FE8 /* /Users/aimac/Development/FloppyTurd/FloppyTurd/DesertLevel.cpp */ = {isa = PBXFileReference; explicitFileType = sourcecode.cpp.cpp; fileEncoding = 4; name = DesertLevel.cpp; path = FloppyTurd/DesertLevel.cpp; sourceTree = SOURCE_ROOT; };
		D8A57C56D51C4191B95FB5FF /* /Users/aimac/Development/FloppyTurd/FloppyTurd/ResourceManager.cpp */ = {isa = PBXFileReference; explicitFileType = sourcecode.cpp.cpp; fileEncoding = 4; name = ResourceManager.cpp; path = FloppyTurd/ResourceManager.cpp; sourceTree = SOURCE_ROOT; };
		DA5B97DFE32B40F2A1811890 /* /Users/aimac/Development/FloppyTurd/FloppyTurd/LevelManager.cpp */ = {isa = PBXFileReference; explicitFileType = sourcecode.cpp.cpp; fileEncoding = 4; name = LevelManager.cpp; path = FloppyTurd/LevelManager.cpp; sourceTree = SOURCE_ROOT; };
		E0366AC6A8524EC481A6D987 /* /Users/aimac/Development/FloppyTurd/FloppyTurd/Bird.cpp */ = {isa = PBXFileReference; explicitFileType = sourcecode.cpp.cpp; fileEncoding = 4; name = Bird.cpp; path = FloppyTurd/Bird.cpp; sourceTree = SOURCE_ROOT; };
		E0D0743E2EC34CB0914128A3 /* /Users/aimac/Development/FloppyTurd/FloppyTurd/RaylibCompat_iOS.mm */ = {isa = PBXFileReference; explicitFileType = sourcecode.cpp.objcpp; fileEncoding = 4; name = RaylibCompat_iOS.mm; path = FloppyTurd/RaylibCompat_iOS.mm; sourceTree = SOURCE_ROOT; };
		E34334D7C3014B9BBF17783D /* /Users/aimac/Development/FloppyTurd/FloppyTurd/GameLog.mm */ = {isa = PBXFileReference; explicitFileType = sourcecode.cpp.objcpp; fileEncoding = 4; name = GameLog.mm; path = FloppyTurd/GameLog.mm; sourceTree = SOURCE_ROOT; };
		E57B4DEF0F78427394917753 /* /Users/aimac/Development/FloppyTurd/FloppyTurd/AudioClip.cpp */ = {isa = PBXFileReference; explicitFileType = sourcecode.cpp.cpp; fileEncoding = 4; name = AudioClip.cpp; path = FloppyTurd/AudioClip.cpp; sourceTree = SOURCE_ROOT; };
		E706A2E39640424A8BA01702 /* /Users/aimac/Development/FloppyTurd/CMakeLists.txt */ = {isa = PBXFileReference; explicitFileType = sourcecode.text; fileEncoding = 4; name = CMakeLists.txt; path = CMakeLists.txt; sourceTree = SOURCE_ROOT; };
		E8715D66194F4A4184443300 /* /Users/aimac/Development/FloppyTurd/FloppyTurd/SoundManager.cpp */ = {isa = PBXFileReference; explicitFileType = sourcecode.cpp.cpp; fileEncoding = 4; name = SoundManager.cpp; path = FloppyTurd/SoundManager.cpp; sourceTree = SOURCE_ROOT; };
		E922391FA9F64842815D4D54 /* /Users/aimac/Development/FloppyTurd/FloppyTurd/AnimatedLayer.cpp */ = {isa = PBXFileReference; explicitFileType = sourcecode.cpp.cpp; fileEncoding = 4; name = AnimatedLayer.cpp; path = FloppyTurd/AnimatedLayer.cpp; sourceTree = SOURCE_ROOT; };
		E9B5E60D53304663BF15F842 /* /Users/aimac/Development/FloppyTurd/FloppyTurd/ParkLevel.cpp */ = {isa = PBXFileReference; explicitFileType = sourcecode.cpp.cpp; fileEncoding = 4; name = ParkLevel.cpp; path = FloppyTurd/ParkLevel.cpp; sourceTree = SOURCE_ROOT; };
		ECD6EDB79E59405C94784D94 /* /Users/aimac/Development/FloppyTurd/FloppyTurd/SnowmanEnemy.cpp */ = {isa = PBXFileReference; explicitFileType = sourcecode.cpp.cpp; fileEncoding = 4; name = SnowmanEnemy.cpp; path = FloppyTurd/SnowmanEnemy.cpp; sourceTree = SOURCE_ROOT; };
		ED188E09C51D4C5DBE6081A7 /* /Users/aimac/Development/FloppyTurd/FloppyTurd/Boss.cpp */ = {isa = PBXFileReference; explicitFileType = sourcecode.cpp.cpp; fileEncoding = 4; name = Boss.cpp; path = FloppyTurd/Boss.cpp; sourceTree = SOURCE_ROOT; };
		F0AD65793BD149439462BFBE /* /Users/aimac/Development/FloppyTurd/FloppyTurd/iOS/AppDelegate.mm */ = {isa = PBXFileReference; explicitFileType = sourcecode.cpp.objcpp; fileEncoding = 4; name = AppDelegate.mm; path = FloppyTurd/iOS/AppDelegate.mm; sourceTree = SOURCE_ROOT; };
		F26684B79294496EAEB24AD6 /* /Users/aimac/Development/FloppyTurd/FloppyTurd/MetalShader.mm */ = {isa = PBXFileReference; explicitFileType = sourcecode.cpp.objcpp; fileEncoding = 4; name = MetalShader.mm; path = FloppyTurd/MetalShader.mm; sourceTree = SOURCE_ROOT; };
		FAA42319D26C4CFE8C5661A7 /* /Users/aimac/Development/FloppyTurd/FloppyTurd/PickUp.cpp */ = {isa = PBXFileReference; explicitFileType = sourcecode.cpp.cpp; fileEncoding = 4; name = PickUp.cpp; path = FloppyTurd/PickUp.cpp; sourceTree = SOURCE_ROOT; };
		FD39635D6FFD4CA7B756E891 /* FloppyTurd */ = {isa = PBXFileReference; explicitFileType = "compiled.mach-o.executable"; path = FloppyTurd; sourceTree = BUILT_PRODUCTS_DIR; };
		FF181318EDC3471C856A75E2 /* /Users/aimac/Development/FloppyTurd/FloppyTurd/MetalFrameResources.mm */ = {isa = PBXFileReference; explicitFileType = sourcecode.cpp.objcpp; fileEncoding = 4; name = MetalFrameResources.mm; path = FloppyTurd/MetalFrameResources.mm; sourceTree = SOURCE_ROOT; };
/* End PBXFileReference section */

/* Begin PBXFrameworksBuildPhase section */
		ED8157B3272A471FB7CF93BA /* Frameworks */ = {
			isa = PBXFrameworksBuildPhase;
			buildActionMask = 2147483647;
			files = (
			);
			runOnlyForDeploymentPostprocessing = 0;
		};
/* End PBXFrameworksBuildPhase section */

/* Begin PBXGroup section */
		6EE507906E544E2FB5BB4F5B /* Source Files */ = {
			isa = PBXGroup;
			children = (
				326660D6833B4F93ADADD675 /* /Users/aimac/Development/FloppyTurd/FloppyTurd/AIGUI.cpp */,
				E922391FA9F64842815D4D54 /* /Users/aimac/Development/FloppyTurd/FloppyTurd/AnimatedLayer.cpp */,
				69F9A15582A945F3808A5B0D /* /Users/aimac/Development/FloppyTurd/FloppyTurd/AnimatedParallaxLayer.cpp */,
				E57B4DEF0F78427394917753 /* /Users/aimac/Development/FloppyTurd/FloppyTurd/AudioClip.cpp */,
				2FA0269C028B43BD96C61E7B /* /Users/aimac/Development/FloppyTurd/FloppyTurd/AudioManager.cpp */,
				25FB8C69DD544BC7B3DC74E4 /* /Users/aimac/Development/FloppyTurd/FloppyTurd/AudioStateManager.mm */,
				E0366AC6A8524EC481A6D987 /* /Users/aimac/Development/FloppyTurd/FloppyTurd/Bird.cpp */,
				ED188E09C51D4C5DBE6081A7 /* /Users/aimac/Development/FloppyTurd/FloppyTurd/Boss.cpp */,
				2C0E8DB1FE6D458198612F53 /* /Users/aimac/Development/FloppyTurd/FloppyTurd/BossHealthBar.cpp */,
				9A1E4D104F824E5CB06C1B1B /* /Users/aimac/Development/FloppyTurd/FloppyTurd/BossLevel.cpp */,
				42A961CA80604F919A0F45C3 /* /Users/aimac/Development/FloppyTurd/FloppyTurd/BrickWall.cpp */,
				65B4DC652A2940A485AB592E /* /Users/aimac/Development/FloppyTurd/FloppyTurd/Cactus.cpp */,
				10847EDA4B0A40C2B56AFC2F /* /Users/aimac/Development/FloppyTurd/FloppyTurd/CameraSystem.cpp */,
				5B803E694D1C4C5F8E738C6A /* /Users/aimac/Development/FloppyTurd/FloppyTurd/CastleLevel.cpp */,
				3919F2DA98D14311B73A9C90 /* /Users/aimac/Development/FloppyTurd/FloppyTurd/Coin.cpp */,
				07E07D986A5549B4B5A0E338 /* /Users/aimac/Development/FloppyTurd/FloppyTurd/CoinType.cpp */,
				4E049C0F509449BE8420F57C /* /Users/aimac/Development/FloppyTurd/FloppyTurd/Credits.cpp */,
				D59C3367A2E143C1B8622FE8 /* /Users/aimac/Development/FloppyTurd/FloppyTurd/DesertLevel.cpp */,
				95D7AFD3772B41F0878BA843 /* /Users/aimac/Development/FloppyTurd/FloppyTurd/Enemy.cpp */,
				72EB990D4B2D4A9E9FE2623B /* /Users/aimac/Development/FloppyTurd/FloppyTurd/Explosion.cpp */,
				BE454B0B53614539997FEABD /* /Users/aimac/Development/FloppyTurd/FloppyTurd/Game.cpp */,
				E34334D7C3014B9BBF17783D /* /Users/aimac/Development/FloppyTurd/FloppyTurd/GameLog.mm */,
				D077A7F603AB4D868CACF7E1 /* /Users/aimac/Development/FloppyTurd/FloppyTurd/GameStats.cpp */,
				ABF5774B53154991B4349A28 /* /Users/aimac/Development/FloppyTurd/FloppyTurd/GoldToilets.cpp */,
				1D2417932DF64E129B267144 /* /Users/aimac/Development/FloppyTurd/FloppyTurd/Hat.cpp */,
				026F9BB1EDA94AB087DD671F /* /Users/aimac/Development/FloppyTurd/FloppyTurd/Level.cpp */,
				DA5B97DFE32B40F2A1811890 /* /Users/aimac/Development/FloppyTurd/FloppyTurd/LevelManager.cpp */,
				B4ACAADCD00749B7B3D63AF7 /* /Users/aimac/Development/FloppyTurd/FloppyTurd/Loading.cpp */,
				440224A37DD24727BBC7C913 /* /Users/aimac/Development/FloppyTurd/FloppyTurd/LogManager.mm */,
				2209F31F0E75497DBEB96088 /* /Users/aimac/Development/FloppyTurd/FloppyTurd/MainMenu.cpp */,
				8EBDAF39E34644B99B5BCDE5 /* /Users/aimac/Development/FloppyTurd/FloppyTurd/MenuButton.cpp */,
				FF181318EDC3471C856A75E2 /* /Users/aimac/Development/FloppyTurd/FloppyTurd/MetalFrameResources.mm */,
				B489D0A11F284461947E4A86 /* /Users/aimac/Development/FloppyTurd/FloppyTurd/MetalRenderer.mm */,
				F26684B79294496EAEB24AD6 /* /Users/aimac/Development/FloppyTurd/FloppyTurd/MetalShader.mm */,
				C71BF39147D643878759B374 /* /Users/aimac/Development/FloppyTurd/FloppyTurd/MetalTextRenderer.mm */,
				505D0DE06EAC4B91B8F9DF32 /* /Users/aimac/Development/FloppyTurd/FloppyTurd/MetalTexture.mm */,
				874479F3CD974582AB9D9438 /* /Users/aimac/Development/FloppyTurd/FloppyTurd/MetalTextureCache.mm */,
				8299AB571B874ECAB6738DF4 /* /Users/aimac/Development/FloppyTurd/FloppyTurd/Obstacle.cpp */,
				08B39B5CD4524E9AB1D1B73D /* /Users/aimac/Development/FloppyTurd/FloppyTurd/Outhouse.cpp */,
				411F15AE05494A4BABE65EB8 /* /Users/aimac/Development/FloppyTurd/FloppyTurd/ParallaxLayer.cpp */,
				E9B5E60D53304663BF15F842 /* /Users/aimac/Development/FloppyTurd/FloppyTurd/ParkLevel.cpp */,
				BDF42F3F05564B88A820AB7A /* /Users/aimac/Development/FloppyTurd/FloppyTurd/PerformanceProfiler.cpp */,
				FAA42319D26C4CFE8C5661A7 /* /Users/aimac/Development/FloppyTurd/FloppyTurd/PickUp.cpp */,
				3204B15FA35C4FB1BFD3DC51 /* /Users/aimac/Development/FloppyTurd/FloppyTurd/PlatformLayer.mm */,
				3F78B295015C446E80308B57 /* /Users/aimac/Development/FloppyTurd/FloppyTurd/PlatformLayerDelegate.mm */,
				06EF51268EEB49ECB0205749 /* /Users/aimac/Development/FloppyTurd/FloppyTurd/Player.cpp */,
				C54902CC89024F0289FF77F2 /* /Users/aimac/Development/FloppyTurd/FloppyTurd/Playing.cpp */,
				2E708ED53CE148DF836F8F43 /* /Users/aimac/Development/FloppyTurd/FloppyTurd/PoopHeart.cpp */,
				432C00A8CCB24E458E0EE165 /* /Users/aimac/Development/FloppyTurd/FloppyTurd/Projectile.cpp */,
				882DC57CB122413198B309EB /* /Users/aimac/Development/FloppyTurd/FloppyTurd/RatCopter.cpp */,
				3E125E149D7848D08F7E2A52 /* /Users/aimac/Development/FloppyTurd/FloppyTurd/RatKing.cpp */,
				10E1278542E74B039350C85B /* /Users/aimac/Development/FloppyTurd/FloppyTurd/RaylibCompat.mm */,
				E0D0743E2EC34CB0914128A3 /* /Users/aimac/Development/FloppyTurd/FloppyTurd/RaylibCompat_iOS.mm */,
				D8A57C56D51C4191B95FB5FF /* /Users/aimac/Development/FloppyTurd/FloppyTurd/ResourceManager.cpp */,
				9C8D49C9B9B749D888AF94F1 /* /Users/aimac/Development/FloppyTurd/FloppyTurd/SewerLevel.cpp */,
				76139341AA174675A8E3A37E /* /Users/aimac/Development/FloppyTurd/FloppyTurd/SewerPipe.cpp */,
				A44114668FF0495190F68955 /* /Users/aimac/Development/FloppyTurd/FloppyTurd/SnowLevel.cpp */,
				743B731B632A493F9FCA82E4 /* /Users/aimac/Development/FloppyTurd/FloppyTurd/SnowOverlay.cpp */,
				42334FE03EFA46C8BB8020AA /* /Users/aimac/Development/FloppyTurd/FloppyTurd/SnowballProjectile.cpp */,
				ECD6EDB79E59405C94784D94 /* /Users/aimac/Development/FloppyTurd/FloppyTurd/SnowmanEnemy.cpp */,
				2C7B2A0F5B0348278F07E2A0 /* /Users/aimac/Development/FloppyTurd/FloppyTurd/SoundEffect.cpp */,
				E8715D66194F4A4184443300 /* /Users/aimac/Development/FloppyTurd/FloppyTurd/SoundManager.cpp */,
				53C467740660455597363020 /* /Users/aimac/Development/FloppyTurd/FloppyTurd/SpikeBall.cpp */,
				1BF600E7085C4CA4BFA74728 /* /Users/aimac/Development/FloppyTurd/FloppyTurd/Sprite.cpp */,
				A2F4F1B96F1543BCB13E49C7 /* /Users/aimac/Development/FloppyTurd/FloppyTurd/StaticLayer.cpp */,
				148E42E077FD46F9ADA38AF2 /* /Users/aimac/Development/FloppyTurd/FloppyTurd/TextureAtlas.cpp */,
				A36FD88CE716457E8AFCE5B9 /* /Users/aimac/Development/FloppyTurd/FloppyTurd/TextureCache.cpp */,
				41CC097ED8D642E5A42A1006 /* /Users/aimac/Development/FloppyTurd/FloppyTurd/ToiletPair.cpp */,
				6112D8D2960247E5BBD2343E /* /Users/aimac/Development/FloppyTurd/FloppyTurd/ToiletPaper.cpp */,
				6BEC2053E44A4BC084EE523A /* /Users/aimac/Development/FloppyTurd/FloppyTurd/ToiletPaperProjectile.cpp */,
				7DD324A71A5F4272BBF7A94B /* /Users/aimac/Development/FloppyTurd/FloppyTurd/TouchControls.cpp */,
				1395DA03DB5443FA8290A3B2 /* /Users/aimac/Development/FloppyTurd/FloppyTurd/UIManager.cpp */,
				092F3034D03C4B568929C524 /* /Users/aimac/Development/FloppyTurd/FloppyTurd/Window.cpp */,
				F0AD65793BD149439462BFBE /* /Users/aimac/Development/FloppyTurd/FloppyTurd/iOS/AppDelegate.mm */,
				67ED1229DEA74BC4B5896E89 /* /Users/aimac/Development/FloppyTurd/FloppyTurd/iOS/GameViewController.mm */,
				A25192B83C9A4BF8BA06DF48 /* /Users/aimac/Development/FloppyTurd/FloppyTurd/iOS/HapticsManager.mm */,
				96EFA7AB64AE4F8DA5D0EDF9 /* /Users/aimac/Development/FloppyTurd/FloppyTurd/main_ios.mm */,
			);
			name = "Source Files";
			sourceTree = "<group>";
		};
		A495C2BF963F4D0C9A64DFDF /* Products */ = {
			isa = PBXGroup;
			children = (
				FD39635D6FFD4CA7B756E891 /* FloppyTurd */,
			);
			name = Products;
			sourceTree = "<group>";
		};
		A6D12ABFA6404A7D9CED4A07 /* Resources */ = {
			isa = PBXGroup;
			children = (
			);
			name = Resources;
			sourceTree = "<group>";
		};
		AA648EF3430A4105A0A54530 /* FloppyTurd */ = {
			isa = PBXGroup;
			children = (
				6EE507906E544E2FB5BB4F5B /* Source Files */,
				D1B720D2BDD349D9B52CBDFC /* Resources */,
				E706A2E39640424A8BA01702 /* /Users/aimac/Development/FloppyTurd/CMakeLists.txt */,
				AFD9803780624ABC8E6F248E /* /Users/aimac/Development/FloppyTurd/FloppyTurd/Shaders2D.metal */,
			);
			name = FloppyTurd;
			sourceTree = "<group>";
		};
		B14AF1FA34F24934B659ACD2 /* ALL_BUILD */ = {
			isa = PBXGroup;
			children = (
				F561E7A6D08747CA94FD2B5B /* CMake Rules */,
				95185127C96241528B844922 /* /Users/aimac/Development/FloppyTurd/CMakeLists.txt */,
			);
			name = ALL_BUILD;
			sourceTree = "<group>";
		};
		CFAFFC231F684EF185B06941 /* Frameworks */ = {
			isa = PBXGroup;
			children = (
			);
			name = Frameworks;
			sourceTree = "<group>";
		};
		D026744F1A634CDA95E3963E = {
			isa = PBXGroup;
			children = (
				AA648EF3430A4105A0A54530 /* FloppyTurd */,
				B14AF1FA34F24934B659ACD2 /* ALL_BUILD */,
				A495C2BF963F4D0C9A64DFDF /* Products */,
				CFAFFC231F684EF185B06941 /* Frameworks */,
				A6D12ABFA6404A7D9CED4A07 /* Resources */,
			);
			sourceTree = "<group>";
		};
		D1B720D2BDD349D9B52CBDFC /* Resources */ = {
			isa = PBXGroup;
			children = (
				D321192E98814C1EB1EB3FB5 /* /Users/aimac/Development/FloppyTurd/FloppyTurd/Assets.xcassets */,
				7E0E91848C26417C9B37D41B /* /Users/aimac/Development/FloppyTurd/build_ios/CMakeFiles/FloppyTurd.dir/Info.plist */,
			);
			name = Resources;
			sourceTree = "<group>";
		};
		F561E7A6D08747CA94FD2B5B /* CMake Rules */ = {
			isa = PBXGroup;
			children = (
			);
			name = "CMake Rules";
			sourceTree = "<group>";
		};
/* End PBXGroup section */

/* Begin PBXNativeTarget section */
		8EFA9AA7BA22AECA1336F161 /* FloppyTurd */ = {
			isa = PBXNativeTarget;
			buildConfigurationList = 294456A0E8CD434E81CA2348 /* Build configuration list for PBXNativeTarget "FloppyTurd" */;
			buildPhases = (
				3B65F119560F08E4C38CD92B /* CMake PreBuild Rules */,
				87A0EB8CC4C846D58602A4DC /* Resources */,
				86FCCCAD5AF34734B8001908 /* Sources */,
				ED8157B3272A471FB7CF93BA /* Frameworks */,
			);
			buildRules = (
			);
			dependencies = (
				BD2DDEC0D1604FCF8E328707 /* PBXTargetDependency */,
			);
			name = FloppyTurd;
			productName = FloppyTurd;
			productReference = FD39635D6FFD4CA7B756E891 /* FloppyTurd */;
			productType = "com.apple.product-type.application";
		};
/* End PBXNativeTarget section */

/* Begin PBXProject section */
		D45F21EF9C844A0B9509C14E /* Project object */ = {
			isa = PBXProject;
			attributes = {
				BuildIndependentTargetsInParallel = YES;
				LastUpgradeCheck = 1620;
			};
			buildConfigurationList = 719B061DB01E49EB9206CE38 /* Build configuration list for PBXProject "FloppyTurd" */;
			buildSettings = {
			};
			buildStyles = (
				2325EA6D75214FB9861EE77F /* Debug */,
				0409D1A059284533BCA1CAD8 /* Release */,
				FA77849F314F433A8695B9F0 /* MinSizeRel */,
				83A8113C72DE4E06999AA43F /* RelWithDebInfo */,
			);
			compatibilityVersion = "Xcode 3.2";
			hasScannedForEncodings = 0;
			mainGroup = D026744F1A634CDA95E3963E;
			projectDirPath = /Users/aimac/Development/FloppyTurd;
			projectRoot = "";
			targets = (
				5B099B38C254862E8781CD94 /* ALL_BUILD */,
				8EFA9AA7BA22AECA1336F161 /* FloppyTurd */,
				D9EF5759F53BF46D2676F7EB /* ZERO_CHECK */,
			);
		};
/* End PBXProject section */

/* Begin PBXShellScriptBuildPhase section */
		1F83846D7A70552451548AF3 /* Generate CMakeFiles/ZERO_CHECK */ = {
			isa = PBXShellScriptBuildPhase;
			alwaysOutOfDate = 1;
			buildActionMask = 2147483647;
			files = (
			);
			inputPaths = (
			);
			name = "Generate CMakeFiles/ZERO_CHECK";
			outputPaths = (
/Users/aimac/Development/FloppyTurd/build_ios/CMakeFiles/ZERO_CHECK			);
			runOnlyForDeploymentPostprocessing = 0;
			shellPath = /bin/sh;
			shellScript = "set -e
if test \"$CONFIGURATION\" = \"Debug\"; then :
  cd /Users/aimac/Development/FloppyTurd/build_ios
  make -f /Users/aimac/Development/FloppyTurd/build_ios/CMakeScripts/ReRunCMake.make
fi
if test \"$CONFIGURATION\" = \"Release\"; then :
  cd /Users/aimac/Development/FloppyTurd/build_ios
  make -f /Users/aimac/Development/FloppyTurd/build_ios/CMakeScripts/ReRunCMake.make
fi
if test \"$CONFIGURATION\" = \"MinSizeRel\"; then :
  cd /Users/aimac/Development/FloppyTurd/build_ios
  make -f /Users/aimac/Development/FloppyTurd/build_ios/CMakeScripts/ReRunCMake.make
fi
if test \"$CONFIGURATION\" = \"RelWithDebInfo\"; then :
  cd /Users/aimac/Development/FloppyTurd/build_ios
  make -f /Users/aimac/Development/FloppyTurd/build_ios/CMakeScripts/ReRunCMake.make
fi
";
			showEnvVarsInLog = 0;
		};
		3B65F119560F08E4C38CD92B /* CMake PreBuild Rules */ = {
			isa = PBXShellScriptBuildPhase;
			alwaysOutOfDate = 1;
			buildActionMask = 2147483647;
			files = (
			);
			name = "CMake PreBuild Rules";
			outputPaths = (
			);
			runOnlyForDeploymentPostprocessing = 0;
			shellPath = /bin/sh;
			shellScript = "set -e
if test \"$CONFIGURATION\" = \"Debug\"; then :
  cd /Users/aimac/Development/FloppyTurd/build_ios
  bash /Users/aimac/Development/FloppyTurd/scripts/generate_asset_catalog.sh
fi
if test \"$CONFIGURATION\" = \"Release\"; then :
  cd /Users/aimac/Development/FloppyTurd/build_ios
  bash /Users/aimac/Development/FloppyTurd/scripts/generate_asset_catalog.sh
fi
if test \"$CONFIGURATION\" = \"MinSizeRel\"; then :
  cd /Users/aimac/Development/FloppyTurd/build_ios
  bash /Users/aimac/Development/FloppyTurd/scripts/generate_asset_catalog.sh
fi
if test \"$CONFIGURATION\" = \"RelWithDebInfo\"; then :
  cd /Users/aimac/Development/FloppyTurd/build_ios
  bash /Users/aimac/Development/FloppyTurd/scripts/generate_asset_catalog.sh
fi
";
			showEnvVarsInLog = 0;
		};
		3C0110FC8322DE7E50886E21 = {
			isa = PBXShellScriptBuildPhase;
			buildActionMask = 2147483647;
			files = (
			);
			inputPaths = (
			);
			outputPaths = (
			);
			runOnlyForDeploymentPostprocessing = 0;
			shellPath = /bin/sh;
			shellScript = "# shell script goes here
exit 0";
			showEnvVarsInLog = 0;
		};
		9B50530E35CC49C82C2FACCF = {
			isa = PBXShellScriptBuildPhase;
			buildActionMask = 2147483647;
			files = (
			);
			inputPaths = (
			);
			outputPaths = (
			);
			runOnlyForDeploymentPostprocessing = 0;
			shellPath = /bin/sh;
			shellScript = "# shell script goes here
exit 0";
			showEnvVarsInLog = 0;
		};
		A216752C45B5C62AEA2A9DDC /* Generate CMakeFiles/ALL_BUILD */ = {
			isa = PBXShellScriptBuildPhase;
			alwaysOutOfDate = 1;
			buildActionMask = 2147483647;
			files = (
			);
			inputPaths = (
			);
			name = "Generate CMakeFiles/ALL_BUILD";
			outputPaths = (
/Users/aimac/Development/FloppyTurd/build_ios/CMakeFiles/ALL_BUILD			);
			runOnlyForDeploymentPostprocessing = 0;
			shellPath = /bin/sh;
			shellScript = "set -e
if test \"$CONFIGURATION\" = \"Debug\"; then :
  cd /Users/aimac/Development/FloppyTurd/build_ios
  echo Build\\ all\\ projects
fi
if test \"$CONFIGURATION\" = \"Release\"; then :
  cd /Users/aimac/Development/FloppyTurd/build_ios
  echo Build\\ all\\ projects
fi
if test \"$CONFIGURATION\" = \"MinSizeRel\"; then :
  cd /Users/aimac/Development/FloppyTurd/build_ios
  echo Build\\ all\\ projects
fi
if test \"$CONFIGURATION\" = \"RelWithDebInfo\"; then :
  cd /Users/aimac/Development/FloppyTurd/build_ios
  echo Build\\ all\\ projects
fi
";
			showEnvVarsInLog = 0;
		};
/* End PBXShellScriptBuildPhase section */

/* Begin PBXResourcesBuildPhase section */
		87A0EB8CC4C846D58602A4DC /* Resources */ = {
			isa = PBXResourcesBuildPhase;
			buildActionMask = 2147483647;
			files = (
				29A415934A984170B6E92AF2 /* /Users/aimac/Development/FloppyTurd/FloppyTurd/Assets.xcassets */,
				47AB77D63AF7424F8513E7FF /* /Users/aimac/Development/FloppyTurd/FloppyTurd/Shaders2D.metal */,
			);
			runOnlyForDeploymentPostprocessing = 0;
		};
/* End PBXResourcesBuildPhase section */

/* Begin PBXSourcesBuildPhase section */
		86FCCCAD5AF34734B8001908 /* Sources */ = {
			isa = PBXSourcesBuildPhase;
			buildActionMask = 2147483647;
			files = (
				45FE0921040B4CD499486F6B /* /Users/aimac/Development/FloppyTurd/FloppyTurd/AIGUI.cpp */,
				CF412CAB7FA347B0BFE6821B /* /Users/aimac/Development/FloppyTurd/FloppyTurd/AnimatedLayer.cpp */,
				5A3376A07F224F409010663F /* /Users/aimac/Development/FloppyTurd/FloppyTurd/AnimatedParallaxLayer.cpp */,
				57C2FA495CCC4ADA9F60A362 /* /Users/aimac/Development/FloppyTurd/FloppyTurd/AudioClip.cpp */,
				C3ABB7341B334AADA6AE5135 /* /Users/aimac/Development/FloppyTurd/FloppyTurd/AudioManager.cpp */,
				9EDF54988FF1415BA0A02B30 /* /Users/aimac/Development/FloppyTurd/FloppyTurd/AudioStateManager.mm */,
				64F9735E440442C4BAB34019 /* /Users/aimac/Development/FloppyTurd/FloppyTurd/Bird.cpp */,
				1366E0904A1E4AC2B5515885 /* /Users/aimac/Development/FloppyTurd/FloppyTurd/Boss.cpp */,
				A72B0088187248F88776C5B3 /* /Users/aimac/Development/FloppyTurd/FloppyTurd/BossHealthBar.cpp */,
				413406E603334C8885859ED6 /* /Users/aimac/Development/FloppyTurd/FloppyTurd/BossLevel.cpp */,
				04A9A935CF5B4C6CB4BD3E40 /* /Users/aimac/Development/FloppyTurd/FloppyTurd/BrickWall.cpp */,
				20ED2D2FD91F4F1798898B44 /* /Users/aimac/Development/FloppyTurd/FloppyTurd/Cactus.cpp */,
				CF0CFAFEA181466982405C2E /* /Users/aimac/Development/FloppyTurd/FloppyTurd/CameraSystem.cpp */,
				FE5F456F58714969BD46E461 /* /Users/aimac/Development/FloppyTurd/FloppyTurd/CastleLevel.cpp */,
				F05D8D26955D454C9A985F7E /* /Users/aimac/Development/FloppyTurd/FloppyTurd/Coin.cpp */,
				E3D0E5DFD4A34AD9974E4173 /* /Users/aimac/Development/FloppyTurd/FloppyTurd/CoinType.cpp */,
				8467B03F7F674496AB680C99 /* /Users/aimac/Development/FloppyTurd/FloppyTurd/Credits.cpp */,
				6A4BA734982943D78AFE44F3 /* /Users/aimac/Development/FloppyTurd/FloppyTurd/DesertLevel.cpp */,
				9925023D382D4910AA5A6DB7 /* /Users/aimac/Development/FloppyTurd/FloppyTurd/Enemy.cpp */,
				FFB515B35F674930866915DE /* /Users/aimac/Development/FloppyTurd/FloppyTurd/Explosion.cpp */,
				DF2D3B2DD0C547AEACE2576C /* /Users/aimac/Development/FloppyTurd/FloppyTurd/Game.cpp */,
				744CB825455C43878E67430B /* /Users/aimac/Development/FloppyTurd/FloppyTurd/GameLog.mm */,
				D6CD08DF76334D68B8811E83 /* /Users/aimac/Development/FloppyTurd/FloppyTurd/GameStats.cpp */,
				8AEAF77374FB43BA8B983507 /* /Users/aimac/Development/FloppyTurd/FloppyTurd/GoldToilets.cpp */,
				48050B5CC55C4845A3224FB4 /* /Users/aimac/Development/FloppyTurd/FloppyTurd/Hat.cpp */,
				E3BDB698B5CA4DC19100D4DC /* /Users/aimac/Development/FloppyTurd/FloppyTurd/Level.cpp */,
				B4AAC36B5CF946B7821EC491 /* /Users/aimac/Development/FloppyTurd/FloppyTurd/LevelManager.cpp */,
				64C734BA2CDC43C2A69E5A16 /* /Users/aimac/Development/FloppyTurd/FloppyTurd/Loading.cpp */,
				A7A8A6C8793A45B7B0FE6187 /* /Users/aimac/Development/FloppyTurd/FloppyTurd/LogManager.mm */,
				B1D812EC7A1F4D0A9B7B8003 /* /Users/aimac/Development/FloppyTurd/FloppyTurd/MainMenu.cpp */,
				B5737EF3101A48E1B16399D7 /* /Users/aimac/Development/FloppyTurd/FloppyTurd/MenuButton.cpp */,
				F318B94539D74D6083DC7F9A /* /Users/aimac/Development/FloppyTurd/FloppyTurd/MetalFrameResources.mm */,
				9D568B86A5D341A182AFE7E1 /* /Users/aimac/Development/FloppyTurd/FloppyTurd/MetalRenderer.mm */,
				FD7AE3422DA842D599B80317 /* /Users/aimac/Development/FloppyTurd/FloppyTurd/MetalShader.mm */,
				EDB3C7E4F29F4EC2B2237AD0 /* /Users/aimac/Development/FloppyTurd/FloppyTurd/MetalTextRenderer.mm */,
				9301BC76339940919E0F6A1A /* /Users/aimac/Development/FloppyTurd/FloppyTurd/MetalTexture.mm */,
				C9C2D9B932E9450DB035C5A2 /* /Users/aimac/Development/FloppyTurd/FloppyTurd/MetalTextureCache.mm */,
				A63E4B7129084696ACDC3CDD /* /Users/aimac/Development/FloppyTurd/FloppyTurd/Obstacle.cpp */,
				E123C8D2F50742CE9BA72F43 /* /Users/aimac/Development/FloppyTurd/FloppyTurd/Outhouse.cpp */,
				86CBE52A3EEF4F0C9FE4FCB8 /* /Users/aimac/Development/FloppyTurd/FloppyTurd/ParallaxLayer.cpp */,
				98AFF75F1A6B4145BF53D643 /* /Users/aimac/Development/FloppyTurd/FloppyTurd/ParkLevel.cpp */,
				C4493909DF624BFC84F5E640 /* /Users/aimac/Development/FloppyTurd/FloppyTurd/PerformanceProfiler.cpp */,
				E4595E52C46341989873E81D /* /Users/aimac/Development/FloppyTurd/FloppyTurd/PickUp.cpp */,
				0816CA9C410140909D5A05F8 /* /Users/aimac/Development/FloppyTurd/FloppyTurd/PlatformLayer.mm */,
				7E8A9DD6730A4DBDA1E02244 /* /Users/aimac/Development/FloppyTurd/FloppyTurd/PlatformLayerDelegate.mm */,
				52248FC37E8340A0A4FD3B1C /* /Users/aimac/Development/FloppyTurd/FloppyTurd/Player.cpp */,
				5A945B506FF64A708A9CE3B9 /* /Users/aimac/Development/FloppyTurd/FloppyTurd/Playing.cpp */,
				FB93BB72091A4D8292B23092 /* /Users/aimac/Development/FloppyTurd/FloppyTurd/PoopHeart.cpp */,
				F1CF546C52FA4577B1DC63FC /* /Users/aimac/Development/FloppyTurd/FloppyTurd/Projectile.cpp */,
				4BFB2553F55D4ACD89A60CD8 /* /Users/aimac/Development/FloppyTurd/FloppyTurd/RatCopter.cpp */,
				ACD407BB83DB419D8D202F8B /* /Users/aimac/Development/FloppyTurd/FloppyTurd/RatKing.cpp */,
				AEFB2965C4504635B1D39AE1 /* /Users/aimac/Development/FloppyTurd/FloppyTurd/RaylibCompat.mm */,
				4B6FC26BDEBB4FC5AB0B402A /* /Users/aimac/Development/FloppyTurd/FloppyTurd/RaylibCompat_iOS.mm */,
				6C58924A3D7446588ED9AEBA /* /Users/aimac/Development/FloppyTurd/FloppyTurd/ResourceManager.cpp */,
				508DD522BB0240EBBC7F4A7A /* /Users/aimac/Development/FloppyTurd/FloppyTurd/SewerLevel.cpp */,
				BC695495F26A4569A2512D3A /* /Users/aimac/Development/FloppyTurd/FloppyTurd/SewerPipe.cpp */,
				6FC4291737A848D39C059EDB /* /Users/aimac/Development/FloppyTurd/FloppyTurd/SnowLevel.cpp */,
				D97A0F0929264F279199B3D2 /* /Users/aimac/Development/FloppyTurd/FloppyTurd/SnowOverlay.cpp */,
				4263D08D91934127A06C0860 /* /Users/aimac/Development/FloppyTurd/FloppyTurd/SnowballProjectile.cpp */,
				BAA6BE8C622646ED8E038016 /* /Users/aimac/Development/FloppyTurd/FloppyTurd/SnowmanEnemy.cpp */,
				226DEDC261F64874A2782FD9 /* /Users/aimac/Development/FloppyTurd/FloppyTurd/SoundEffect.cpp */,
				02AE818488DB4C97AB37EE58 /* /Users/aimac/Development/FloppyTurd/FloppyTurd/SoundManager.cpp */,
				6C960A00EE89411E863C6600 /* /Users/aimac/Development/FloppyTurd/FloppyTurd/SpikeBall.cpp */,
				EA083661747E4E7E82238745 /* /Users/aimac/Development/FloppyTurd/FloppyTurd/Sprite.cpp */,
				AC87B44148204FF2A164D63C /* /Users/aimac/Development/FloppyTurd/FloppyTurd/StaticLayer.cpp */,
				8F504B5D307445E8B4BC9BA4 /* /Users/aimac/Development/FloppyTurd/FloppyTurd/TextureAtlas.cpp */,
				961E28E42D0A4DA99EF5D0CC /* /Users/aimac/Development/FloppyTurd/FloppyTurd/TextureCache.cpp */,
				903DEF927BF94A138242FA34 /* /Users/aimac/Development/FloppyTurd/FloppyTurd/ToiletPair.cpp */,
				20AFD3DFC14A4EB388E9FCE8 /* /Users/aimac/Development/FloppyTurd/FloppyTurd/ToiletPaper.cpp */,
				2D256407534B4C768B3BCE85 /* /Users/aimac/Development/FloppyTurd/FloppyTurd/ToiletPaperProjectile.cpp */,
				288AC796AA7A4CA08CAF83B6 /* /Users/aimac/Development/FloppyTurd/FloppyTurd/TouchControls.cpp */,
				4BB66FF04DC64D0DB3013466 /* /Users/aimac/Development/FloppyTurd/FloppyTurd/UIManager.cpp */,
				73DA56679F4E407D85F4FBA3 /* /Users/aimac/Development/FloppyTurd/FloppyTurd/Window.cpp */,
				692A0156599F4BC98C6B0B21 /* /Users/aimac/Development/FloppyTurd/FloppyTurd/iOS/AppDelegate.mm */,
				49CEA059FBAD4A0EBBC48215 /* /Users/aimac/Development/FloppyTurd/FloppyTurd/iOS/GameViewController.mm */,
				36B801FB5C1F4F82AF5E75AD /* /Users/aimac/Development/FloppyTurd/FloppyTurd/iOS/HapticsManager.mm */,
				3959681729794463BD9457A5 /* /Users/aimac/Development/FloppyTurd/FloppyTurd/main_ios.mm */,
			);
			runOnlyForDeploymentPostprocessing = 0;
		};
/* End PBXSourcesBuildPhase section */

/* Begin PBXTargetDependency section */
		BD2DDEC0D1604FCF8E328707 /* PBXTargetDependency */ = {
			isa = PBXTargetDependency;
			target = D9EF5759F53BF46D2676F7EB /* ZERO_CHECK */;
			targetProxy = 3CF5BDAB92244184B7D9DF51 /* PBXContainerItemProxy */;
		};
		BF1F9E5B206047AE99E97F60 /* PBXTargetDependency */ = {
			isa = PBXTargetDependency;
			target = 8EFA9AA7BA22AECA1336F161 /* FloppyTurd */;
			targetProxy = 76EBD3AB33BF4135A44C918D /* PBXContainerItemProxy */;
		};
		E6B1CCEAD02A46D7B49AFEBE /* PBXTargetDependency */ = {
			isa = PBXTargetDependency;
			target = D9EF5759F53BF46D2676F7EB /* ZERO_CHECK */;
			targetProxy = 4D9C7BABADAC46C9AC702840 /* PBXContainerItemProxy */;
		};
/* End PBXTargetDependency section */

/* Begin XCBuildConfiguration section */
		0EE2107E162949D4A2F8DE82 /* Debug */ = {
			isa = XCBuildConfiguration;
			buildSettings = {
				ALWAYS_SEARCH_USER_PATHS = NO;
				COMBINE_HIDPI_IMAGES = YES;
				GCC_GENERATE_DEBUGGING_SYMBOLS = YES;
				GCC_INLINES_ARE_PRIVATE_EXTERN = NO;
				GCC_OPTIMIZATION_LEVEL = 0;
				GCC_PREPROCESSOR_DEFINITIONS = ("'CMAKE_INTDIR=\"$(CONFIGURATION)$(EFFECTIVE_PLATFORM_NAME)\"'","$(inherited)");
				GCC_SYMBOLS_PRIVATE_EXTERN = NO;
				INSTALL_PATH = "";
				OTHER_LDFLAGS = ("","$(inherited)");
				OTHER_REZFLAGS = "";
				PRODUCT_NAME = ALL_BUILD;
				SECTORDER_FLAGS = "";
				USE_HEADERMAP = NO;
				WARNING_CFLAGS = ("$(inherited)");
			};
			name = Debug;
		};
		1116115FBF1744E19356470B /* MinSizeRel */ = {
			isa = XCBuildConfiguration;
			buildSettings = {
				ALWAYS_SEARCH_USER_PATHS = NO;
				ARCHS = arm64;
				BUNDLE_VERSION = 1.0.0;
				CODE_SIGNING_ALLOWED = YES;
				CODE_SIGNING_REQUIRED = YES;
				CODE_SIGN_IDENTITY = "Apple Development";
				CODE_SIGN_STYLE = Automatic;
				COMBINE_HIDPI_IMAGES = YES;
				CONFIGURATION_BUILD_DIR = "/Users/aimac/Development/FloppyTurd/build_ios/MinSizeRel${EFFECTIVE_PLATFORM_NAME}";
				DEVELOPMENT_TEAM = 86886N72J8;
				EXECUTABLE_PREFIX = "";
				EXECUTABLE_SUFFIX = "";
				GCC_GENERATE_DEBUGGING_SYMBOLS = NO;
				GCC_INLINES_ARE_PRIVATE_EXTERN = NO;
				GCC_OPTIMIZATION_LEVEL = s;
				GCC_PREPROCESSOR_DEFINITIONS = ("'CMAKE_INTDIR=\"$(CONFIGURATION)$(EFFECTIVE_PLATFORM_NAME)\"'",PLATFORM_IOS,__APPLE__,"'TARGET_OS_IOS=1'","$(inherited)");
				GCC_SYMBOLS_PRIVATE_EXTERN = NO;
				HEADER_SEARCH_PATHS = (/Users/aimac/Development/FloppyTurd/FloppyTurd,/Users/aimac/Development/FloppyTurd/FloppyTurd/iOS,/Users/aimac/Development/FloppyTurd/FloppyTurd/Shaders,"$(inherited)");
				INFOPLIST_FILE = /Users/aimac/Development/FloppyTurd/build_ios/CMakeFiles/FloppyTurd.dir/Info.plist;
				INSTALL_PATH = "";
				IPHONEOS_DEPLOYMENT_TARGET = 13.0;
				ONLY_ACTIVE_ARCH = NO;
				OTHER_CPLUSPLUSFLAGS = "    -DNDEBUG '-std=gnu++20' -Wall -Wextra -pedantic ";
				OTHER_LDFLAGS = (" -Wl,-search_paths_first -Wl,-headerpad_max_install_names","-framework Foundation","-framework UIKit","-framework Metal","-framework MetalKit","-framework MetalPerformanceShaders","-framework SpriteKit","-framework QuartzCore","-framework CoreGraphics","-framework CoreText","-framework CoreAudio","-framework AudioToolbox","-framework AVFoundation","-framework GameController","-framework ImageIO","-framework MobileCoreServices","-framework CoreHaptics","$(inherited)");
				OTHER_REZFLAGS = "";
				PRODUCT_BUNDLE_IDENTIFIER = com.floppyturd.game;
				PRODUCT_NAME = FloppyTurd;
				SECTORDER_FLAGS = "";
				TARGETED_DEVICE_FAMILY = "1,2";
				TARGET_TEMP_DIR = "/Users/aimac/Development/FloppyTurd/build_ios/build/FloppyTurd.build/$(CONFIGURATION)$(EFFECTIVE_PLATFORM_NAME)";
				UI_REQUIRED_DEVICE_CAPABILITIES = arm64;
				UI_SUPPORTED_INTERFACE_ORIENTATIONS = "UIInterfaceOrientationPortrait;UIInterfaceOrientationLandscapeLeft;UIInterfaceOrientationLandscapeRight";
				USE_HEADERMAP = NO;
				WARNING_CFLAGS = ("$(inherited)");
			};
			name = MinSizeRel;
		};
		1591BB1FAF0B49D38A8BDA5B /* MinSizeRel */ = {
			isa = XCBuildConfiguration;
			buildSettings = {
				ALWAYS_SEARCH_USER_PATHS = NO;
				COMBINE_HIDPI_IMAGES = YES;
				GCC_GENERATE_DEBUGGING_SYMBOLS = YES;
				GCC_INLINES_ARE_PRIVATE_EXTERN = NO;
				GCC_OPTIMIZATION_LEVEL = 0;
				GCC_PREPROCESSOR_DEFINITIONS = ("'CMAKE_INTDIR=\"$(CONFIGURATION)$(EFFECTIVE_PLATFORM_NAME)\"'","$(inherited)");
				GCC_SYMBOLS_PRIVATE_EXTERN = NO;
				INSTALL_PATH = "";
				OTHER_LDFLAGS = ("","$(inherited)");
				OTHER_REZFLAGS = "";
				PRODUCT_NAME = ALL_BUILD;
				SECTORDER_FLAGS = "";
				USE_HEADERMAP = NO;
				WARNING_CFLAGS = ("$(inherited)");
			};
			name = MinSizeRel;
		};
		47B45C9BAF974C26AF96D01A /* Debug */ = {
			isa = XCBuildConfiguration;
			buildSettings = {
				ALWAYS_SEARCH_USER_PATHS = NO;
				COMBINE_HIDPI_IMAGES = YES;
				GCC_GENERATE_DEBUGGING_SYMBOLS = YES;
				GCC_INLINES_ARE_PRIVATE_EXTERN = NO;
				GCC_OPTIMIZATION_LEVEL = 0;
				GCC_PREPROCESSOR_DEFINITIONS = ("'CMAKE_INTDIR=\"$(CONFIGURATION)$(EFFECTIVE_PLATFORM_NAME)\"'","$(inherited)");
				GCC_SYMBOLS_PRIVATE_EXTERN = NO;
				INSTALL_PATH = "";
				OTHER_LDFLAGS = ("","$(inherited)");
				OTHER_REZFLAGS = "";
				PRODUCT_NAME = ZERO_CHECK;
				SECTORDER_FLAGS = "";
				USE_HEADERMAP = NO;
				WARNING_CFLAGS = ("$(inherited)");
			};
			name = Debug;
		};
		5A8FB0DF66024520BFA6E8F9 /* Release */ = {
			isa = XCBuildConfiguration;
			buildSettings = {
				ALWAYS_SEARCH_USER_PATHS = NO;
				COMBINE_HIDPI_IMAGES = YES;
				GCC_GENERATE_DEBUGGING_SYMBOLS = YES;
				GCC_INLINES_ARE_PRIVATE_EXTERN = NO;
				GCC_OPTIMIZATION_LEVEL = 0;
				GCC_PREPROCESSOR_DEFINITIONS = ("'CMAKE_INTDIR=\"$(CONFIGURATION)$(EFFECTIVE_PLATFORM_NAME)\"'","$(inherited)");
				GCC_SYMBOLS_PRIVATE_EXTERN = NO;
				INSTALL_PATH = "";
				OTHER_LDFLAGS = ("","$(inherited)");
				OTHER_REZFLAGS = "";
				PRODUCT_NAME = ZERO_CHECK;
				SECTORDER_FLAGS = "";
				USE_HEADERMAP = NO;
				WARNING_CFLAGS = ("$(inherited)");
			};
			name = Release;
		};
		60EBB82288B842C7830EA827 /* Debug */ = {
			isa = XCBuildConfiguration;
			buildSettings = {
				ARCHS = arm64;
				"ARCHS[sdk=iphoneos*]" = arm64;
				CLANG_CXX_LIBRARY = "libc++";
				CLANG_ENABLE_OBJC_ARC = YES;
				CODE_SIGNING_ALLOWED = NO;
				CODE_SIGNING_REQUIRED = NO;
				ENABLE_BITCODE = NO;
				GCC_SYMBOLS_PRIVATE_EXTERN = YES;
				IPHONEOS_DEPLOYMENT_TARGET = 13.0;
				SDKROOT = /Applications/Xcode.app/Contents/Developer/Platforms/iPhoneOS.platform/Developer/SDKs/iPhoneOS18.2.sdk;
				SYMROOT = /Users/aimac/Development/FloppyTurd/build_ios/build;
				"VALID_ARCHS[sdk=iphoneos*]" = arm64;
			};
			name = Debug;
		};
		6156436F6AE94C338A7359B1 /* RelWithDebInfo */ = {
			isa = XCBuildConfiguration;
			buildSettings = {
				ALWAYS_SEARCH_USER_PATHS = NO;
				COMBINE_HIDPI_IMAGES = YES;
				GCC_GENERATE_DEBUGGING_SYMBOLS = YES;
				GCC_INLINES_ARE_PRIVATE_EXTERN = NO;
				GCC_OPTIMIZATION_LEVEL = 0;
				GCC_PREPROCESSOR_DEFINITIONS = ("'CMAKE_INTDIR=\"$(CONFIGURATION)$(EFFECTIVE_PLATFORM_NAME)\"'","$(inherited)");
				GCC_SYMBOLS_PRIVATE_EXTERN = NO;
				INSTALL_PATH = "";
				OTHER_LDFLAGS = ("","$(inherited)");
				OTHER_REZFLAGS = "";
				PRODUCT_NAME = ZERO_CHECK;
				SECTORDER_FLAGS = "";
				USE_HEADERMAP = NO;
				WARNING_CFLAGS = ("$(inherited)");
			};
			name = RelWithDebInfo;
		};
		65F43A9EFD254130B7536165 /* Release */ = {
			isa = XCBuildConfiguration;
			buildSettings = {
				ALWAYS_SEARCH_USER_PATHS = NO;
				ARCHS = arm64;
				BUNDLE_VERSION = 1.0.0;
				CODE_SIGNING_ALLOWED = YES;
				CODE_SIGNING_REQUIRED = YES;
				CODE_SIGN_IDENTITY = "Apple Development";
				CODE_SIGN_STYLE = Automatic;
				COMBINE_HIDPI_IMAGES = YES;
				CONFIGURATION_BUILD_DIR = "/Users/aimac/Development/FloppyTurd/build_ios/Release${EFFECTIVE_PLATFORM_NAME}";
				DEVELOPMENT_TEAM = 86886N72J8;
				EXECUTABLE_PREFIX = "";
				EXECUTABLE_SUFFIX = "";
				GCC_GENERATE_DEBUGGING_SYMBOLS = NO;
				GCC_INLINES_ARE_PRIVATE_EXTERN = NO;
				GCC_OPTIMIZATION_LEVEL = 3;
				GCC_PREPROCESSOR_DEFINITIONS = ("'CMAKE_INTDIR=\"$(CONFIGURATION)$(EFFECTIVE_PLATFORM_NAME)\"'",PLATFORM_IOS,__APPLE__,"'TARGET_OS_IOS=1'","$(inherited)");
				GCC_SYMBOLS_PRIVATE_EXTERN = NO;
				HEADER_SEARCH_PATHS = (/Users/aimac/Development/FloppyTurd/FloppyTurd,/Users/aimac/Development/FloppyTurd/FloppyTurd/iOS,/Users/aimac/Development/FloppyTurd/FloppyTurd/Shaders,"$(inherited)");
				INFOPLIST_FILE = /Users/aimac/Development/FloppyTurd/build_ios/CMakeFiles/FloppyTurd.dir/Info.plist;
				INSTALL_PATH = "";
				IPHONEOS_DEPLOYMENT_TARGET = 13.0;
				ONLY_ACTIVE_ARCH = NO;
				OTHER_CPLUSPLUSFLAGS = "    -DNDEBUG '-std=gnu++20' -Wall -Wextra -pedantic ";
				OTHER_LDFLAGS = (" -Wl,-search_paths_first -Wl,-headerpad_max_install_names","-framework Foundation","-framework UIKit","-framework Metal","-framework MetalKit","-framework MetalPerformanceShaders","-framework SpriteKit","-framework QuartzCore","-framework CoreGraphics","-framework CoreText","-framework CoreAudio","-framework AudioToolbox","-framework AVFoundation","-framework GameController","-framework ImageIO","-framework MobileCoreServices","-framework CoreHaptics","$(inherited)");
				OTHER_REZFLAGS = "";
				PRODUCT_BUNDLE_IDENTIFIER = com.floppyturd.game;
				PRODUCT_NAME = FloppyTurd;
				SECTORDER_FLAGS = "";
				TARGETED_DEVICE_FAMILY = "1,2";
				TARGET_TEMP_DIR = "/Users/aimac/Development/FloppyTurd/build_ios/build/FloppyTurd.build/$(CONFIGURATION)$(EFFECTIVE_PLATFORM_NAME)";
				UI_REQUIRED_DEVICE_CAPABILITIES = arm64;
				UI_SUPPORTED_INTERFACE_ORIENTATIONS = "UIInterfaceOrientationPortrait;UIInterfaceOrientationLandscapeLeft;UIInterfaceOrientationLandscapeRight";
				USE_HEADERMAP = NO;
				WARNING_CFLAGS = ("$(inherited)");
			};
			name = Release;
		};
		6744D8CAD07E4E289DB6132F /* RelWithDebInfo */ = {
			isa = XCBuildConfiguration;
			buildSettings = {
				ARCHS = arm64;
				"ARCHS[sdk=iphoneos*]" = arm64;
				CLANG_CXX_LIBRARY = "libc++";
				CLANG_ENABLE_OBJC_ARC = YES;
				CODE_SIGNING_ALLOWED = NO;
				CODE_SIGNING_REQUIRED = NO;
				ENABLE_BITCODE = NO;
				GCC_SYMBOLS_PRIVATE_EXTERN = YES;
				IPHONEOS_DEPLOYMENT_TARGET = 13.0;
				SDKROOT = /Applications/Xcode.app/Contents/Developer/Platforms/iPhoneOS.platform/Developer/SDKs/iPhoneOS18.2.sdk;
				SWIFT_COMPILATION_MODE = wholemodule;
				SYMROOT = /Users/aimac/Development/FloppyTurd/build_ios/build;
				"VALID_ARCHS[sdk=iphoneos*]" = arm64;
			};
			name = RelWithDebInfo;
		};
		6D775E5D3B45420ABF252A82 /* Debug */ = {
			isa = XCBuildConfiguration;
			buildSettings = {
				ALWAYS_SEARCH_USER_PATHS = NO;
				ARCHS = arm64;
				BUNDLE_VERSION = 1.0.0;
				CODE_SIGNING_ALLOWED = YES;
				CODE_SIGNING_REQUIRED = YES;
				CODE_SIGN_IDENTITY = "Apple Development";
				CODE_SIGN_STYLE = Automatic;
				COMBINE_HIDPI_IMAGES = YES;
				CONFIGURATION_BUILD_DIR = "/Users/aimac/Development/FloppyTurd/build_ios/Debug${EFFECTIVE_PLATFORM_NAME}";
				DEVELOPMENT_TEAM = 86886N72J8;
				EXECUTABLE_PREFIX = "";
				EXECUTABLE_SUFFIX = "";
				GCC_GENERATE_DEBUGGING_SYMBOLS = YES;
				GCC_INLINES_ARE_PRIVATE_EXTERN = NO;
				GCC_OPTIMIZATION_LEVEL = 0;
				GCC_PREPROCESSOR_DEFINITIONS = ("'CMAKE_INTDIR=\"$(CONFIGURATION)$(EFFECTIVE_PLATFORM_NAME)\"'",PLATFORM_IOS,__APPLE__,"'TARGET_OS_IOS=1'","$(inherited)");
				GCC_SYMBOLS_PRIVATE_EXTERN = NO;
				HEADER_SEARCH_PATHS = (/Users/aimac/Development/FloppyTurd/FloppyTurd,/Users/aimac/Development/FloppyTurd/FloppyTurd/iOS,/Users/aimac/Development/FloppyTurd/FloppyTurd/Shaders,"$(inherited)");
				INFOPLIST_FILE = /Users/aimac/Development/FloppyTurd/build_ios/CMakeFiles/FloppyTurd.dir/Info.plist;
				INSTALL_PATH = "";
				IPHONEOS_DEPLOYMENT_TARGET = 13.0;
				ONLY_ACTIVE_ARCH = NO;
				OTHER_CPLUSPLUSFLAGS = "   '-std=gnu++20' -Wall -Wextra -pedantic ";
				OTHER_LDFLAGS = (" -Wl,-search_paths_first -Wl,-headerpad_max_install_names","-framework Foundation","-framework UIKit","-framework Metal","-framework MetalKit","-framework MetalPerformanceShaders","-framework SpriteKit","-framework QuartzCore","-framework CoreGraphics","-framework CoreText","-framework CoreAudio","-framework AudioToolbox","-framework AVFoundation","-framework GameController","-framework ImageIO","-framework MobileCoreServices","-framework CoreHaptics","$(inherited)");
				OTHER_REZFLAGS = "";
				PRODUCT_BUNDLE_IDENTIFIER = com.floppyturd.game;
				PRODUCT_NAME = FloppyTurd;
				SECTORDER_FLAGS = "";
				TARGETED_DEVICE_FAMILY = "1,2";
				TARGET_TEMP_DIR = "/Users/aimac/Development/FloppyTurd/build_ios/build/FloppyTurd.build/$(CONFIGURATION)$(EFFECTIVE_PLATFORM_NAME)";
				UI_REQUIRED_DEVICE_CAPABILITIES = arm64;
				UI_SUPPORTED_INTERFACE_ORIENTATIONS = "UIInterfaceOrientationPortrait;UIInterfaceOrientationLandscapeLeft;UIInterfaceOrientationLandscapeRight";
				USE_HEADERMAP = NO;
				WARNING_CFLAGS = ("$(inherited)");
			};
			name = Debug;
		};
		8CF596BEBE464BCAA22ECC1C /* RelWithDebInfo */ = {
			isa = XCBuildConfiguration;
			buildSettings = {
				ALWAYS_SEARCH_USER_PATHS = NO;
				COMBINE_HIDPI_IMAGES = YES;
				GCC_GENERATE_DEBUGGING_SYMBOLS = YES;
				GCC_INLINES_ARE_PRIVATE_EXTERN = NO;
				GCC_OPTIMIZATION_LEVEL = 0;
				GCC_PREPROCESSOR_DEFINITIONS = ("'CMAKE_INTDIR=\"$(CONFIGURATION)$(EFFECTIVE_PLATFORM_NAME)\"'","$(inherited)");
				GCC_SYMBOLS_PRIVATE_EXTERN = NO;
				INSTALL_PATH = "";
				OTHER_LDFLAGS = ("","$(inherited)");
				OTHER_REZFLAGS = "";
				PRODUCT_NAME = ALL_BUILD;
				SECTORDER_FLAGS = "";
				USE_HEADERMAP = NO;
				WARNING_CFLAGS = ("$(inherited)");
			};
			name = RelWithDebInfo;
		};
		B22B0196A1584931A812A6AE /* Release */ = {
			isa = XCBuildConfiguration;
			buildSettings = {
				ARCHS = arm64;
				"ARCHS[sdk=iphoneos*]" = arm64;
				CLANG_CXX_LIBRARY = "libc++";
				CLANG_ENABLE_OBJC_ARC = YES;
				CODE_SIGNING_ALLOWED = NO;
				CODE_SIGNING_REQUIRED = NO;
				ENABLE_BITCODE = NO;
				GCC_SYMBOLS_PRIVATE_EXTERN = YES;
				IPHONEOS_DEPLOYMENT_TARGET = 13.0;
				SDKROOT = /Applications/Xcode.app/Contents/Developer/Platforms/iPhoneOS.platform/Developer/SDKs/iPhoneOS18.2.sdk;
				SWIFT_COMPILATION_MODE = wholemodule;
				SYMROOT = /Users/aimac/Development/FloppyTurd/build_ios/build;
				"VALID_ARCHS[sdk=iphoneos*]" = arm64;
			};
			name = Release;
		};
		B58F75C5BC8B44A2ABCA10CC /* Release */ = {
			isa = XCBuildConfiguration;
			buildSettings = {
				ALWAYS_SEARCH_USER_PATHS = NO;
				COMBINE_HIDPI_IMAGES = YES;
				GCC_GENERATE_DEBUGGING_SYMBOLS = YES;
				GCC_INLINES_ARE_PRIVATE_EXTERN = NO;
				GCC_OPTIMIZATION_LEVEL = 0;
				GCC_PREPROCESSOR_DEFINITIONS = ("'CMAKE_INTDIR=\"$(CONFIGURATION)$(EFFECTIVE_PLATFORM_NAME)\"'","$(inherited)");
				GCC_SYMBOLS_PRIVATE_EXTERN = NO;
				INSTALL_PATH = "";
				OTHER_LDFLAGS = ("","$(inherited)");
				OTHER_REZFLAGS = "";
				PRODUCT_NAME = ALL_BUILD;
				SECTORDER_FLAGS = "";
				USE_HEADERMAP = NO;
				WARNING_CFLAGS = ("$(inherited)");
			};
			name = Release;
		};
		BEA4576D6E4149D9A71F5D45 /* RelWithDebInfo */ = {
			isa = XCBuildConfiguration;
			buildSettings = {
				ALWAYS_SEARCH_USER_PATHS = NO;
				ARCHS = arm64;
				BUNDLE_VERSION = 1.0.0;
				CODE_SIGNING_ALLOWED = YES;
				CODE_SIGNING_REQUIRED = YES;
				CODE_SIGN_IDENTITY = "Apple Development";
				CODE_SIGN_STYLE = Automatic;
				COMBINE_HIDPI_IMAGES = YES;
				CONFIGURATION_BUILD_DIR = "/Users/aimac/Development/FloppyTurd/build_ios/RelWithDebInfo${EFFECTIVE_PLATFORM_NAME}";
				DEVELOPMENT_TEAM = 86886N72J8;
				EXECUTABLE_PREFIX = "";
				EXECUTABLE_SUFFIX = "";
				GCC_GENERATE_DEBUGGING_SYMBOLS = YES;
				GCC_INLINES_ARE_PRIVATE_EXTERN = NO;
				GCC_OPTIMIZATION_LEVEL = 2;
				GCC_PREPROCESSOR_DEFINITIONS = ("'CMAKE_INTDIR=\"$(CONFIGURATION)$(EFFECTIVE_PLATFORM_NAME)\"'",PLATFORM_IOS,__APPLE__,"'TARGET_OS_IOS=1'","$(inherited)");
				GCC_SYMBOLS_PRIVATE_EXTERN = NO;
				HEADER_SEARCH_PATHS = (/Users/aimac/Development/FloppyTurd/FloppyTurd,/Users/aimac/Development/FloppyTurd/FloppyTurd/iOS,/Users/aimac/Development/FloppyTurd/FloppyTurd/Shaders,"$(inherited)");
				INFOPLIST_FILE = /Users/aimac/Development/FloppyTurd/build_ios/CMakeFiles/FloppyTurd.dir/Info.plist;
				INSTALL_PATH = "";
				IPHONEOS_DEPLOYMENT_TARGET = 13.0;
				ONLY_ACTIVE_ARCH = NO;
				OTHER_CPLUSPLUSFLAGS = "       -DNDEBUG '-std=gnu++20' -Wall -Wextra -pedantic ";
				OTHER_LDFLAGS = (" -Wl,-search_paths_first -Wl,-headerpad_max_install_names","-framework Foundation","-framework UIKit","-framework Metal","-framework MetalKit","-framework MetalPerformanceShaders","-framework SpriteKit","-framework QuartzCore","-framework CoreGraphics","-framework CoreText","-framework CoreAudio","-framework AudioToolbox","-framework AVFoundation","-framework GameController","-framework ImageIO","-framework MobileCoreServices","-framework CoreHaptics","$(inherited)");
				OTHER_REZFLAGS = "";
				PRODUCT_BUNDLE_IDENTIFIER = com.floppyturd.game;
				PRODUCT_NAME = FloppyTurd;
				SECTORDER_FLAGS = "";
				TARGETED_DEVICE_FAMILY = "1,2";
				TARGET_TEMP_DIR = "/Users/aimac/Development/FloppyTurd/build_ios/build/FloppyTurd.build/$(CONFIGURATION)$(EFFECTIVE_PLATFORM_NAME)";
				UI_REQUIRED_DEVICE_CAPABILITIES = arm64;
				UI_SUPPORTED_INTERFACE_ORIENTATIONS = "UIInterfaceOrientationPortrait;UIInterfaceOrientationLandscapeLeft;UIInterfaceOrientationLandscapeRight";
				USE_HEADERMAP = NO;
				WARNING_CFLAGS = ("$(inherited)");
			};
			name = RelWithDebInfo;
		};
		C8D702979C224202B34495BB /* MinSizeRel */ = {
			isa = XCBuildConfiguration;
			buildSettings = {
				ALWAYS_SEARCH_USER_PATHS = NO;
				COMBINE_HIDPI_IMAGES = YES;
				GCC_GENERATE_DEBUGGING_SYMBOLS = YES;
				GCC_INLINES_ARE_PRIVATE_EXTERN = NO;
				GCC_OPTIMIZATION_LEVEL = 0;
				GCC_PREPROCESSOR_DEFINITIONS = ("'CMAKE_INTDIR=\"$(CONFIGURATION)$(EFFECTIVE_PLATFORM_NAME)\"'","$(inherited)");
				GCC_SYMBOLS_PRIVATE_EXTERN = NO;
				INSTALL_PATH = "";
				OTHER_LDFLAGS = ("","$(inherited)");
				OTHER_REZFLAGS = "";
				PRODUCT_NAME = ZERO_CHECK;
				SECTORDER_FLAGS = "";
				USE_HEADERMAP = NO;
				WARNING_CFLAGS = ("$(inherited)");
			};
			name = MinSizeRel;
		};
		E78F84C4BC654A0985B09171 /* MinSizeRel */ = {
			isa = XCBuildConfiguration;
			buildSettings = {
				ARCHS = arm64;
				"ARCHS[sdk=iphoneos*]" = arm64;
				CLANG_CXX_LIBRARY = "libc++";
				CLANG_ENABLE_OBJC_ARC = YES;
				CODE_SIGNING_ALLOWED = NO;
				CODE_SIGNING_REQUIRED = NO;
				ENABLE_BITCODE = NO;
				GCC_SYMBOLS_PRIVATE_EXTERN = YES;
				IPHONEOS_DEPLOYMENT_TARGET = 13.0;
				SDKROOT = /Applications/Xcode.app/Contents/Developer/Platforms/iPhoneOS.platform/Developer/SDKs/iPhoneOS18.2.sdk;
				SWIFT_COMPILATION_MODE = wholemodule;
				SYMROOT = /Users/aimac/Development/FloppyTurd/build_ios/build;
				"VALID_ARCHS[sdk=iphoneos*]" = arm64;
			};
			name = MinSizeRel;
		};
/* End XCBuildConfiguration section */

/* Begin XCConfigurationList section */
		1A6804B3554D41AF8C597DA0 /* Build configuration list for PBXAggregateTarget "ALL_BUILD" */ = {
			isa = XCConfigurationList;
			buildConfigurations = (
				0EE2107E162949D4A2F8DE82 /* Debug */,
				B58F75C5BC8B44A2ABCA10CC /* Release */,
				1591BB1FAF0B49D38A8BDA5B /* MinSizeRel */,
				8CF596BEBE464BCAA22ECC1C /* RelWithDebInfo */,
			);
			defaultConfigurationIsVisible = 0;
			defaultConfigurationName = Debug;
		};
		294456A0E8CD434E81CA2348 /* Build configuration list for PBXNativeTarget "FloppyTurd" */ = {
			isa = XCConfigurationList;
			buildConfigurations = (
				6D775E5D3B45420ABF252A82 /* Debug */,
				65F43A9EFD254130B7536165 /* Release */,
				1116115FBF1744E19356470B /* MinSizeRel */,
				BEA4576D6E4149D9A71F5D45 /* RelWithDebInfo */,
			);
			defaultConfigurationIsVisible = 0;
			defaultConfigurationName = Debug;
		};
		30652A1FD6FE4DA09643EA67 /* Build configuration list for PBXAggregateTarget "ZERO_CHECK" */ = {
			isa = XCConfigurationList;
			buildConfigurations = (
				47B45C9BAF974C26AF96D01A /* Debug */,
				5A8FB0DF66024520BFA6E8F9 /* Release */,
				C8D702979C224202B34495BB /* MinSizeRel */,
				6156436F6AE94C338A7359B1 /* RelWithDebInfo */,
			);
			defaultConfigurationIsVisible = 0;
			defaultConfigurationName = Debug;
		};
		719B061DB01E49EB9206CE38 /* Build configuration list for PBXProject "FloppyTurd" */ = {
			isa = XCConfigurationList;
			buildConfigurations = (
				60EBB82288B842C7830EA827 /* Debug */,
				B22B0196A1584931A812A6AE /* Release */,
				E78F84C4BC654A0985B09171 /* MinSizeRel */,
				6744D8CAD07E4E289DB6132F /* RelWithDebInfo */,
			);
			defaultConfigurationIsVisible = 0;
			defaultConfigurationName = Debug;
		};
/* End XCConfigurationList section */
	};
	rootObject = D45F21EF9C844A0B9509C14E /* Project object */;
}
