// !$*UTF8*$!
{
	archiveVersion = 1;
	classes = {
	};
	objectVersion = 46;
	objects = {

/* Begin PBXAggregateTarget section */
		5B099B38C254862E8781CD94 /* ALL_BUILD */ = {
			isa = PBXAggregateTarget;
			buildConfigurationList = 567F861D66C44C6B8F8C99EF /* Build configuration list for PBXAggregateTarget "ALL_BUILD" */;
			buildPhases = (
				A216752C45B5C62AEA2A9DDC /* Generate CMakeFiles/ALL_BUILD */,
			);
			dependencies = (
				A99AABF95A874B73A81F8657 /* PBXTargetDependency */,
				7810E2E7ED854306B25416FE /* PBXTargetDependency */,
				C5CE72C6BDDF422997644E7B /* PBXTargetDependency */,
			);
			name = ALL_BUILD;
			productName = ALL_BUILD;
		};
		D9EF5759F53BF46D2676F7EB /* ZERO_CHECK */ = {
			isa = PBXAggregateTarget;
			buildConfigurationList = 1999CEF53584439FADB800E0 /* Build configuration list for PBXAggregateTarget "ZERO_CHECK" */;
			buildPhases = (
				1F83846D7A70552451548AF3 /* Generate CMakeFiles/ZERO_CHECK */,
			);
			dependencies = (
			);
			name = ZERO_CHECK;
			productName = ZERO_CHECK;
		};
/* End PBXAggregateTarget section */

/* Begin PBXBuildFile section */
		007E32683AED4CF4B017BB6A /* /Users/aimac/Development/FloppyTurd/src/iOS/Logging/iOSLogHandler.swift */ = {isa = PBXBuildFile; fileRef = EE9C59E309444AD0A748F5A9 /* /Users/aimac/Development/FloppyTurd/src/iOS/Logging/iOSLogHandler.swift */; };
		08061D68B4D442249E365BF9 /* /Users/aimac/Development/FloppyTurd/src/FloppyTurd/Game/FloppyTurdGame.h */ = {isa = PBXBuildFile; fileRef = 9AAA71962F9442DDA3CBDE5B /* /Users/aimac/Development/FloppyTurd/src/FloppyTurd/Game/FloppyTurdGame.h */; };
		0DAF42A230564C0AA4D82E34 /* /Users/aimac/Development/FloppyTurd/src/FloppyTurd/States/MainMenuState.cpp */ = {isa = PBXBuildFile; fileRef = 091F35E6902E43ACBE3BFF0C /* /Users/aimac/Development/FloppyTurd/src/FloppyTurd/States/MainMenuState.cpp */; };
		1A3DC725BA414F32B976CA87 /* /Users/aimac/Development/FloppyTurd/src/Engine/Utility/Helper.h */ = {isa = PBXBuildFile; fileRef = 51B894D273C34F3D8728A566 /* /Users/aimac/Development/FloppyTurd/src/Engine/Utility/Helper.h */; };
		1B4742EF3A694C339931D85B /* /Users/aimac/Development/FloppyTurd/src/iOS/Rendering/MetalRenderer.swift */ = {isa = PBXBuildFile; fileRef = 33F724A7203D43EBA8F2F569 /* /Users/aimac/Development/FloppyTurd/src/iOS/Rendering/MetalRenderer.swift */; };
		209F8FF7A91A4EE1AB69014E /* /Users/aimac/Development/FloppyTurd/src/iOS/Threading/ThreadingSystem.swift */ = {isa = PBXBuildFile; fileRef = CB12269BC72C461280897CC7 /* /Users/aimac/Development/FloppyTurd/src/iOS/Threading/ThreadingSystem.swift */; };
		32117247F64248C5BC78264B /* /Users/aimac/Development/FloppyTurd/src/FloppyTurd/Systems/SpriteSystem.cpp */ = {isa = PBXBuildFile; fileRef = 4D660972FA534C6AB1BD8051 /* /Users/aimac/Development/FloppyTurd/src/FloppyTurd/Systems/SpriteSystem.cpp */; };
		34978BC6F75A4637816E706A /* /Users/aimac/Development/FloppyTurd/src/Engine/Core/SystemManager.cpp */ = {isa = PBXBuildFile; fileRef = 09BAF9B7A5E3445DBF90AFC8 /* /Users/aimac/Development/FloppyTurd/src/Engine/Core/SystemManager.cpp */; };
		35396C3455E047F289E0A41F /* /Users/aimac/Development/FloppyTurd/src/FloppyTurd/States/LoadingState.h */ = {isa = PBXBuildFile; fileRef = D2FB7F5701B04EF0992F74A6 /* /Users/aimac/Development/FloppyTurd/src/FloppyTurd/States/LoadingState.h */; };
		39E2E68D6E954538A5D50D9F /* /Users/aimac/Development/FloppyTurd/src/Engine/Core/System.h */ = {isa = PBXBuildFile; fileRef = 65AC29ACB2784517BE32F58F /* /Users/aimac/Development/FloppyTurd/src/Engine/Core/System.h */; };
		3E31538E7BC14106870B58AB /* /Users/aimac/Development/FloppyTurd/src/Engine/Core/GnosisTypes.h */ = {isa = PBXBuildFile; fileRef = 7DFA0918672346CBB91D46BF /* /Users/aimac/Development/FloppyTurd/src/Engine/Core/GnosisTypes.h */; };
		3E501788D9424181A0F3A809 /* /Users/aimac/Development/FloppyTurd/src/FloppyTurd/States/GameStateManager.cpp */ = {isa = PBXBuildFile; fileRef = FA8B7DF53E6C48298445A432 /* /Users/aimac/Development/FloppyTurd/src/FloppyTurd/States/GameStateManager.cpp */; };
		41D5A50C700941B599EB300C /* /Users/aimac/Development/FloppyTurd/build_ios/CMakeFiles/FloppyTurd.dir/Info.plist */ = {isa = PBXBuildFile; fileRef = EE742E94C5474F73B44A6400 /* /Users/aimac/Development/FloppyTurd/build_ios/CMakeFiles/FloppyTurd.dir/Info.plist */; };
		45FF21E03746467FBD843F75 /* /Users/aimac/Development/FloppyTurd/src/iOS/GameEngine.swift */ = {isa = PBXBuildFile; fileRef = F7B5B383CDFD4B6E8B1D3DF8 /* /Users/aimac/Development/FloppyTurd/src/iOS/GameEngine.swift */; };
		4A046E74287F4FEC95C0D102 /* /Users/aimac/Development/FloppyTurd/src/iOS/Threading/ThreadingProxy.h */ = {isa = PBXBuildFile; fileRef = 35DC76B2EB8C46E48F4FE15B /* /Users/aimac/Development/FloppyTurd/src/iOS/Threading/ThreadingProxy.h */; };
		50F5D9BAE1FC46C79502B6C2 /* /Users/aimac/Development/FloppyTurd/src/iOS/Threading/ThreadingProxy.cpp */ = {isa = PBXBuildFile; fileRef = 0E7A222DD73E42018E49164A /* /Users/aimac/Development/FloppyTurd/src/iOS/Threading/ThreadingProxy.cpp */; };
		5785FB3F990C4F59B248A661 /* /Users/aimac/Development/FloppyTurd/src/FloppyTurd/Game/FloppyTurdGame.cpp */ = {isa = PBXBuildFile; fileRef = 72E6CA27AE9E4DBFB111F8C6 /* /Users/aimac/Development/FloppyTurd/src/FloppyTurd/Game/FloppyTurdGame.cpp */; };
		5A66D374FDF24F80AAF542A5 /* /Users/aimac/Development/FloppyTurd/src/Engine/Platform/iOSPlatformImpl.h */ = {isa = PBXBuildFile; fileRef = 526512678F924420B4A717A0 /* /Users/aimac/Development/FloppyTurd/src/Engine/Platform/iOSPlatformImpl.h */; };
		5CCF91EC0B804E1ABFC2C3EA /* /Users/aimac/Development/FloppyTurd/src/Engine/Utility/Helper.cpp */ = {isa = PBXBuildFile; fileRef = 336B13C31EC44B5CBC19673C /* /Users/aimac/Development/FloppyTurd/src/Engine/Utility/Helper.cpp */; };
		63BEC50C15524695B99A89F3 /* /Users/aimac/Development/FloppyTurd/src/Engine/Core/Entity.h */ = {isa = PBXBuildFile; fileRef = F5E9F640A3C54E178C9CF999 /* /Users/aimac/Development/FloppyTurd/src/Engine/Core/Entity.h */; };
		63C83CAA459A42A894860F88 /* /Users/aimac/Development/FloppyTurd/src/Engine/Core/SystemManager.h */ = {isa = PBXBuildFile; fileRef = 81AB3D68F407416BB1077ECE /* /Users/aimac/Development/FloppyTurd/src/Engine/Core/SystemManager.h */; };
		77D05C8FD0A340578D61C041 /* /Users/aimac/Development/FloppyTurd/src/FloppyTurd/States/LoadingState.cpp */ = {isa = PBXBuildFile; fileRef = 9D0A73D013554AAEBAD38874 /* /Users/aimac/Development/FloppyTurd/src/FloppyTurd/States/LoadingState.cpp */; };
		7D359B474A1E4AF5BC23B5D6 /* /Users/aimac/Development/FloppyTurd/src/FloppyTurd/Systems/SpriteSystem.h */ = {isa = PBXBuildFile; fileRef = 9335E846B6294C18A23C627F /* /Users/aimac/Development/FloppyTurd/src/FloppyTurd/Systems/SpriteSystem.h */; };
		8AC2E90D112840F98BC7C972 /* /Users/aimac/Development/FloppyTurd/src/Engine/Core/GNLog.cpp */ = {isa = PBXBuildFile; fileRef = 61B28A593F5A443999E59717 /* /Users/aimac/Development/FloppyTurd/src/Engine/Core/GNLog.cpp */; };
		8F57FA7EF1B749BDBDF8A88B /* /Users/aimac/Development/FloppyTurd/src/Engine/Platform/PlatformDelegates.h */ = {isa = PBXBuildFile; fileRef = 2736053B286D4D5E80F5A546 /* /Users/aimac/Development/FloppyTurd/src/Engine/Platform/PlatformDelegates.h */; };
		9196CA6DD1B14AC59070C6C3 /* /Users/aimac/Development/FloppyTurd/src/assets/fonts/bitmap/Whacky_Joe.fnt */ = {isa = PBXBuildFile; fileRef = 091708A76A8E416A906AC28E /* /Users/aimac/Development/FloppyTurd/src/assets/fonts/bitmap/Whacky_Joe.fnt */; };
		93B07B82D55940D99F9FF3C7 /* /Users/aimac/Development/FloppyTurd/src/iOS/AppDelegate.swift */ = {isa = PBXBuildFile; fileRef = D367988127C14B03904E115A /* /Users/aimac/Development/FloppyTurd/src/iOS/AppDelegate.swift */; };
		96F55D30E60A4E74A1436602 /* /Users/aimac/Development/FloppyTurd/src/Engine/Platform/iOSPlatformImpl.cpp */ = {isa = PBXBuildFile; fileRef = F8F2A010DF0E405C8491FF28 /* /Users/aimac/Development/FloppyTurd/src/Engine/Platform/iOSPlatformImpl.cpp */; };
		9E7C37F85A1E4FDCA84B5FC2 /* /Users/aimac/Development/FloppyTurd/CMakeLists.txt */ = {isa = PBXBuildFile; fileRef = 27F5CEDD427747FC9C1314BA /* /Users/aimac/Development/FloppyTurd/CMakeLists.txt */; };
		9EB7A6DC8D28409D90B2BD65 /* /Users/aimac/Development/FloppyTurd/src/Engine/Core/GNLog.h */ = {isa = PBXBuildFile; fileRef = FB6B7CF3108F4715BFEBC618 /* /Users/aimac/Development/FloppyTurd/src/Engine/Core/GNLog.h */; };
		A8CE240AB37149C582D59C76 /* /Users/aimac/Development/FloppyTurd/src/iOS/Shaders/Shaders2D.metal */ = {isa = PBXBuildFile; fileRef = F283B2B82FF74BD1A90FE855 /* /Users/aimac/Development/FloppyTurd/src/iOS/Shaders/Shaders2D.metal */; };
		A93B3EFBA8604DBB8B24CD01 /* /Users/aimac/Development/FloppyTurd/src/FloppyTurd/States/GameState.h */ = {isa = PBXBuildFile; fileRef = 45E8FF16BE354802A32A3B81 /* /Users/aimac/Development/FloppyTurd/src/FloppyTurd/States/GameState.h */; };
		AE7B65D423244600962E5175 /* /Users/aimac/Development/FloppyTurd/src/Engine/Core/ECS.h */ = {isa = PBXBuildFile; fileRef = 6171AB1D22AD4388956FE4F2 /* /Users/aimac/Development/FloppyTurd/src/Engine/Core/ECS.h */; };
		B77B6B3494C44A5A971D6D79 /* /Users/aimac/Development/FloppyTurd/src/iOS/GameViewController.swift */ = {isa = PBXBuildFile; fileRef = 407C4121849E47A5AA4777CC /* /Users/aimac/Development/FloppyTurd/src/iOS/GameViewController.swift */; };
		BA813C95E9DE4DF4B5B4E901 /* /Users/aimac/Development/FloppyTurd/src/iOS/Audio/AVAudioHandler.swift */ = {isa = PBXBuildFile; fileRef = D8844DA8F16345E5A5E2AFD7 /* /Users/aimac/Development/FloppyTurd/src/iOS/Audio/AVAudioHandler.swift */; };
		BEC5E560F50249A69EC2DBB4 /* /Users/aimac/Development/FloppyTurd/src/Engine/Core/Component.h */ = {isa = PBXBuildFile; fileRef = 4A29C4AEF44748018DDC5566 /* /Users/aimac/Development/FloppyTurd/src/Engine/Core/Component.h */; };
		C3CE8B2B23B941AABF966FB8 /* /Users/aimac/Development/FloppyTurd/src/Assets.xcassets */ = {isa = PBXBuildFile; fileRef = D58C89E2722845F9AB51873D /* /Users/aimac/Development/FloppyTurd/src/Assets.xcassets */; };
		D6D225FCFA484011B1DF9DDE /* /Users/aimac/Development/FloppyTurd/CMakeLists.txt */ = {isa = PBXBuildFile; fileRef = 54FFA583B6BF4B759364F39A /* /Users/aimac/Development/FloppyTurd/CMakeLists.txt */; };
		DE558D9806444A819D39A4DD /* /Users/aimac/Development/FloppyTurd/build_ios/CMakeFiles/FloppyTurdGame.dir/Info.plist */ = {isa = PBXBuildFile; fileRef = F0A7B6A1244A4D95AC4D1CB1 /* /Users/aimac/Development/FloppyTurd/build_ios/CMakeFiles/FloppyTurdGame.dir/Info.plist */; };
		DED32F413BC74CD0A0C3A831 /* /Users/aimac/Development/FloppyTurd/src/FloppyTurd/States/MainMenuState.h */ = {isa = PBXBuildFile; fileRef = 51C4D4D2CA7347728B61C2A1 /* /Users/aimac/Development/FloppyTurd/src/FloppyTurd/States/MainMenuState.h */; };
		DFCF916698404B24B9F5CF04 /* /Users/aimac/Development/FloppyTurd/src/assets/fonts/bitmap/Whacky_Joe.ttf */ = {isa = PBXBuildFile; fileRef = 887C0D1ADC2041D5A820F581 /* /Users/aimac/Development/FloppyTurd/src/assets/fonts/bitmap/Whacky_Joe.ttf */; };
		EB2916681F644726B2D4980A /* /Users/aimac/Development/FloppyTurd/src/assets/fonts/bitmap/WhackyJoe_32.png */ = {isa = PBXBuildFile; fileRef = 0D4C25CECE3F4087A67FD16F /* /Users/aimac/Development/FloppyTurd/src/assets/fonts/bitmap/WhackyJoe_32.png */; };
		F2086A37A7C14E49BC2AB835 /* /Users/aimac/Development/FloppyTurd/src/iOS/Assets/AssetManager.swift */ = {isa = PBXBuildFile; fileRef = 3D28F5B1FC4948F6BB3A4B7E /* /Users/aimac/Development/FloppyTurd/src/iOS/Assets/AssetManager.swift */; };
		FA752D7E45EE4C97AA70905C /* /Users/aimac/Development/FloppyTurd/src/iOS/Input/TouchInputHandler.swift */ = {isa = PBXBuildFile; fileRef = 0AB249515DCC4F33B88F6BDB /* /Users/aimac/Development/FloppyTurd/src/iOS/Input/TouchInputHandler.swift */; };
		FB9841F7E5FF40DF81C074A7 /* /Users/aimac/Development/FloppyTurd/src/iOS/Rendering/MetalMatrixHelpers.swift */ = {isa = PBXBuildFile; fileRef = CB2D44D3E4694EB7B45BFD7B /* /Users/aimac/Development/FloppyTurd/src/iOS/Rendering/MetalMatrixHelpers.swift */; };
/* End PBXBuildFile section */

/* Begin PBXBuildStyle section */
		4DBF846F4F2843FFB79E9B22 /* Release */ = {
			isa = PBXBuildStyle;
			buildSettings = {
				COPY_PHASE_STRIP = NO;
			};
			name = Release;
		};
		A55369D65E9A4B08A15A7741 /* RelWithDebInfo */ = {
			isa = PBXBuildStyle;
			buildSettings = {
				COPY_PHASE_STRIP = NO;
			};
			name = RelWithDebInfo;
		};
		F41F89D3C05D4AF295B34DF8 /* MinSizeRel */ = {
			isa = PBXBuildStyle;
			buildSettings = {
				COPY_PHASE_STRIP = NO;
			};
			name = MinSizeRel;
		};
		F8A1BA0032B2412EA6B6814B /* Debug */ = {
			isa = PBXBuildStyle;
			buildSettings = {
				COPY_PHASE_STRIP = NO;
			};
			name = Debug;
		};
/* End PBXBuildStyle section */

/* Begin PBXContainerItemProxy section */
		04C19AE6FD224AF1A13121A9 /* PBXContainerItemProxy */ = {
			isa = PBXContainerItemProxy;
			containerPortal = 708561DCE6994099B52FA754 /* Project object */;
			proxyType = 1;
			remoteGlobalIDString = 0DE0C202AEDEA1EE745377B5;
			remoteInfo = FloppyTurdGame;
		};
		185DBF2DC7034CAC8B5E02EC /* PBXContainerItemProxy */ = {
			isa = PBXContainerItemProxy;
			containerPortal = 708561DCE6994099B52FA754 /* Project object */;
			proxyType = 1;
			remoteGlobalIDString = D9EF5759F53BF46D2676F7EB;
			remoteInfo = ZERO_CHECK;
		};
		3C53D802B3E54497A86F1F37 /* PBXContainerItemProxy */ = {
			isa = PBXContainerItemProxy;
			containerPortal = 708561DCE6994099B52FA754 /* Project object */;
			proxyType = 1;
			remoteGlobalIDString = D9EF5759F53BF46D2676F7EB;
			remoteInfo = ZERO_CHECK;
		};
		5E94CF8D3D84423AB50B478C /* PBXContainerItemProxy */ = {
			isa = PBXContainerItemProxy;
			containerPortal = 708561DCE6994099B52FA754 /* Project object */;
			proxyType = 1;
			remoteGlobalIDString = 0DE0C202AEDEA1EE745377B5;
			remoteInfo = FloppyTurdGame;
		};
		A12D78FDF62C40339FD813DE /* PBXContainerItemProxy */ = {
			isa = PBXContainerItemProxy;
			containerPortal = 708561DCE6994099B52FA754 /* Project object */;
			proxyType = 1;
			remoteGlobalIDString = 8EFA9AA7BA22AECA1336F161;
			remoteInfo = FloppyTurd;
		};
		BD13F8CBBB7A472DA278BF2D /* PBXContainerItemProxy */ = {
			isa = PBXContainerItemProxy;
			containerPortal = 708561DCE6994099B52FA754 /* Project object */;
			proxyType = 1;
			remoteGlobalIDString = D9EF5759F53BF46D2676F7EB;
			remoteInfo = ZERO_CHECK;
		};
/* End PBXContainerItemProxy section */

/* Begin PBXFileReference section */
		091708A76A8E416A906AC28E /* /Users/aimac/Development/FloppyTurd/src/assets/fonts/bitmap/Whacky_Joe.fnt */ = {isa = PBXFileReference; explicitFileType = default; fileEncoding = 4; name = Whacky_Joe.fnt; path = src/assets/fonts/bitmap/Whacky_Joe.fnt; sourceTree = SOURCE_ROOT; };
		091F35E6902E43ACBE3BFF0C /* /Users/aimac/Development/FloppyTurd/src/FloppyTurd/States/MainMenuState.cpp */ = {isa = PBXFileReference; explicitFileType = sourcecode.cpp.cpp; fileEncoding = 4; name = MainMenuState.cpp; path = src/FloppyTurd/States/MainMenuState.cpp; sourceTree = SOURCE_ROOT; };
		09BAF9B7A5E3445DBF90AFC8 /* /Users/aimac/Development/FloppyTurd/src/Engine/Core/SystemManager.cpp */ = {isa = PBXFileReference; explicitFileType = sourcecode.cpp.cpp; fileEncoding = 4; name = SystemManager.cpp; path = src/Engine/Core/SystemManager.cpp; sourceTree = SOURCE_ROOT; };
		0AB249515DCC4F33B88F6BDB /* /Users/aimac/Development/FloppyTurd/src/iOS/Input/TouchInputHandler.swift */ = {isa = PBXFileReference; explicitFileType = sourcecode.swift; fileEncoding = 4; name = TouchInputHandler.swift; path = src/iOS/Input/TouchInputHandler.swift; sourceTree = SOURCE_ROOT; };
		0D4C25CECE3F4087A67FD16F /* /Users/aimac/Development/FloppyTurd/src/assets/fonts/bitmap/WhackyJoe_32.png */ = {isa = PBXFileReference; fileEncoding = 4; lastKnownFileType = image; name = WhackyJoe_32.png; path = src/assets/fonts/bitmap/WhackyJoe_32.png; sourceTree = SOURCE_ROOT; };
		0E7A222DD73E42018E49164A /* /Users/aimac/Development/FloppyTurd/src/iOS/Threading/ThreadingProxy.cpp */ = {isa = PBXFileReference; explicitFileType = sourcecode.cpp.cpp; fileEncoding = 4; name = ThreadingProxy.cpp; path = src/iOS/Threading/ThreadingProxy.cpp; sourceTree = SOURCE_ROOT; };
		2736053B286D4D5E80F5A546 /* /Users/aimac/Development/FloppyTurd/src/Engine/Platform/PlatformDelegates.h */ = {isa = PBXFileReference; explicitFileType = sourcecode.c.h; fileEncoding = 4; name = PlatformDelegates.h; path = src/Engine/Platform/PlatformDelegates.h; sourceTree = SOURCE_ROOT; };
		27F5CEDD427747FC9C1314BA /* /Users/aimac/Development/FloppyTurd/CMakeLists.txt */ = {isa = PBXFileReference; explicitFileType = sourcecode.text; fileEncoding = 4; name = CMakeLists.txt; path = CMakeLists.txt; sourceTree = SOURCE_ROOT; };
		336B13C31EC44B5CBC19673C /* /Users/aimac/Development/FloppyTurd/src/Engine/Utility/Helper.cpp */ = {isa = PBXFileReference; explicitFileType = sourcecode.cpp.cpp; fileEncoding = 4; name = Helper.cpp; path = src/Engine/Utility/Helper.cpp; sourceTree = SOURCE_ROOT; };
		33F724A7203D43EBA8F2F569 /* /Users/aimac/Development/FloppyTurd/src/iOS/Rendering/MetalRenderer.swift */ = {isa = PBXFileReference; explicitFileType = sourcecode.swift; fileEncoding = 4; name = MetalRenderer.swift; path = src/iOS/Rendering/MetalRenderer.swift; sourceTree = SOURCE_ROOT; };
		35DC76B2EB8C46E48F4FE15B /* /Users/aimac/Development/FloppyTurd/src/iOS/Threading/ThreadingProxy.h */ = {isa = PBXFileReference; explicitFileType = sourcecode.c.h; fileEncoding = 4; name = ThreadingProxy.h; path = src/iOS/Threading/ThreadingProxy.h; sourceTree = SOURCE_ROOT; };
		3D28F5B1FC4948F6BB3A4B7E /* /Users/aimac/Development/FloppyTurd/src/iOS/Assets/AssetManager.swift */ = {isa = PBXFileReference; explicitFileType = sourcecode.swift; fileEncoding = 4; name = AssetManager.swift; path = src/iOS/Assets/AssetManager.swift; sourceTree = SOURCE_ROOT; };
		407C4121849E47A5AA4777CC /* /Users/aimac/Development/FloppyTurd/src/iOS/GameViewController.swift */ = {isa = PBXFileReference; explicitFileType = sourcecode.swift; fileEncoding = 4; name = GameViewController.swift; path = src/iOS/GameViewController.swift; sourceTree = SOURCE_ROOT; };
		43145390C9F444B6AE5B2C76 /* FloppyTurd */ = {isa = PBXFileReference; explicitFileType = "compiled.mach-o.executable"; path = FloppyTurd; sourceTree = BUILT_PRODUCTS_DIR; };
		45E8FF16BE354802A32A3B81 /* /Users/aimac/Development/FloppyTurd/src/FloppyTurd/States/GameState.h */ = {isa = PBXFileReference; explicitFileType = sourcecode.c.h; fileEncoding = 4; name = GameState.h; path = src/FloppyTurd/States/GameState.h; sourceTree = SOURCE_ROOT; };
		4A29C4AEF44748018DDC5566 /* /Users/aimac/Development/FloppyTurd/src/Engine/Core/Component.h */ = {isa = PBXFileReference; explicitFileType = sourcecode.c.h; fileEncoding = 4; name = Component.h; path = src/Engine/Core/Component.h; sourceTree = SOURCE_ROOT; };
		4D660972FA534C6AB1BD8051 /* /Users/aimac/Development/FloppyTurd/src/FloppyTurd/Systems/SpriteSystem.cpp */ = {isa = PBXFileReference; explicitFileType = sourcecode.cpp.cpp; fileEncoding = 4; name = SpriteSystem.cpp; path = src/FloppyTurd/Systems/SpriteSystem.cpp; sourceTree = SOURCE_ROOT; };
		51B894D273C34F3D8728A566 /* /Users/aimac/Development/FloppyTurd/src/Engine/Utility/Helper.h */ = {isa = PBXFileReference; explicitFileType = sourcecode.c.h; fileEncoding = 4; name = Helper.h; path = src/Engine/Utility/Helper.h; sourceTree = SOURCE_ROOT; };
		51C4D4D2CA7347728B61C2A1 /* /Users/aimac/Development/FloppyTurd/src/FloppyTurd/States/MainMenuState.h */ = {isa = PBXFileReference; explicitFileType = sourcecode.c.h; fileEncoding = 4; name = MainMenuState.h; path = src/FloppyTurd/States/MainMenuState.h; sourceTree = SOURCE_ROOT; };
		526512678F924420B4A717A0 /* /Users/aimac/Development/FloppyTurd/src/Engine/Platform/iOSPlatformImpl.h */ = {isa = PBXFileReference; explicitFileType = sourcecode.c.h; fileEncoding = 4; name = iOSPlatformImpl.h; path = src/Engine/Platform/iOSPlatformImpl.h; sourceTree = SOURCE_ROOT; };
		54FFA583B6BF4B759364F39A /* /Users/aimac/Development/FloppyTurd/CMakeLists.txt */ = {isa = PBXFileReference; explicitFileType = sourcecode.text; fileEncoding = 4; name = CMakeLists.txt; path = CMakeLists.txt; sourceTree = SOURCE_ROOT; };
		6171AB1D22AD4388956FE4F2 /* /Users/aimac/Development/FloppyTurd/src/Engine/Core/ECS.h */ = {isa = PBXFileReference; explicitFileType = sourcecode.c.h; fileEncoding = 4; name = ECS.h; path = src/Engine/Core/ECS.h; sourceTree = SOURCE_ROOT; };
		61B28A593F5A443999E59717 /* /Users/aimac/Development/FloppyTurd/src/Engine/Core/GNLog.cpp */ = {isa = PBXFileReference; explicitFileType = sourcecode.cpp.cpp; fileEncoding = 4; name = GNLog.cpp; path = src/Engine/Core/GNLog.cpp; sourceTree = SOURCE_ROOT; };
		65AC29ACB2784517BE32F58F /* /Users/aimac/Development/FloppyTurd/src/Engine/Core/System.h */ = {isa = PBXFileReference; explicitFileType = sourcecode.c.h; fileEncoding = 4; name = System.h; path = src/Engine/Core/System.h; sourceTree = SOURCE_ROOT; };
		72E6CA27AE9E4DBFB111F8C6 /* /Users/aimac/Development/FloppyTurd/src/FloppyTurd/Game/FloppyTurdGame.cpp */ = {isa = PBXFileReference; explicitFileType = sourcecode.cpp.cpp; fileEncoding = 4; name = FloppyTurdGame.cpp; path = src/FloppyTurd/Game/FloppyTurdGame.cpp; sourceTree = SOURCE_ROOT; };
		74D826EFD3284366905A663B /* /Users/aimac/Development/FloppyTurd/CMakeLists.txt */ = {isa = PBXFileReference; explicitFileType = sourcecode.text; fileEncoding = 4; name = CMakeLists.txt; path = CMakeLists.txt; sourceTree = SOURCE_ROOT; };
		7DFA0918672346CBB91D46BF /* /Users/aimac/Development/FloppyTurd/src/Engine/Core/GnosisTypes.h */ = {isa = PBXFileReference; explicitFileType = sourcecode.c.h; fileEncoding = 4; name = GnosisTypes.h; path = src/Engine/Core/GnosisTypes.h; sourceTree = SOURCE_ROOT; };
		81AB3D68F407416BB1077ECE /* /Users/aimac/Development/FloppyTurd/src/Engine/Core/SystemManager.h */ = {isa = PBXFileReference; explicitFileType = sourcecode.c.h; fileEncoding = 4; name = SystemManager.h; path = src/Engine/Core/SystemManager.h; sourceTree = SOURCE_ROOT; };
		887C0D1ADC2041D5A820F581 /* /Users/aimac/Development/FloppyTurd/src/assets/fonts/bitmap/Whacky_Joe.ttf */ = {isa = PBXFileReference; explicitFileType = default; fileEncoding = 4; name = Whacky_Joe.ttf; path = src/assets/fonts/bitmap/Whacky_Joe.ttf; sourceTree = SOURCE_ROOT; };
		90312124587B479BABC347D5 /* FloppyTurdGame */ = {isa = PBXFileReference; explicitFileType = archive.ar; path = libFloppyTurdGame.a; sourceTree = BUILT_PRODUCTS_DIR; };
		9335E846B6294C18A23C627F /* /Users/aimac/Development/FloppyTurd/src/FloppyTurd/Systems/SpriteSystem.h */ = {isa = PBXFileReference; explicitFileType = sourcecode.c.h; fileEncoding = 4; name = SpriteSystem.h; path = src/FloppyTurd/Systems/SpriteSystem.h; sourceTree = SOURCE_ROOT; };
		9AAA71962F9442DDA3CBDE5B /* /Users/aimac/Development/FloppyTurd/src/FloppyTurd/Game/FloppyTurdGame.h */ = {isa = PBXFileReference; explicitFileType = sourcecode.c.h; fileEncoding = 4; name = FloppyTurdGame.h; path = src/FloppyTurd/Game/FloppyTurdGame.h; sourceTree = SOURCE_ROOT; };
		9D0A73D013554AAEBAD38874 /* /Users/aimac/Development/FloppyTurd/src/FloppyTurd/States/LoadingState.cpp */ = {isa = PBXFileReference; explicitFileType = sourcecode.cpp.cpp; fileEncoding = 4; name = LoadingState.cpp; path = src/FloppyTurd/States/LoadingState.cpp; sourceTree = SOURCE_ROOT; };
		CB12269BC72C461280897CC7 /* /Users/aimac/Development/FloppyTurd/src/iOS/Threading/ThreadingSystem.swift */ = {isa = PBXFileReference; explicitFileType = sourcecode.swift; fileEncoding = 4; name = ThreadingSystem.swift; path = src/iOS/Threading/ThreadingSystem.swift; sourceTree = SOURCE_ROOT; };
		CB2D44D3E4694EB7B45BFD7B /* /Users/aimac/Development/FloppyTurd/src/iOS/Rendering/MetalMatrixHelpers.swift */ = {isa = PBXFileReference; explicitFileType = sourcecode.swift; fileEncoding = 4; name = MetalMatrixHelpers.swift; path = src/iOS/Rendering/MetalMatrixHelpers.swift; sourceTree = SOURCE_ROOT; };
		D2FB7F5701B04EF0992F74A6 /* /Users/aimac/Development/FloppyTurd/src/FloppyTurd/States/LoadingState.h */ = {isa = PBXFileReference; explicitFileType = sourcecode.c.h; fileEncoding = 4; name = LoadingState.h; path = src/FloppyTurd/States/LoadingState.h; sourceTree = SOURCE_ROOT; };
		D367988127C14B03904E115A /* /Users/aimac/Development/FloppyTurd/src/iOS/AppDelegate.swift */ = {isa = PBXFileReference; explicitFileType = sourcecode.swift; fileEncoding = 4; name = AppDelegate.swift; path = src/iOS/AppDelegate.swift; sourceTree = SOURCE_ROOT; };
		D58C89E2722845F9AB51873D /* /Users/aimac/Development/FloppyTurd/src/Assets.xcassets */ = {isa = PBXFileReference; fileEncoding = 4; lastKnownFileType = folder.assetcatalog; name = Assets.xcassets; path = src/Assets.xcassets; sourceTree = SOURCE_ROOT; };
		D8844DA8F16345E5A5E2AFD7 /* /Users/aimac/Development/FloppyTurd/src/iOS/Audio/AVAudioHandler.swift */ = {isa = PBXFileReference; explicitFileType = sourcecode.swift; fileEncoding = 4; name = AVAudioHandler.swift; path = src/iOS/Audio/AVAudioHandler.swift; sourceTree = SOURCE_ROOT; };
		EE742E94C5474F73B44A6400 /* /Users/aimac/Development/FloppyTurd/build_ios/CMakeFiles/FloppyTurd.dir/Info.plist */ = {isa = PBXFileReference; explicitFileType = sourcecode.text.plist; fileEncoding = 4; name = Info.plist; path = build_ios/CMakeFiles/FloppyTurd.dir/Info.plist; sourceTree = SOURCE_ROOT; };
		EE9C59E309444AD0A748F5A9 /* /Users/aimac/Development/FloppyTurd/src/iOS/Logging/iOSLogHandler.swift */ = {isa = PBXFileReference; explicitFileType = sourcecode.swift; fileEncoding = 4; name = iOSLogHandler.swift; path = src/iOS/Logging/iOSLogHandler.swift; sourceTree = SOURCE_ROOT; };
		F0A7B6A1244A4D95AC4D1CB1 /* /Users/aimac/Development/FloppyTurd/build_ios/CMakeFiles/FloppyTurdGame.dir/Info.plist */ = {isa = PBXFileReference; explicitFileType = sourcecode.text.plist; fileEncoding = 4; name = Info.plist; path = build_ios/CMakeFiles/FloppyTurdGame.dir/Info.plist; sourceTree = SOURCE_ROOT; };
		F283B2B82FF74BD1A90FE855 /* /Users/aimac/Development/FloppyTurd/src/iOS/Shaders/Shaders2D.metal */ = {isa = PBXFileReference; explicitFileType = sourcecode.metal; fileEncoding = 4; name = Shaders2D.metal; path = src/iOS/Shaders/Shaders2D.metal; sourceTree = SOURCE_ROOT; };
		F5E9F640A3C54E178C9CF999 /* /Users/aimac/Development/FloppyTurd/src/Engine/Core/Entity.h */ = {isa = PBXFileReference; explicitFileType = sourcecode.c.h; fileEncoding = 4; name = Entity.h; path = src/Engine/Core/Entity.h; sourceTree = SOURCE_ROOT; };
		F7B5B383CDFD4B6E8B1D3DF8 /* /Users/aimac/Development/FloppyTurd/src/iOS/GameEngine.swift */ = {isa = PBXFileReference; explicitFileType = sourcecode.swift; fileEncoding = 4; name = GameEngine.swift; path = src/iOS/GameEngine.swift; sourceTree = SOURCE_ROOT; };
		F8F2A010DF0E405C8491FF28 /* /Users/aimac/Development/FloppyTurd/src/Engine/Platform/iOSPlatformImpl.cpp */ = {isa = PBXFileReference; explicitFileType = sourcecode.cpp.cpp; fileEncoding = 4; name = iOSPlatformImpl.cpp; path = src/Engine/Platform/iOSPlatformImpl.cpp; sourceTree = SOURCE_ROOT; };
		FA8B7DF53E6C48298445A432 /* /Users/aimac/Development/FloppyTurd/src/FloppyTurd/States/GameStateManager.cpp */ = {isa = PBXFileReference; explicitFileType = sourcecode.cpp.cpp; fileEncoding = 4; name = GameStateManager.cpp; path = src/FloppyTurd/States/GameStateManager.cpp; sourceTree = SOURCE_ROOT; };
		FB6B7CF3108F4715BFEBC618 /* /Users/aimac/Development/FloppyTurd/src/Engine/Core/GNLog.h */ = {isa = PBXFileReference; explicitFileType = sourcecode.c.h; fileEncoding = 4; name = GNLog.h; path = src/Engine/Core/GNLog.h; sourceTree = SOURCE_ROOT; };
/* End PBXFileReference section */

/* Begin PBXFrameworksBuildPhase section */
		168E5B59D35144A8982A6F71 /* Frameworks */ = {
			isa = PBXFrameworksBuildPhase;
			buildActionMask = 2147483647;
			files = (
			);
			runOnlyForDeploymentPostprocessing = 0;
		};
		270A297B2E43456EA84B01AE /* Frameworks */ = {
			isa = PBXFrameworksBuildPhase;
			buildActionMask = 2147483647;
			files = (
			);
			runOnlyForDeploymentPostprocessing = 0;
		};
/* End PBXFrameworksBuildPhase section */

/* Begin PBXGroup section */
		28F65AFFE2EA4A5692594569 /* Source Files */ = {
			isa = PBXGroup;
			children = (
				0E7A222DD73E42018E49164A /* /Users/aimac/Development/FloppyTurd/src/iOS/Threading/ThreadingProxy.cpp */,
			);
			name = "Source Files";
			sourceTree = "<group>";
		};
		507D5A0DCF84412CBDEFFAED /* CMake Rules */ = {
			isa = PBXGroup;
			children = (
			);
			name = "CMake Rules";
			sourceTree = "<group>";
		};
		566EBE39694E479CB18E15B2 /* Header Files */ = {
			isa = PBXGroup;
			children = (
				4A29C4AEF44748018DDC5566 /* /Users/aimac/Development/FloppyTurd/src/Engine/Core/Component.h */,
				6171AB1D22AD4388956FE4F2 /* /Users/aimac/Development/FloppyTurd/src/Engine/Core/ECS.h */,
				F5E9F640A3C54E178C9CF999 /* /Users/aimac/Development/FloppyTurd/src/Engine/Core/Entity.h */,
				FB6B7CF3108F4715BFEBC618 /* /Users/aimac/Development/FloppyTurd/src/Engine/Core/GNLog.h */,
				7DFA0918672346CBB91D46BF /* /Users/aimac/Development/FloppyTurd/src/Engine/Core/GnosisTypes.h */,
				65AC29ACB2784517BE32F58F /* /Users/aimac/Development/FloppyTurd/src/Engine/Core/System.h */,
				81AB3D68F407416BB1077ECE /* /Users/aimac/Development/FloppyTurd/src/Engine/Core/SystemManager.h */,
				2736053B286D4D5E80F5A546 /* /Users/aimac/Development/FloppyTurd/src/Engine/Platform/PlatformDelegates.h */,
				526512678F924420B4A717A0 /* /Users/aimac/Development/FloppyTurd/src/Engine/Platform/iOSPlatformImpl.h */,
				51B894D273C34F3D8728A566 /* /Users/aimac/Development/FloppyTurd/src/Engine/Utility/Helper.h */,
				9AAA71962F9442DDA3CBDE5B /* /Users/aimac/Development/FloppyTurd/src/FloppyTurd/Game/FloppyTurdGame.h */,
				45E8FF16BE354802A32A3B81 /* /Users/aimac/Development/FloppyTurd/src/FloppyTurd/States/GameState.h */,
				D2FB7F5701B04EF0992F74A6 /* /Users/aimac/Development/FloppyTurd/src/FloppyTurd/States/LoadingState.h */,
				51C4D4D2CA7347728B61C2A1 /* /Users/aimac/Development/FloppyTurd/src/FloppyTurd/States/MainMenuState.h */,
				9335E846B6294C18A23C627F /* /Users/aimac/Development/FloppyTurd/src/FloppyTurd/Systems/SpriteSystem.h */,
			);
			name = "Header Files";
			sourceTree = "<group>";
		};
		5E9C46A9CE1642DBA81D34F8 /* Frameworks */ = {
			isa = PBXGroup;
			children = (
			);
			name = Frameworks;
			sourceTree = "<group>";
		};
		6D2305F4614449CDADB91353 /* FloppyTurdGame */ = {
			isa = PBXGroup;
			children = (
				566EBE39694E479CB18E15B2 /* Header Files */,
				B0286BA82E7042DDBF471F01 /* Source Files */,
				AC4DE6AAFF6D4E9F83FAF98E /* Resources */,
				27F5CEDD427747FC9C1314BA /* /Users/aimac/Development/FloppyTurd/CMakeLists.txt */,
			);
			name = FloppyTurdGame;
			sourceTree = "<group>";
		};
		76C7360F34C34E7991BBDF7B /* Header Files */ = {
			isa = PBXGroup;
			children = (
				35DC76B2EB8C46E48F4FE15B /* /Users/aimac/Development/FloppyTurd/src/iOS/Threading/ThreadingProxy.h */,
			);
			name = "Header Files";
			sourceTree = "<group>";
		};
		7FBAAA5ED6504934A1CADD2F /* Products */ = {
			isa = PBXGroup;
			children = (
				43145390C9F444B6AE5B2C76 /* FloppyTurd */,
				90312124587B479BABC347D5 /* FloppyTurdGame */,
			);
			name = Products;
			sourceTree = "<group>";
		};
		807F2D948ABF4A4DAF771B55 /* Resources */ = {
			isa = PBXGroup;
			children = (
				EE742E94C5474F73B44A6400 /* /Users/aimac/Development/FloppyTurd/build_ios/CMakeFiles/FloppyTurd.dir/Info.plist */,
				D58C89E2722845F9AB51873D /* /Users/aimac/Development/FloppyTurd/src/Assets.xcassets */,
				0D4C25CECE3F4087A67FD16F /* /Users/aimac/Development/FloppyTurd/src/assets/fonts/bitmap/WhackyJoe_32.png */,
			);
			name = Resources;
			sourceTree = "<group>";
		};
		8153F455CD944909BFF63C55 /* ALL_BUILD */ = {
			isa = PBXGroup;
			children = (
				507D5A0DCF84412CBDEFFAED /* CMake Rules */,
				74D826EFD3284366905A663B /* /Users/aimac/Development/FloppyTurd/CMakeLists.txt */,
			);
			name = ALL_BUILD;
			sourceTree = "<group>";
		};
		83ED6B02431E4034AE03E5E5 /* FloppyTurd */ = {
			isa = PBXGroup;
			children = (
				28F65AFFE2EA4A5692594569 /* Source Files */,
				76C7360F34C34E7991BBDF7B /* Header Files */,
				807F2D948ABF4A4DAF771B55 /* Resources */,
				54FFA583B6BF4B759364F39A /* /Users/aimac/Development/FloppyTurd/CMakeLists.txt */,
				091708A76A8E416A906AC28E /* /Users/aimac/Development/FloppyTurd/src/assets/fonts/bitmap/Whacky_Joe.fnt */,
				887C0D1ADC2041D5A820F581 /* /Users/aimac/Development/FloppyTurd/src/assets/fonts/bitmap/Whacky_Joe.ttf */,
				D367988127C14B03904E115A /* /Users/aimac/Development/FloppyTurd/src/iOS/AppDelegate.swift */,
				3D28F5B1FC4948F6BB3A4B7E /* /Users/aimac/Development/FloppyTurd/src/iOS/Assets/AssetManager.swift */,
				D8844DA8F16345E5A5E2AFD7 /* /Users/aimac/Development/FloppyTurd/src/iOS/Audio/AVAudioHandler.swift */,
				F7B5B383CDFD4B6E8B1D3DF8 /* /Users/aimac/Development/FloppyTurd/src/iOS/GameEngine.swift */,
				407C4121849E47A5AA4777CC /* /Users/aimac/Development/FloppyTurd/src/iOS/GameViewController.swift */,
				0AB249515DCC4F33B88F6BDB /* /Users/aimac/Development/FloppyTurd/src/iOS/Input/TouchInputHandler.swift */,
				EE9C59E309444AD0A748F5A9 /* /Users/aimac/Development/FloppyTurd/src/iOS/Logging/iOSLogHandler.swift */,
				CB2D44D3E4694EB7B45BFD7B /* /Users/aimac/Development/FloppyTurd/src/iOS/Rendering/MetalMatrixHelpers.swift */,
				33F724A7203D43EBA8F2F569 /* /Users/aimac/Development/FloppyTurd/src/iOS/Rendering/MetalRenderer.swift */,
				F283B2B82FF74BD1A90FE855 /* /Users/aimac/Development/FloppyTurd/src/iOS/Shaders/Shaders2D.metal */,
				CB12269BC72C461280897CC7 /* /Users/aimac/Development/FloppyTurd/src/iOS/Threading/ThreadingSystem.swift */,
			);
			name = FloppyTurd;
			sourceTree = "<group>";
		};
		AC4DE6AAFF6D4E9F83FAF98E /* Resources */ = {
			isa = PBXGroup;
			children = (
				F0A7B6A1244A4D95AC4D1CB1 /* /Users/aimac/Development/FloppyTurd/build_ios/CMakeFiles/FloppyTurdGame.dir/Info.plist */,
			);
			name = Resources;
			sourceTree = "<group>";
		};
		B0286BA82E7042DDBF471F01 /* Source Files */ = {
			isa = PBXGroup;
			children = (
				61B28A593F5A443999E59717 /* /Users/aimac/Development/FloppyTurd/src/Engine/Core/GNLog.cpp */,
				09BAF9B7A5E3445DBF90AFC8 /* /Users/aimac/Development/FloppyTurd/src/Engine/Core/SystemManager.cpp */,
				F8F2A010DF0E405C8491FF28 /* /Users/aimac/Development/FloppyTurd/src/Engine/Platform/iOSPlatformImpl.cpp */,
				336B13C31EC44B5CBC19673C /* /Users/aimac/Development/FloppyTurd/src/Engine/Utility/Helper.cpp */,
				72E6CA27AE9E4DBFB111F8C6 /* /Users/aimac/Development/FloppyTurd/src/FloppyTurd/Game/FloppyTurdGame.cpp */,
				FA8B7DF53E6C48298445A432 /* /Users/aimac/Development/FloppyTurd/src/FloppyTurd/States/GameStateManager.cpp */,
				9D0A73D013554AAEBAD38874 /* /Users/aimac/Development/FloppyTurd/src/FloppyTurd/States/LoadingState.cpp */,
				091F35E6902E43ACBE3BFF0C /* /Users/aimac/Development/FloppyTurd/src/FloppyTurd/States/MainMenuState.cpp */,
				4D660972FA534C6AB1BD8051 /* /Users/aimac/Development/FloppyTurd/src/FloppyTurd/Systems/SpriteSystem.cpp */,
			);
			name = "Source Files";
			sourceTree = "<group>";
		};
		BBC0A6E51EA34A13A55296CC /* Resources */ = {
			isa = PBXGroup;
			children = (
			);
			name = Resources;
			sourceTree = "<group>";
		};
		BF027B37F27E4AF2B845525D = {
			isa = PBXGroup;
			children = (
				6D2305F4614449CDADB91353 /* FloppyTurdGame */,
				83ED6B02431E4034AE03E5E5 /* FloppyTurd */,
				8153F455CD944909BFF63C55 /* ALL_BUILD */,
				7FBAAA5ED6504934A1CADD2F /* Products */,
				5E9C46A9CE1642DBA81D34F8 /* Frameworks */,
				BBC0A6E51EA34A13A55296CC /* Resources */,
			);
			sourceTree = "<group>";
		};
/* End PBXGroup section */

/* Begin PBXNativeTarget section */
		0DE0C202AEDEA1EE745377B5 /* FloppyTurdGame */ = {
			isa = PBXNativeTarget;
			buildConfigurationList = 0F3CBE147C154F1DAE136682 /* Build configuration list for PBXNativeTarget "FloppyTurdGame" */;
			buildPhases = (
				BA2DADF64B104D19B7271C0C /* Sources */,
				270A297B2E43456EA84B01AE /* Frameworks */,
			);
			buildRules = (
			);
			dependencies = (
				8816CFEE6B79496DBAB8D8A7 /* PBXTargetDependency */,
			);
			name = FloppyTurdGame;
			productName = FloppyTurdGame;
			productReference = 90312124587B479BABC347D5 /* FloppyTurdGame */;
			productType = "com.apple.product-type.library.static";
		};
		8EFA9AA7BA22AECA1336F161 /* FloppyTurd */ = {
			isa = PBXNativeTarget;
			buildConfigurationList = 1B1A627DB73F43DDBDE35985 /* Build configuration list for PBXNativeTarget "FloppyTurd" */;
			buildPhases = (
				3B65F119560F08E4C38CD92B /* CMake PreBuild Rules */,
				FE845EDF23E447AAB7A4417D /* Resources */,
				BD72D2277F0B4A2F915379EF /* Copy files */,
				2D96516B87AF43EAB3A8C7AD /* Sources */,
				168E5B59D35144A8982A6F71 /* Frameworks */,
			);
			buildRules = (
			);
			dependencies = (
				A5EAC05B13DD4EE1A4AA69D6 /* PBXTargetDependency */,
				2673C9F1C6AD468A9C9EA82E /* PBXTargetDependency */,
			);
			name = FloppyTurd;
			productName = FloppyTurd;
			productReference = 43145390C9F444B6AE5B2C76 /* FloppyTurd */;
			productType = "com.apple.product-type.application";
		};
/* End PBXNativeTarget section */

/* Begin PBXProject section */
		708561DCE6994099B52FA754 /* Project object */ = {
			isa = PBXProject;
			attributes = {
				BuildIndependentTargetsInParallel = YES;
				LastUpgradeCheck = 1620;
			};
			buildConfigurationList = F82DB5D94A954B23B3C33085 /* Build configuration list for PBXProject "FloppyTurd" */;
			buildSettings = {
			};
			buildStyles = (
				F8A1BA0032B2412EA6B6814B /* Debug */,
				4DBF846F4F2843FFB79E9B22 /* Release */,
				F41F89D3C05D4AF295B34DF8 /* MinSizeRel */,
				A55369D65E9A4B08A15A7741 /* RelWithDebInfo */,
			);
			compatibilityVersion = "Xcode 3.2";
			hasScannedForEncodings = 0;
			mainGroup = BF027B37F27E4AF2B845525D;
			projectDirPath = /Users/aimac/Development/FloppyTurd;
			projectRoot = "";
			targets = (
				5B099B38C254862E8781CD94 /* ALL_BUILD */,
				8EFA9AA7BA22AECA1336F161 /* FloppyTurd */,
				0DE0C202AEDEA1EE745377B5 /* FloppyTurdGame */,
				D9EF5759F53BF46D2676F7EB /* ZERO_CHECK */,
			);
		};
/* End PBXProject section */

/* Begin PBXShellScriptBuildPhase section */
		1F83846D7A70552451548AF3 /* Generate CMakeFiles/ZERO_CHECK */ = {
			isa = PBXShellScriptBuildPhase;
			alwaysOutOfDate = 1;
			buildActionMask = 2147483647;
			files = (
			);
			inputPaths = (
			);
			name = "Generate CMakeFiles/ZERO_CHECK";
			outputPaths = (
/Users/aimac/Development/FloppyTurd/build_ios/CMakeFiles/ZERO_CHECK			);
			runOnlyForDeploymentPostprocessing = 0;
			shellPath = /bin/sh;
			shellScript = "set -e
if test \"$CONFIGURATION\" = \"Debug\"; then :
  cd /Users/aimac/Development/FloppyTurd/build_ios
  make -f /Users/aimac/Development/FloppyTurd/build_ios/CMakeScripts/ReRunCMake.make
fi
if test \"$CONFIGURATION\" = \"Release\"; then :
  cd /Users/aimac/Development/FloppyTurd/build_ios
  make -f /Users/aimac/Development/FloppyTurd/build_ios/CMakeScripts/ReRunCMake.make
fi
if test \"$CONFIGURATION\" = \"MinSizeRel\"; then :
  cd /Users/aimac/Development/FloppyTurd/build_ios
  make -f /Users/aimac/Development/FloppyTurd/build_ios/CMakeScripts/ReRunCMake.make
fi
if test \"$CONFIGURATION\" = \"RelWithDebInfo\"; then :
  cd /Users/aimac/Development/FloppyTurd/build_ios
  make -f /Users/aimac/Development/FloppyTurd/build_ios/CMakeScripts/ReRunCMake.make
fi
";
			showEnvVarsInLog = 0;
		};
		3B65F119560F08E4C38CD92B /* CMake PreBuild Rules */ = {
			isa = PBXShellScriptBuildPhase;
			alwaysOutOfDate = 1;
			buildActionMask = 2147483647;
			files = (
			);
			name = "CMake PreBuild Rules";
			outputPaths = (
			);
			runOnlyForDeploymentPostprocessing = 0;
			shellPath = /bin/sh;
			shellScript = "set -e
if test \"$CONFIGURATION\" = \"Debug\"; then :
  cd /Users/aimac/Development/FloppyTurd
  bash /Users/aimac/Development/FloppyTurd/scripts/generate_asset_catalog.sh
fi
if test \"$CONFIGURATION\" = \"Release\"; then :
  cd /Users/aimac/Development/FloppyTurd
  bash /Users/aimac/Development/FloppyTurd/scripts/generate_asset_catalog.sh
fi
if test \"$CONFIGURATION\" = \"MinSizeRel\"; then :
  cd /Users/aimac/Development/FloppyTurd
  bash /Users/aimac/Development/FloppyTurd/scripts/generate_asset_catalog.sh
fi
if test \"$CONFIGURATION\" = \"RelWithDebInfo\"; then :
  cd /Users/aimac/Development/FloppyTurd
  bash /Users/aimac/Development/FloppyTurd/scripts/generate_asset_catalog.sh
fi
";
			showEnvVarsInLog = 0;
		};
		3C0110FC8322DE7E50886E21 = {
			isa = PBXShellScriptBuildPhase;
			buildActionMask = 2147483647;
			files = (
			);
			inputPaths = (
			);
			outputPaths = (
			);
			runOnlyForDeploymentPostprocessing = 0;
			shellPath = /bin/sh;
			shellScript = "# shell script goes here
exit 0";
			showEnvVarsInLog = 0;
		};
		9B50530E35CC49C82C2FACCF = {
			isa = PBXShellScriptBuildPhase;
			buildActionMask = 2147483647;
			files = (
			);
			inputPaths = (
			);
			outputPaths = (
			);
			runOnlyForDeploymentPostprocessing = 0;
			shellPath = /bin/sh;
			shellScript = "# shell script goes here
exit 0";
			showEnvVarsInLog = 0;
		};
		A216752C45B5C62AEA2A9DDC /* Generate CMakeFiles/ALL_BUILD */ = {
			isa = PBXShellScriptBuildPhase;
			alwaysOutOfDate = 1;
			buildActionMask = 2147483647;
			files = (
			);
			inputPaths = (
			);
			name = "Generate CMakeFiles/ALL_BUILD";
			outputPaths = (
/Users/aimac/Development/FloppyTurd/build_ios/CMakeFiles/ALL_BUILD			);
			runOnlyForDeploymentPostprocessing = 0;
			shellPath = /bin/sh;
			shellScript = "set -e
if test \"$CONFIGURATION\" = \"Debug\"; then :
  cd /Users/aimac/Development/FloppyTurd/build_ios
  echo Build\\ all\\ projects
fi
if test \"$CONFIGURATION\" = \"Release\"; then :
  cd /Users/aimac/Development/FloppyTurd/build_ios
  echo Build\\ all\\ projects
fi
if test \"$CONFIGURATION\" = \"MinSizeRel\"; then :
  cd /Users/aimac/Development/FloppyTurd/build_ios
  echo Build\\ all\\ projects
fi
if test \"$CONFIGURATION\" = \"RelWithDebInfo\"; then :
  cd /Users/aimac/Development/FloppyTurd/build_ios
  echo Build\\ all\\ projects
fi
";
			showEnvVarsInLog = 0;
		};
/* End PBXShellScriptBuildPhase section */

/* Begin PBXResourcesBuildPhase section */
		FE845EDF23E447AAB7A4417D /* Resources */ = {
			isa = PBXResourcesBuildPhase;
			buildActionMask = 2147483647;
			files = (
				C3CE8B2B23B941AABF966FB8 /* /Users/aimac/Development/FloppyTurd/src/Assets.xcassets */,
				A8CE240AB37149C582D59C76 /* /Users/aimac/Development/FloppyTurd/src/iOS/Shaders/Shaders2D.metal */,
			);
			runOnlyForDeploymentPostprocessing = 0;
		};
/* End PBXResourcesBuildPhase section */

/* Begin PBXSourcesBuildPhase section */
		2D96516B87AF43EAB3A8C7AD /* Sources */ = {
			isa = PBXSourcesBuildPhase;
			buildActionMask = 2147483647;
			files = (
				93B07B82D55940D99F9FF3C7 /* /Users/aimac/Development/FloppyTurd/src/iOS/AppDelegate.swift */,
				F2086A37A7C14E49BC2AB835 /* /Users/aimac/Development/FloppyTurd/src/iOS/Assets/AssetManager.swift */,
				BA813C95E9DE4DF4B5B4E901 /* /Users/aimac/Development/FloppyTurd/src/iOS/Audio/AVAudioHandler.swift */,
				45FF21E03746467FBD843F75 /* /Users/aimac/Development/FloppyTurd/src/iOS/GameEngine.swift */,
				B77B6B3494C44A5A971D6D79 /* /Users/aimac/Development/FloppyTurd/src/iOS/GameViewController.swift */,
				FA752D7E45EE4C97AA70905C /* /Users/aimac/Development/FloppyTurd/src/iOS/Input/TouchInputHandler.swift */,
				007E32683AED4CF4B017BB6A /* /Users/aimac/Development/FloppyTurd/src/iOS/Logging/iOSLogHandler.swift */,
				FB9841F7E5FF40DF81C074A7 /* /Users/aimac/Development/FloppyTurd/src/iOS/Rendering/MetalMatrixHelpers.swift */,
				1B4742EF3A694C339931D85B /* /Users/aimac/Development/FloppyTurd/src/iOS/Rendering/MetalRenderer.swift */,
				50F5D9BAE1FC46C79502B6C2 /* /Users/aimac/Development/FloppyTurd/src/iOS/Threading/ThreadingProxy.cpp */,
				209F8FF7A91A4EE1AB69014E /* /Users/aimac/Development/FloppyTurd/src/iOS/Threading/ThreadingSystem.swift */,
			);
			runOnlyForDeploymentPostprocessing = 0;
		};
		BA2DADF64B104D19B7271C0C /* Sources */ = {
			isa = PBXSourcesBuildPhase;
			buildActionMask = 2147483647;
			files = (
				8AC2E90D112840F98BC7C972 /* /Users/aimac/Development/FloppyTurd/src/Engine/Core/GNLog.cpp */,
				34978BC6F75A4637816E706A /* /Users/aimac/Development/FloppyTurd/src/Engine/Core/SystemManager.cpp */,
				96F55D30E60A4E74A1436602 /* /Users/aimac/Development/FloppyTurd/src/Engine/Platform/iOSPlatformImpl.cpp */,
				5CCF91EC0B804E1ABFC2C3EA /* /Users/aimac/Development/FloppyTurd/src/Engine/Utility/Helper.cpp */,
				5785FB3F990C4F59B248A661 /* /Users/aimac/Development/FloppyTurd/src/FloppyTurd/Game/FloppyTurdGame.cpp */,
				3E501788D9424181A0F3A809 /* /Users/aimac/Development/FloppyTurd/src/FloppyTurd/States/GameStateManager.cpp */,
				77D05C8FD0A340578D61C041 /* /Users/aimac/Development/FloppyTurd/src/FloppyTurd/States/LoadingState.cpp */,
				0DAF42A230564C0AA4D82E34 /* /Users/aimac/Development/FloppyTurd/src/FloppyTurd/States/MainMenuState.cpp */,
				32117247F64248C5BC78264B /* /Users/aimac/Development/FloppyTurd/src/FloppyTurd/Systems/SpriteSystem.cpp */,
			);
			runOnlyForDeploymentPostprocessing = 0;
		};
/* End PBXSourcesBuildPhase section */

/* Begin PBXCopyFilesBuildPhase section */
		BD72D2277F0B4A2F915379EF /* Copy files */ = {
			isa = PBXCopyFilesBuildPhase;
			buildActionMask = 2147483647;
			dstPath = fonts;
			dstSubfolderSpec = 7;
			files = (
				EB2916681F644726B2D4980A /* /Users/aimac/Development/FloppyTurd/src/assets/fonts/bitmap/WhackyJoe_32.png */,
				9196CA6DD1B14AC59070C6C3 /* /Users/aimac/Development/FloppyTurd/src/assets/fonts/bitmap/Whacky_Joe.fnt */,
				DFCF916698404B24B9F5CF04 /* /Users/aimac/Development/FloppyTurd/src/assets/fonts/bitmap/Whacky_Joe.ttf */,
			);
			runOnlyForDeploymentPostprocessing = 0;
		};
/* End PBXCopyFilesBuildPhase section */

/* Begin PBXTargetDependency section */
		2673C9F1C6AD468A9C9EA82E /* PBXTargetDependency */ = {
			isa = PBXTargetDependency;
			target = D9EF5759F53BF46D2676F7EB /* ZERO_CHECK */;
			targetProxy = 185DBF2DC7034CAC8B5E02EC /* PBXContainerItemProxy */;
		};
		7810E2E7ED854306B25416FE /* PBXTargetDependency */ = {
			isa = PBXTargetDependency;
			target = 0DE0C202AEDEA1EE745377B5 /* FloppyTurdGame */;
			targetProxy = 5E94CF8D3D84423AB50B478C /* PBXContainerItemProxy */;
		};
		8816CFEE6B79496DBAB8D8A7 /* PBXTargetDependency */ = {
			isa = PBXTargetDependency;
			target = D9EF5759F53BF46D2676F7EB /* ZERO_CHECK */;
			targetProxy = BD13F8CBBB7A472DA278BF2D /* PBXContainerItemProxy */;
		};
		A5EAC05B13DD4EE1A4AA69D6 /* PBXTargetDependency */ = {
			isa = PBXTargetDependency;
			target = 0DE0C202AEDEA1EE745377B5 /* FloppyTurdGame */;
			targetProxy = 04C19AE6FD224AF1A13121A9 /* PBXContainerItemProxy */;
		};
		A99AABF95A874B73A81F8657 /* PBXTargetDependency */ = {
			isa = PBXTargetDependency;
			target = 8EFA9AA7BA22AECA1336F161 /* FloppyTurd */;
			targetProxy = A12D78FDF62C40339FD813DE /* PBXContainerItemProxy */;
		};
		C5CE72C6BDDF422997644E7B /* PBXTargetDependency */ = {
			isa = PBXTargetDependency;
			target = D9EF5759F53BF46D2676F7EB /* ZERO_CHECK */;
			targetProxy = 3C53D802B3E54497A86F1F37 /* PBXContainerItemProxy */;
		};
/* End PBXTargetDependency section */

/* Begin XCBuildConfiguration section */
		044E625FBBD14F6F9C7582FA /* Debug */ = {
			isa = XCBuildConfiguration;
			buildSettings = {
				ALWAYS_SEARCH_USER_PATHS = NO;
				COMBINE_HIDPI_IMAGES = YES;
				GCC_GENERATE_DEBUGGING_SYMBOLS = YES;
				GCC_INLINES_ARE_PRIVATE_EXTERN = NO;
				GCC_OPTIMIZATION_LEVEL = 0;
				GCC_PREPROCESSOR_DEFINITIONS = ("'CMAKE_INTDIR=\"$(CONFIGURATION)$(EFFECTIVE_PLATFORM_NAME)\"'","$(inherited)");
				GCC_SYMBOLS_PRIVATE_EXTERN = NO;
				INSTALL_PATH = "";
				OTHER_LDFLAGS = ("","$(inherited)");
				OTHER_REZFLAGS = "";
				PRODUCT_NAME = ALL_BUILD;
				SECTORDER_FLAGS = "";
				USE_HEADERMAP = NO;
				WARNING_CFLAGS = ("$(inherited)");
			};
			name = Debug;
		};
		4179D58B28C547688EC09EC5 /* Debug */ = {
			isa = XCBuildConfiguration;
			buildSettings = {
				ALWAYS_SEARCH_USER_PATHS = NO;
				ARCHS = x86_64;
				CLANG_ENABLE_MODULES = YES;
				CLANG_ENABLE_MODULE_DEBUGGING = YES;
				COMBINE_HIDPI_IMAGES = YES;
				CONFIGURATION_BUILD_DIR = "/Users/aimac/Development/FloppyTurd/build_ios/Debug${EFFECTIVE_PLATFORM_NAME}";
				EXECUTABLE_PREFIX = lib;
				EXECUTABLE_SUFFIX = .a;
				GCC_GENERATE_DEBUGGING_SYMBOLS = YES;
				GCC_INLINES_ARE_PRIVATE_EXTERN = NO;
				GCC_OPTIMIZATION_LEVEL = 0;
				GCC_PREPROCESSOR_DEFINITIONS = ("'CMAKE_INTDIR=\"$(CONFIGURATION)$(EFFECTIVE_PLATFORM_NAME)\"'","'DEBUG=1'","'_DEBUG=1'","'PLATFORM_IOS=1'","'PLATFORM_MOBILE=1'",__APPLE__,"'TARGET_OS_IOS=1'",SWIFT_CPP_INTEROP_ENABLED,"$(inherited)");
				GCC_SYMBOLS_PRIVATE_EXTERN = NO;
				HEADER_SEARCH_PATHS = (/Users/aimac/Development/FloppyTurd/src/Engine/Core,/Users/aimac/Development/FloppyTurd/src/Engine/Events,/Users/aimac/Development/FloppyTurd/src/Engine/Platform,/Users/aimac/Development/FloppyTurd/src/Engine/Input,/Users/aimac/Development/FloppyTurd/src/Engine/Assets,/Users/aimac/Development/FloppyTurd/src/FloppyTurd/Game,/Users/aimac/Development/FloppyTurd/src/Engine,/Users/aimac/Development/FloppyTurd/src/Engine/Utility,"$(inherited)");
				INSTALL_PATH = "";
				LIBRARY_STYLE = STATIC;
				ONLY_ACTIVE_ARCH = NO;
				OTHER_CPLUSPLUSFLAGS = "   '-std=c++20' '-std=c++20' ";
				OTHER_LIBTOOLFLAGS = ("");
				OTHER_REZFLAGS = "";
				PRODUCT_NAME = FloppyTurdGame;
				SECTORDER_FLAGS = "";
				SWIFT_VERSION = 6.0;
				TARGET_TEMP_DIR = "/Users/aimac/Development/FloppyTurd/build_ios/build/FloppyTurdGame.build/$(CONFIGURATION)$(EFFECTIVE_PLATFORM_NAME)";
				USE_HEADERMAP = NO;
				WARNING_CFLAGS = ("$(inherited)");
			};
			name = Debug;
		};
		440638210B2E4A6DB052B54D /* Debug */ = {
			isa = XCBuildConfiguration;
			buildSettings = {
				ALWAYS_SEARCH_USER_PATHS = NO;
				ARCHS = x86_64;
				BUNDLE_VERSION = 1.0.0;
				CLANG_ENABLE_MODULES = YES;
				CLANG_ENABLE_MODULE_DEBUGGING = YES;
				CODE_SIGNING_ALLOWED = YES;
				CODE_SIGNING_REQUIRED = YES;
				CODE_SIGN_IDENTITY = "Apple Development";
				CODE_SIGN_STYLE = Automatic;
				COMBINE_HIDPI_IMAGES = YES;
				CONFIGURATION_BUILD_DIR = "/Users/aimac/Development/FloppyTurd/build_ios/Debug-iphonesimulator/Debug";
				DEVELOPMENT_TEAM = 86886N72J8;
				EXECUTABLE_PREFIX = "";
				EXECUTABLE_SUFFIX = "";
				GCC_GENERATE_DEBUGGING_SYMBOLS = YES;
				GCC_INLINES_ARE_PRIVATE_EXTERN = NO;
				GCC_OPTIMIZATION_LEVEL = 0;
				GCC_PREPROCESSOR_DEFINITIONS = ("'CMAKE_INTDIR=\"$(CONFIGURATION)$(EFFECTIVE_PLATFORM_NAME)\"'","'DEBUG=1'","'_DEBUG=1'","'PLATFORM_IOS=1'","'PLATFORM_MOBILE=1'",__APPLE__,"'TARGET_OS_IOS=1'",SWIFT_CPP_INTEROP_ENABLED,"$(inherited)");
				GCC_SYMBOLS_PRIVATE_EXTERN = NO;
				HEADER_SEARCH_PATHS = (/Users/aimac/Development/FloppyTurd/src/Engine/Core,/Users/aimac/Development/FloppyTurd/src/Engine/Events,/Users/aimac/Development/FloppyTurd/src/Engine/Platform,/Users/aimac/Development/FloppyTurd/src/Engine/Input,/Users/aimac/Development/FloppyTurd/src/Engine/Assets,/Users/aimac/Development/FloppyTurd/src/FloppyTurd/Game,/Users/aimac/Development/FloppyTurd/src/Engine,/Users/aimac/Development/FloppyTurd/src/iOS,/Users/aimac/Development/FloppyTurd/src/iOS/Audio,/Users/aimac/Development/FloppyTurd/src/iOS/Input,/Users/aimac/Development/FloppyTurd/src/iOS/Logging,/Users/aimac/Development/FloppyTurd/src/iOS/Rendering,/Users/aimac/Development/FloppyTurd/src/iOS/Threading,/Users/aimac/Development/FloppyTurd/src/FloppyTurd,/Users/aimac/Development/FloppyTurd/src/FloppyTurd/Components,/Users/aimac/Development/FloppyTurd/src/FloppyTurd/Entities,/Users/aimac/Development/FloppyTurd/src/FloppyTurd/States,/Users/aimac/Development/FloppyTurd/src/Engine/Utility,"$(inherited)");
				INFOPLIST_FILE = /Users/aimac/Development/FloppyTurd/build_ios/CMakeFiles/FloppyTurd.dir/Info.plist;
				INSTALL_PATH = "";
				IPHONEOS_DEPLOYMENT_TARGET = 17.0;
				ONLY_ACTIVE_ARCH = NO;
				OTHER_CPLUSPLUSFLAGS = "   '-std=c++20' '-std=c++20' -Wall -Wextra -Wno-deprecated-declarations ";
				OTHER_LDFLAGS = ("","/Users/aimac/Development/FloppyTurd/build_ios/Debug${EFFECTIVE_PLATFORM_NAME}/libFloppyTurdGame.a","-framework Foundation","-framework UIKit","-framework Metal","-framework MetalKit","-framework MetalPerformanceShaders","-framework QuartzCore","-framework CoreGraphics","-framework CoreText","-framework CoreAudio","-framework AudioToolbox","-framework AVFoundation","-framework GameController","-framework CoreHaptics","-framework ImageIO","-framework MobileCoreServices","/Users/aimac/Development/FloppyTurd/build_ios/Debug${EFFECTIVE_PLATFORM_NAME}/libFloppyTurdGame.a","$(inherited)");
				OTHER_REZFLAGS = "";
				OTHER_SWIFT_FLAGS = ("-cxx-interoperability-mode=default -swift-version 6.0 -Onone    -swift-version 6.0 '-cxx-interoperability-mode=default' -swift-version '6.0' -warnings-as-errors ","$(inherited)");
				PRODUCT_BUNDLE_IDENTIFIER = com.floppyturd.engine;
				PRODUCT_NAME = FloppyTurd;
				SECTORDER_FLAGS = "";
				SWIFT_ACTIVE_COMPILATION_CONDITIONS = (DEBUG,_DEBUG,PLATFORM_IOS,PLATFORM_MOBILE,__APPLE__,TARGET_OS_IOS,SWIFT_CPP_INTEROP_ENABLED,"$(inherited)");
				SWIFT_INCLUDE_PATHS = (/Users/aimac/Development/FloppyTurd/src/Engine/Core,/Users/aimac/Development/FloppyTurd/src/Engine/Events,/Users/aimac/Development/FloppyTurd/src/Engine/Platform,/Users/aimac/Development/FloppyTurd/src/Engine/Input,/Users/aimac/Development/FloppyTurd/src/Engine/Assets,/Users/aimac/Development/FloppyTurd/src/FloppyTurd/Game,/Users/aimac/Development/FloppyTurd/src/Engine,/Users/aimac/Development/FloppyTurd/src/iOS,/Users/aimac/Development/FloppyTurd/src/iOS/Audio,/Users/aimac/Development/FloppyTurd/src/iOS/Input,/Users/aimac/Development/FloppyTurd/src/iOS/Logging,/Users/aimac/Development/FloppyTurd/src/iOS/Rendering,/Users/aimac/Development/FloppyTurd/src/iOS/Threading,/Users/aimac/Development/FloppyTurd/src/FloppyTurd,/Users/aimac/Development/FloppyTurd/src/FloppyTurd/Components,/Users/aimac/Development/FloppyTurd/src/FloppyTurd/Entities,/Users/aimac/Development/FloppyTurd/src/FloppyTurd/States,/Users/aimac/Development/FloppyTurd/src/Engine/Utility,"$(inherited)");
				SWIFT_OBJC_INTERFACE_HEADER_NAME = "FloppyTurd-Swift.h";
				SWIFT_VERSION = 6.0;
				TARGETED_DEVICE_FAMILY = "1,2";
				TARGET_TEMP_DIR = "/Users/aimac/Development/FloppyTurd/build_ios/build/FloppyTurd.build/$(CONFIGURATION)$(EFFECTIVE_PLATFORM_NAME)";
				UI_REQUIRED_DEVICE_CAPABILITIES = arm64;
				UI_SUPPORTED_INTERFACE_ORIENTATIONS = "UIInterfaceOrientationPortrait;UIInterfaceOrientationLandscapeLeft;UIInterfaceOrientationLandscapeRight";
				USE_HEADERMAP = NO;
				WARNING_CFLAGS = ("$(inherited)");
			};
			name = Debug;
		};
		57B996E92D8842E78174FDF7 /* MinSizeRel */ = {
			isa = XCBuildConfiguration;
			buildSettings = {
				ALWAYS_SEARCH_USER_PATHS = NO;
				COMBINE_HIDPI_IMAGES = YES;
				GCC_GENERATE_DEBUGGING_SYMBOLS = YES;
				GCC_INLINES_ARE_PRIVATE_EXTERN = NO;
				GCC_OPTIMIZATION_LEVEL = 0;
				GCC_PREPROCESSOR_DEFINITIONS = ("'CMAKE_INTDIR=\"$(CONFIGURATION)$(EFFECTIVE_PLATFORM_NAME)\"'","$(inherited)");
				GCC_SYMBOLS_PRIVATE_EXTERN = NO;
				INSTALL_PATH = "";
				OTHER_LDFLAGS = ("","$(inherited)");
				OTHER_REZFLAGS = "";
				PRODUCT_NAME = ZERO_CHECK;
				SECTORDER_FLAGS = "";
				USE_HEADERMAP = NO;
				WARNING_CFLAGS = ("$(inherited)");
			};
			name = MinSizeRel;
		};
		62BD3E79923B4D67A630D16D /* RelWithDebInfo */ = {
			isa = XCBuildConfiguration;
			buildSettings = {
				ALWAYS_SEARCH_USER_PATHS = NO;
				ARCHS = x86_64;
				CLANG_ENABLE_MODULES = YES;
				CLANG_ENABLE_MODULE_DEBUGGING = YES;
				COMBINE_HIDPI_IMAGES = YES;
				CONFIGURATION_BUILD_DIR = "/Users/aimac/Development/FloppyTurd/build_ios/RelWithDebInfo${EFFECTIVE_PLATFORM_NAME}";
				EXECUTABLE_PREFIX = lib;
				EXECUTABLE_SUFFIX = .a;
				GCC_GENERATE_DEBUGGING_SYMBOLS = YES;
				GCC_INLINES_ARE_PRIVATE_EXTERN = NO;
				GCC_OPTIMIZATION_LEVEL = 2;
				GCC_PREPROCESSOR_DEFINITIONS = ("'CMAKE_INTDIR=\"$(CONFIGURATION)$(EFFECTIVE_PLATFORM_NAME)\"'","'PLATFORM_IOS=1'","'PLATFORM_MOBILE=1'",__APPLE__,"'TARGET_OS_IOS=1'",SWIFT_CPP_INTEROP_ENABLED,"$(inherited)");
				GCC_SYMBOLS_PRIVATE_EXTERN = NO;
				HEADER_SEARCH_PATHS = (/Users/aimac/Development/FloppyTurd/src/Engine/Core,/Users/aimac/Development/FloppyTurd/src/Engine/Events,/Users/aimac/Development/FloppyTurd/src/Engine/Platform,/Users/aimac/Development/FloppyTurd/src/Engine/Input,/Users/aimac/Development/FloppyTurd/src/Engine/Assets,/Users/aimac/Development/FloppyTurd/src/FloppyTurd/Game,/Users/aimac/Development/FloppyTurd/src/Engine,/Users/aimac/Development/FloppyTurd/src/Engine/Utility,"$(inherited)");
				INSTALL_PATH = "";
				LIBRARY_STYLE = STATIC;
				ONLY_ACTIVE_ARCH = NO;
				OTHER_CPLUSPLUSFLAGS = "       -DNDEBUG '-std=c++20' '-std=c++20' ";
				OTHER_LIBTOOLFLAGS = ("");
				OTHER_REZFLAGS = "";
				PRODUCT_NAME = FloppyTurdGame;
				SECTORDER_FLAGS = "";
				SWIFT_VERSION = 6.0;
				TARGET_TEMP_DIR = "/Users/aimac/Development/FloppyTurd/build_ios/build/FloppyTurdGame.build/$(CONFIGURATION)$(EFFECTIVE_PLATFORM_NAME)";
				USE_HEADERMAP = NO;
				WARNING_CFLAGS = ("$(inherited)");
			};
			name = RelWithDebInfo;
		};
		63805AA86BAF4B148757359D /* RelWithDebInfo */ = {
			isa = XCBuildConfiguration;
			buildSettings = {
				ALWAYS_SEARCH_USER_PATHS = NO;
				ARCHS = x86_64;
				BUNDLE_VERSION = 1.0.0;
				CLANG_ENABLE_MODULES = YES;
				CLANG_ENABLE_MODULE_DEBUGGING = YES;
				CODE_SIGNING_ALLOWED = YES;
				CODE_SIGNING_REQUIRED = YES;
				CODE_SIGN_IDENTITY = "Apple Development";
				CODE_SIGN_STYLE = Automatic;
				COMBINE_HIDPI_IMAGES = YES;
				CONFIGURATION_BUILD_DIR = "/Users/aimac/Development/FloppyTurd/build_ios/Debug-iphonesimulator/RelWithDebInfo";
				DEVELOPMENT_TEAM = 86886N72J8;
				EXECUTABLE_PREFIX = "";
				EXECUTABLE_SUFFIX = "";
				GCC_GENERATE_DEBUGGING_SYMBOLS = YES;
				GCC_INLINES_ARE_PRIVATE_EXTERN = NO;
				GCC_OPTIMIZATION_LEVEL = 1;
				GCC_PREPROCESSOR_DEFINITIONS = ("'CMAKE_INTDIR=\"$(CONFIGURATION)$(EFFECTIVE_PLATFORM_NAME)\"'","'PLATFORM_IOS=1'","'PLATFORM_MOBILE=1'",__APPLE__,"'TARGET_OS_IOS=1'",SWIFT_CPP_INTEROP_ENABLED,"$(inherited)");
				GCC_SYMBOLS_PRIVATE_EXTERN = NO;
				HEADER_SEARCH_PATHS = (/Users/aimac/Development/FloppyTurd/src/Engine/Core,/Users/aimac/Development/FloppyTurd/src/Engine/Events,/Users/aimac/Development/FloppyTurd/src/Engine/Platform,/Users/aimac/Development/FloppyTurd/src/Engine/Input,/Users/aimac/Development/FloppyTurd/src/Engine/Assets,/Users/aimac/Development/FloppyTurd/src/FloppyTurd/Game,/Users/aimac/Development/FloppyTurd/src/Engine,/Users/aimac/Development/FloppyTurd/src/iOS,/Users/aimac/Development/FloppyTurd/src/iOS/Audio,/Users/aimac/Development/FloppyTurd/src/iOS/Input,/Users/aimac/Development/FloppyTurd/src/iOS/Logging,/Users/aimac/Development/FloppyTurd/src/iOS/Rendering,/Users/aimac/Development/FloppyTurd/src/iOS/Threading,/Users/aimac/Development/FloppyTurd/src/FloppyTurd,/Users/aimac/Development/FloppyTurd/src/FloppyTurd/Components,/Users/aimac/Development/FloppyTurd/src/FloppyTurd/Entities,/Users/aimac/Development/FloppyTurd/src/FloppyTurd/States,/Users/aimac/Development/FloppyTurd/src/Engine/Utility,"$(inherited)");
				INFOPLIST_FILE = /Users/aimac/Development/FloppyTurd/build_ios/CMakeFiles/FloppyTurd.dir/Info.plist;
				INSTALL_PATH = "";
				IPHONEOS_DEPLOYMENT_TARGET = 17.0;
				ONLY_ACTIVE_ARCH = NO;
				OTHER_CPLUSPLUSFLAGS = "       -DNDEBUG '-std=c++20' '-std=c++20' -Wall -Wextra -Wno-deprecated-declarations ";
				OTHER_LDFLAGS = ("","/Users/aimac/Development/FloppyTurd/build_ios/RelWithDebInfo${EFFECTIVE_PLATFORM_NAME}/libFloppyTurdGame.a","-framework Foundation","-framework UIKit","-framework Metal","-framework MetalKit","-framework MetalPerformanceShaders","-framework QuartzCore","-framework CoreGraphics","-framework CoreText","-framework CoreAudio","-framework AudioToolbox","-framework AVFoundation","-framework GameController","-framework CoreHaptics","-framework ImageIO","-framework MobileCoreServices","/Users/aimac/Development/FloppyTurd/build_ios/RelWithDebInfo${EFFECTIVE_PLATFORM_NAME}/libFloppyTurdGame.a","$(inherited)");
				OTHER_REZFLAGS = "";
				OTHER_SWIFT_FLAGS = ("-cxx-interoperability-mode=default -swift-version 6.0       -swift-version 6.0 '-cxx-interoperability-mode=default' -swift-version '6.0' -warnings-as-errors ","$(inherited)");
				PRODUCT_BUNDLE_IDENTIFIER = com.floppyturd.engine;
				PRODUCT_NAME = FloppyTurd;
				SECTORDER_FLAGS = "";
				SWIFT_ACTIVE_COMPILATION_CONDITIONS = (PLATFORM_IOS,PLATFORM_MOBILE,__APPLE__,TARGET_OS_IOS,SWIFT_CPP_INTEROP_ENABLED,"$(inherited)");
				SWIFT_INCLUDE_PATHS = (/Users/aimac/Development/FloppyTurd/src/Engine/Core,/Users/aimac/Development/FloppyTurd/src/Engine/Events,/Users/aimac/Development/FloppyTurd/src/Engine/Platform,/Users/aimac/Development/FloppyTurd/src/Engine/Input,/Users/aimac/Development/FloppyTurd/src/Engine/Assets,/Users/aimac/Development/FloppyTurd/src/FloppyTurd/Game,/Users/aimac/Development/FloppyTurd/src/Engine,/Users/aimac/Development/FloppyTurd/src/iOS,/Users/aimac/Development/FloppyTurd/src/iOS/Audio,/Users/aimac/Development/FloppyTurd/src/iOS/Input,/Users/aimac/Development/FloppyTurd/src/iOS/Logging,/Users/aimac/Development/FloppyTurd/src/iOS/Rendering,/Users/aimac/Development/FloppyTurd/src/iOS/Threading,/Users/aimac/Development/FloppyTurd/src/FloppyTurd,/Users/aimac/Development/FloppyTurd/src/FloppyTurd/Components,/Users/aimac/Development/FloppyTurd/src/FloppyTurd/Entities,/Users/aimac/Development/FloppyTurd/src/FloppyTurd/States,/Users/aimac/Development/FloppyTurd/src/Engine/Utility,"$(inherited)");
				SWIFT_OBJC_INTERFACE_HEADER_NAME = "FloppyTurd-Swift.h";
				SWIFT_VERSION = 6.0;
				TARGETED_DEVICE_FAMILY = "1,2";
				TARGET_TEMP_DIR = "/Users/aimac/Development/FloppyTurd/build_ios/build/FloppyTurd.build/$(CONFIGURATION)$(EFFECTIVE_PLATFORM_NAME)";
				UI_REQUIRED_DEVICE_CAPABILITIES = arm64;
				UI_SUPPORTED_INTERFACE_ORIENTATIONS = "UIInterfaceOrientationPortrait;UIInterfaceOrientationLandscapeLeft;UIInterfaceOrientationLandscapeRight";
				USE_HEADERMAP = NO;
				WARNING_CFLAGS = ("$(inherited)");
			};
			name = RelWithDebInfo;
		};
		6A0FBDB86E784BD2A1244FDD /* MinSizeRel */ = {
			isa = XCBuildConfiguration;
			buildSettings = {
				ARCHS = x86_64;
				"ARCHS[sdk=iphonesimulator*]" = x86_64;
				CLANG_CXX_LIBRARY = "libc++";
				CLANG_ENABLE_OBJC_ARC = YES;
				CODE_SIGNING_ALLOWED = NO;
				CODE_SIGNING_REQUIRED = NO;
				ENABLE_BITCODE = NO;
				GCC_SYMBOLS_PRIVATE_EXTERN = YES;
				IPHONEOS_DEPLOYMENT_TARGET = 13.0;
				SDKROOT = /Applications/Xcode.app/Contents/Developer/Platforms/iPhoneSimulator.platform/Developer/SDKs/iPhoneSimulator18.2.sdk;
				SWIFT_COMPILATION_MODE = wholemodule;
				SWIFT_VERSION = 6.0;
				SYMROOT = /Users/aimac/Development/FloppyTurd/build_ios/build;
				"VALID_ARCHS[sdk=iphonesimulator*]" = x86_64;
			};
			name = MinSizeRel;
		};
		72AF7817EB6A435E8C3A9192 /* Release */ = {
			isa = XCBuildConfiguration;
			buildSettings = {
				ALWAYS_SEARCH_USER_PATHS = NO;
				ARCHS = x86_64;
				CLANG_ENABLE_MODULES = YES;
				CLANG_ENABLE_MODULE_DEBUGGING = YES;
				COMBINE_HIDPI_IMAGES = YES;
				CONFIGURATION_BUILD_DIR = "/Users/aimac/Development/FloppyTurd/build_ios/Release${EFFECTIVE_PLATFORM_NAME}";
				EXECUTABLE_PREFIX = lib;
				EXECUTABLE_SUFFIX = .a;
				GCC_GENERATE_DEBUGGING_SYMBOLS = NO;
				GCC_INLINES_ARE_PRIVATE_EXTERN = NO;
				GCC_OPTIMIZATION_LEVEL = 3;
				GCC_PREPROCESSOR_DEFINITIONS = ("'CMAKE_INTDIR=\"$(CONFIGURATION)$(EFFECTIVE_PLATFORM_NAME)\"'","'PLATFORM_IOS=1'","'PLATFORM_MOBILE=1'",__APPLE__,"'TARGET_OS_IOS=1'",SWIFT_CPP_INTEROP_ENABLED,"$(inherited)");
				GCC_SYMBOLS_PRIVATE_EXTERN = NO;
				HEADER_SEARCH_PATHS = (/Users/aimac/Development/FloppyTurd/src/Engine/Core,/Users/aimac/Development/FloppyTurd/src/Engine/Events,/Users/aimac/Development/FloppyTurd/src/Engine/Platform,/Users/aimac/Development/FloppyTurd/src/Engine/Input,/Users/aimac/Development/FloppyTurd/src/Engine/Assets,/Users/aimac/Development/FloppyTurd/src/FloppyTurd/Game,/Users/aimac/Development/FloppyTurd/src/Engine,/Users/aimac/Development/FloppyTurd/src/Engine/Utility,"$(inherited)");
				INSTALL_PATH = "";
				LIBRARY_STYLE = STATIC;
				ONLY_ACTIVE_ARCH = NO;
				OTHER_CPLUSPLUSFLAGS = "    -DNDEBUG '-std=c++20' '-std=c++20' ";
				OTHER_LIBTOOLFLAGS = ("");
				OTHER_REZFLAGS = "";
				PRODUCT_NAME = FloppyTurdGame;
				SECTORDER_FLAGS = "";
				SWIFT_VERSION = 6.0;
				TARGET_TEMP_DIR = "/Users/aimac/Development/FloppyTurd/build_ios/build/FloppyTurdGame.build/$(CONFIGURATION)$(EFFECTIVE_PLATFORM_NAME)";
				USE_HEADERMAP = NO;
				WARNING_CFLAGS = ("$(inherited)");
			};
			name = Release;
		};
		7872DC6CC32E44109B0BB63F /* MinSizeRel */ = {
			isa = XCBuildConfiguration;
			buildSettings = {
				ALWAYS_SEARCH_USER_PATHS = NO;
				ARCHS = x86_64;
				BUNDLE_VERSION = 1.0.0;
				CLANG_ENABLE_MODULES = YES;
				CLANG_ENABLE_MODULE_DEBUGGING = YES;
				CODE_SIGNING_ALLOWED = YES;
				CODE_SIGNING_REQUIRED = YES;
				CODE_SIGN_IDENTITY = "Apple Development";
				CODE_SIGN_STYLE = Automatic;
				COMBINE_HIDPI_IMAGES = YES;
				CONFIGURATION_BUILD_DIR = "/Users/aimac/Development/FloppyTurd/build_ios/Debug-iphonesimulator/MinSizeRel";
				DEVELOPMENT_TEAM = 86886N72J8;
				EXECUTABLE_PREFIX = "";
				EXECUTABLE_SUFFIX = "";
				GCC_GENERATE_DEBUGGING_SYMBOLS = NO;
				GCC_INLINES_ARE_PRIVATE_EXTERN = NO;
				GCC_OPTIMIZATION_LEVEL = s;
				GCC_PREPROCESSOR_DEFINITIONS = ("'CMAKE_INTDIR=\"$(CONFIGURATION)$(EFFECTIVE_PLATFORM_NAME)\"'","'PLATFORM_IOS=1'","'PLATFORM_MOBILE=1'",__APPLE__,"'TARGET_OS_IOS=1'",SWIFT_CPP_INTEROP_ENABLED,"$(inherited)");
				GCC_SYMBOLS_PRIVATE_EXTERN = NO;
				HEADER_SEARCH_PATHS = (/Users/aimac/Development/FloppyTurd/src/Engine/Core,/Users/aimac/Development/FloppyTurd/src/Engine/Events,/Users/aimac/Development/FloppyTurd/src/Engine/Platform,/Users/aimac/Development/FloppyTurd/src/Engine/Input,/Users/aimac/Development/FloppyTurd/src/Engine/Assets,/Users/aimac/Development/FloppyTurd/src/FloppyTurd/Game,/Users/aimac/Development/FloppyTurd/src/Engine,/Users/aimac/Development/FloppyTurd/src/iOS,/Users/aimac/Development/FloppyTurd/src/iOS/Audio,/Users/aimac/Development/FloppyTurd/src/iOS/Input,/Users/aimac/Development/FloppyTurd/src/iOS/Logging,/Users/aimac/Development/FloppyTurd/src/iOS/Rendering,/Users/aimac/Development/FloppyTurd/src/iOS/Threading,/Users/aimac/Development/FloppyTurd/src/FloppyTurd,/Users/aimac/Development/FloppyTurd/src/FloppyTurd/Components,/Users/aimac/Development/FloppyTurd/src/FloppyTurd/Entities,/Users/aimac/Development/FloppyTurd/src/FloppyTurd/States,/Users/aimac/Development/FloppyTurd/src/Engine/Utility,"$(inherited)");
				INFOPLIST_FILE = /Users/aimac/Development/FloppyTurd/build_ios/CMakeFiles/FloppyTurd.dir/Info.plist;
				INSTALL_PATH = "";
				IPHONEOS_DEPLOYMENT_TARGET = 17.0;
				ONLY_ACTIVE_ARCH = NO;
				OTHER_CPLUSPLUSFLAGS = "    -DNDEBUG '-std=c++20' '-std=c++20' -Wall -Wextra -Wno-deprecated-declarations ";
				OTHER_LDFLAGS = ("","/Users/aimac/Development/FloppyTurd/build_ios/MinSizeRel${EFFECTIVE_PLATFORM_NAME}/libFloppyTurdGame.a","-framework Foundation","-framework UIKit","-framework Metal","-framework MetalKit","-framework MetalPerformanceShaders","-framework QuartzCore","-framework CoreGraphics","-framework CoreText","-framework CoreAudio","-framework AudioToolbox","-framework AVFoundation","-framework GameController","-framework CoreHaptics","-framework ImageIO","-framework MobileCoreServices","/Users/aimac/Development/FloppyTurd/build_ios/MinSizeRel${EFFECTIVE_PLATFORM_NAME}/libFloppyTurdGame.a","$(inherited)");
				OTHER_REZFLAGS = "";
				OTHER_SWIFT_FLAGS = ("-cxx-interoperability-mode=default -swift-version 6.0 -Osize -swift-version 6.0 '-cxx-interoperability-mode=default' -swift-version '6.0' -warnings-as-errors ","$(inherited)");
				PRODUCT_BUNDLE_IDENTIFIER = com.floppyturd.engine;
				PRODUCT_NAME = FloppyTurd;
				SECTORDER_FLAGS = "";
				SWIFT_ACTIVE_COMPILATION_CONDITIONS = (PLATFORM_IOS,PLATFORM_MOBILE,__APPLE__,TARGET_OS_IOS,SWIFT_CPP_INTEROP_ENABLED,"$(inherited)");
				SWIFT_INCLUDE_PATHS = (/Users/aimac/Development/FloppyTurd/src/Engine/Core,/Users/aimac/Development/FloppyTurd/src/Engine/Events,/Users/aimac/Development/FloppyTurd/src/Engine/Platform,/Users/aimac/Development/FloppyTurd/src/Engine/Input,/Users/aimac/Development/FloppyTurd/src/Engine/Assets,/Users/aimac/Development/FloppyTurd/src/FloppyTurd/Game,/Users/aimac/Development/FloppyTurd/src/Engine,/Users/aimac/Development/FloppyTurd/src/iOS,/Users/aimac/Development/FloppyTurd/src/iOS/Audio,/Users/aimac/Development/FloppyTurd/src/iOS/Input,/Users/aimac/Development/FloppyTurd/src/iOS/Logging,/Users/aimac/Development/FloppyTurd/src/iOS/Rendering,/Users/aimac/Development/FloppyTurd/src/iOS/Threading,/Users/aimac/Development/FloppyTurd/src/FloppyTurd,/Users/aimac/Development/FloppyTurd/src/FloppyTurd/Components,/Users/aimac/Development/FloppyTurd/src/FloppyTurd/Entities,/Users/aimac/Development/FloppyTurd/src/FloppyTurd/States,/Users/aimac/Development/FloppyTurd/src/Engine/Utility,"$(inherited)");
				SWIFT_OBJC_INTERFACE_HEADER_NAME = "FloppyTurd-Swift.h";
				SWIFT_VERSION = 6.0;
				TARGETED_DEVICE_FAMILY = "1,2";
				TARGET_TEMP_DIR = "/Users/aimac/Development/FloppyTurd/build_ios/build/FloppyTurd.build/$(CONFIGURATION)$(EFFECTIVE_PLATFORM_NAME)";
				UI_REQUIRED_DEVICE_CAPABILITIES = arm64;
				UI_SUPPORTED_INTERFACE_ORIENTATIONS = "UIInterfaceOrientationPortrait;UIInterfaceOrientationLandscapeLeft;UIInterfaceOrientationLandscapeRight";
				USE_HEADERMAP = NO;
				WARNING_CFLAGS = ("$(inherited)");
			};
			name = MinSizeRel;
		};
		7C26107F2BAF4EA5A81169D3 /* Release */ = {
			isa = XCBuildConfiguration;
			buildSettings = {
				ALWAYS_SEARCH_USER_PATHS = NO;
				COMBINE_HIDPI_IMAGES = YES;
				GCC_GENERATE_DEBUGGING_SYMBOLS = YES;
				GCC_INLINES_ARE_PRIVATE_EXTERN = NO;
				GCC_OPTIMIZATION_LEVEL = 0;
				GCC_PREPROCESSOR_DEFINITIONS = ("'CMAKE_INTDIR=\"$(CONFIGURATION)$(EFFECTIVE_PLATFORM_NAME)\"'","$(inherited)");
				GCC_SYMBOLS_PRIVATE_EXTERN = NO;
				INSTALL_PATH = "";
				OTHER_LDFLAGS = ("","$(inherited)");
				OTHER_REZFLAGS = "";
				PRODUCT_NAME = ZERO_CHECK;
				SECTORDER_FLAGS = "";
				USE_HEADERMAP = NO;
				WARNING_CFLAGS = ("$(inherited)");
			};
			name = Release;
		};
		81950F649AD244D89DD7C75D /* RelWithDebInfo */ = {
			isa = XCBuildConfiguration;
			buildSettings = {
				ALWAYS_SEARCH_USER_PATHS = NO;
				COMBINE_HIDPI_IMAGES = YES;
				GCC_GENERATE_DEBUGGING_SYMBOLS = YES;
				GCC_INLINES_ARE_PRIVATE_EXTERN = NO;
				GCC_OPTIMIZATION_LEVEL = 0;
				GCC_PREPROCESSOR_DEFINITIONS = ("'CMAKE_INTDIR=\"$(CONFIGURATION)$(EFFECTIVE_PLATFORM_NAME)\"'","$(inherited)");
				GCC_SYMBOLS_PRIVATE_EXTERN = NO;
				INSTALL_PATH = "";
				OTHER_LDFLAGS = ("","$(inherited)");
				OTHER_REZFLAGS = "";
				PRODUCT_NAME = ZERO_CHECK;
				SECTORDER_FLAGS = "";
				USE_HEADERMAP = NO;
				WARNING_CFLAGS = ("$(inherited)");
			};
			name = RelWithDebInfo;
		};
		83772AC30DF7483BB1DB13B2 /* Debug */ = {
			isa = XCBuildConfiguration;
			buildSettings = {
				ARCHS = x86_64;
				"ARCHS[sdk=iphonesimulator*]" = x86_64;
				CLANG_CXX_LIBRARY = "libc++";
				CLANG_ENABLE_OBJC_ARC = YES;
				CODE_SIGNING_ALLOWED = NO;
				CODE_SIGNING_REQUIRED = NO;
				ENABLE_BITCODE = NO;
				GCC_SYMBOLS_PRIVATE_EXTERN = YES;
				IPHONEOS_DEPLOYMENT_TARGET = 13.0;
				SDKROOT = /Applications/Xcode.app/Contents/Developer/Platforms/iPhoneSimulator.platform/Developer/SDKs/iPhoneSimulator18.2.sdk;
				SWIFT_VERSION = 6.0;
				SYMROOT = /Users/aimac/Development/FloppyTurd/build_ios/build;
				"VALID_ARCHS[sdk=iphonesimulator*]" = x86_64;
			};
			name = Debug;
		};
		B71A3083A9BB40558C0C02E3 /* Release */ = {
			isa = XCBuildConfiguration;
			buildSettings = {
				ARCHS = x86_64;
				"ARCHS[sdk=iphonesimulator*]" = x86_64;
				CLANG_CXX_LIBRARY = "libc++";
				CLANG_ENABLE_OBJC_ARC = YES;
				CODE_SIGNING_ALLOWED = NO;
				CODE_SIGNING_REQUIRED = NO;
				ENABLE_BITCODE = NO;
				GCC_SYMBOLS_PRIVATE_EXTERN = YES;
				IPHONEOS_DEPLOYMENT_TARGET = 13.0;
				SDKROOT = /Applications/Xcode.app/Contents/Developer/Platforms/iPhoneSimulator.platform/Developer/SDKs/iPhoneSimulator18.2.sdk;
				SWIFT_COMPILATION_MODE = wholemodule;
				SWIFT_VERSION = 6.0;
				SYMROOT = /Users/aimac/Development/FloppyTurd/build_ios/build;
				"VALID_ARCHS[sdk=iphonesimulator*]" = x86_64;
			};
			name = Release;
		};
		BC06ECA1F4B74921BABA8EF8 /* RelWithDebInfo */ = {
			isa = XCBuildConfiguration;
			buildSettings = {
				ALWAYS_SEARCH_USER_PATHS = NO;
				COMBINE_HIDPI_IMAGES = YES;
				GCC_GENERATE_DEBUGGING_SYMBOLS = YES;
				GCC_INLINES_ARE_PRIVATE_EXTERN = NO;
				GCC_OPTIMIZATION_LEVEL = 0;
				GCC_PREPROCESSOR_DEFINITIONS = ("'CMAKE_INTDIR=\"$(CONFIGURATION)$(EFFECTIVE_PLATFORM_NAME)\"'","$(inherited)");
				GCC_SYMBOLS_PRIVATE_EXTERN = NO;
				INSTALL_PATH = "";
				OTHER_LDFLAGS = ("","$(inherited)");
				OTHER_REZFLAGS = "";
				PRODUCT_NAME = ALL_BUILD;
				SECTORDER_FLAGS = "";
				USE_HEADERMAP = NO;
				WARNING_CFLAGS = ("$(inherited)");
			};
			name = RelWithDebInfo;
		};
		BD2F897A49AF412C9B1DB406 /* Debug */ = {
			isa = XCBuildConfiguration;
			buildSettings = {
				ALWAYS_SEARCH_USER_PATHS = NO;
				COMBINE_HIDPI_IMAGES = YES;
				GCC_GENERATE_DEBUGGING_SYMBOLS = YES;
				GCC_INLINES_ARE_PRIVATE_EXTERN = NO;
				GCC_OPTIMIZATION_LEVEL = 0;
				GCC_PREPROCESSOR_DEFINITIONS = ("'CMAKE_INTDIR=\"$(CONFIGURATION)$(EFFECTIVE_PLATFORM_NAME)\"'","$(inherited)");
				GCC_SYMBOLS_PRIVATE_EXTERN = NO;
				INSTALL_PATH = "";
				OTHER_LDFLAGS = ("","$(inherited)");
				OTHER_REZFLAGS = "";
				PRODUCT_NAME = ZERO_CHECK;
				SECTORDER_FLAGS = "";
				USE_HEADERMAP = NO;
				WARNING_CFLAGS = ("$(inherited)");
			};
			name = Debug;
		};
		C481F080238744FC856CE010 /* Release */ = {
			isa = XCBuildConfiguration;
			buildSettings = {
				ALWAYS_SEARCH_USER_PATHS = NO;
				ARCHS = x86_64;
				BUNDLE_VERSION = 1.0.0;
				CLANG_ENABLE_MODULES = YES;
				CLANG_ENABLE_MODULE_DEBUGGING = YES;
				CODE_SIGNING_ALLOWED = YES;
				CODE_SIGNING_REQUIRED = YES;
				CODE_SIGN_IDENTITY = "Apple Development";
				CODE_SIGN_STYLE = Automatic;
				COMBINE_HIDPI_IMAGES = YES;
				CONFIGURATION_BUILD_DIR = "/Users/aimac/Development/FloppyTurd/build_ios/Debug-iphonesimulator/Release";
				DEVELOPMENT_TEAM = 86886N72J8;
				EXECUTABLE_PREFIX = "";
				EXECUTABLE_SUFFIX = "";
				GCC_GENERATE_DEBUGGING_SYMBOLS = NO;
				GCC_INLINES_ARE_PRIVATE_EXTERN = NO;
				GCC_OPTIMIZATION_LEVEL = 1;
				GCC_PREPROCESSOR_DEFINITIONS = ("'CMAKE_INTDIR=\"$(CONFIGURATION)$(EFFECTIVE_PLATFORM_NAME)\"'","'PLATFORM_IOS=1'","'PLATFORM_MOBILE=1'",__APPLE__,"'TARGET_OS_IOS=1'",SWIFT_CPP_INTEROP_ENABLED,"$(inherited)");
				GCC_SYMBOLS_PRIVATE_EXTERN = NO;
				HEADER_SEARCH_PATHS = (/Users/aimac/Development/FloppyTurd/src/Engine/Core,/Users/aimac/Development/FloppyTurd/src/Engine/Events,/Users/aimac/Development/FloppyTurd/src/Engine/Platform,/Users/aimac/Development/FloppyTurd/src/Engine/Input,/Users/aimac/Development/FloppyTurd/src/Engine/Assets,/Users/aimac/Development/FloppyTurd/src/FloppyTurd/Game,/Users/aimac/Development/FloppyTurd/src/Engine,/Users/aimac/Development/FloppyTurd/src/iOS,/Users/aimac/Development/FloppyTurd/src/iOS/Audio,/Users/aimac/Development/FloppyTurd/src/iOS/Input,/Users/aimac/Development/FloppyTurd/src/iOS/Logging,/Users/aimac/Development/FloppyTurd/src/iOS/Rendering,/Users/aimac/Development/FloppyTurd/src/iOS/Threading,/Users/aimac/Development/FloppyTurd/src/FloppyTurd,/Users/aimac/Development/FloppyTurd/src/FloppyTurd/Components,/Users/aimac/Development/FloppyTurd/src/FloppyTurd/Entities,/Users/aimac/Development/FloppyTurd/src/FloppyTurd/States,/Users/aimac/Development/FloppyTurd/src/Engine/Utility,"$(inherited)");
				INFOPLIST_FILE = /Users/aimac/Development/FloppyTurd/build_ios/CMakeFiles/FloppyTurd.dir/Info.plist;
				INSTALL_PATH = "";
				IPHONEOS_DEPLOYMENT_TARGET = 17.0;
				ONLY_ACTIVE_ARCH = NO;
				OTHER_CPLUSPLUSFLAGS = "    -DNDEBUG '-std=c++20' '-std=c++20' -Wall -Wextra -Wno-deprecated-declarations ";
				OTHER_LDFLAGS = ("","/Users/aimac/Development/FloppyTurd/build_ios/Release${EFFECTIVE_PLATFORM_NAME}/libFloppyTurdGame.a","-framework Foundation","-framework UIKit","-framework Metal","-framework MetalKit","-framework MetalPerformanceShaders","-framework QuartzCore","-framework CoreGraphics","-framework CoreText","-framework CoreAudio","-framework AudioToolbox","-framework AVFoundation","-framework GameController","-framework CoreHaptics","-framework ImageIO","-framework MobileCoreServices","/Users/aimac/Development/FloppyTurd/build_ios/Release${EFFECTIVE_PLATFORM_NAME}/libFloppyTurdGame.a","$(inherited)");
				OTHER_REZFLAGS = "";
				OTHER_SWIFT_FLAGS = ("-cxx-interoperability-mode=default -swift-version 6.0    -swift-version 6.0 '-cxx-interoperability-mode=default' -swift-version '6.0' -warnings-as-errors ","$(inherited)");
				PRODUCT_BUNDLE_IDENTIFIER = com.floppyturd.engine;
				PRODUCT_NAME = FloppyTurd;
				SECTORDER_FLAGS = "";
				SWIFT_ACTIVE_COMPILATION_CONDITIONS = (PLATFORM_IOS,PLATFORM_MOBILE,__APPLE__,TARGET_OS_IOS,SWIFT_CPP_INTEROP_ENABLED,"$(inherited)");
				SWIFT_INCLUDE_PATHS = (/Users/aimac/Development/FloppyTurd/src/Engine/Core,/Users/aimac/Development/FloppyTurd/src/Engine/Events,/Users/aimac/Development/FloppyTurd/src/Engine/Platform,/Users/aimac/Development/FloppyTurd/src/Engine/Input,/Users/aimac/Development/FloppyTurd/src/Engine/Assets,/Users/aimac/Development/FloppyTurd/src/FloppyTurd/Game,/Users/aimac/Development/FloppyTurd/src/Engine,/Users/aimac/Development/FloppyTurd/src/iOS,/Users/aimac/Development/FloppyTurd/src/iOS/Audio,/Users/aimac/Development/FloppyTurd/src/iOS/Input,/Users/aimac/Development/FloppyTurd/src/iOS/Logging,/Users/aimac/Development/FloppyTurd/src/iOS/Rendering,/Users/aimac/Development/FloppyTurd/src/iOS/Threading,/Users/aimac/Development/FloppyTurd/src/FloppyTurd,/Users/aimac/Development/FloppyTurd/src/FloppyTurd/Components,/Users/aimac/Development/FloppyTurd/src/FloppyTurd/Entities,/Users/aimac/Development/FloppyTurd/src/FloppyTurd/States,/Users/aimac/Development/FloppyTurd/src/Engine/Utility,"$(inherited)");
				SWIFT_OBJC_INTERFACE_HEADER_NAME = "FloppyTurd-Swift.h";
				SWIFT_VERSION = 6.0;
				TARGETED_DEVICE_FAMILY = "1,2";
				TARGET_TEMP_DIR = "/Users/aimac/Development/FloppyTurd/build_ios/build/FloppyTurd.build/$(CONFIGURATION)$(EFFECTIVE_PLATFORM_NAME)";
				UI_REQUIRED_DEVICE_CAPABILITIES = arm64;
				UI_SUPPORTED_INTERFACE_ORIENTATIONS = "UIInterfaceOrientationPortrait;UIInterfaceOrientationLandscapeLeft;UIInterfaceOrientationLandscapeRight";
				USE_HEADERMAP = NO;
				WARNING_CFLAGS = ("$(inherited)");
			};
			name = Release;
		};
		C8516444F40142FB93C2B181 /* MinSizeRel */ = {
			isa = XCBuildConfiguration;
			buildSettings = {
				ALWAYS_SEARCH_USER_PATHS = NO;
				ARCHS = x86_64;
				CLANG_ENABLE_MODULES = YES;
				CLANG_ENABLE_MODULE_DEBUGGING = YES;
				COMBINE_HIDPI_IMAGES = YES;
				CONFIGURATION_BUILD_DIR = "/Users/aimac/Development/FloppyTurd/build_ios/MinSizeRel${EFFECTIVE_PLATFORM_NAME}";
				EXECUTABLE_PREFIX = lib;
				EXECUTABLE_SUFFIX = .a;
				GCC_GENERATE_DEBUGGING_SYMBOLS = NO;
				GCC_INLINES_ARE_PRIVATE_EXTERN = NO;
				GCC_OPTIMIZATION_LEVEL = s;
				GCC_PREPROCESSOR_DEFINITIONS = ("'CMAKE_INTDIR=\"$(CONFIGURATION)$(EFFECTIVE_PLATFORM_NAME)\"'","'PLATFORM_IOS=1'","'PLATFORM_MOBILE=1'",__APPLE__,"'TARGET_OS_IOS=1'",SWIFT_CPP_INTEROP_ENABLED,"$(inherited)");
				GCC_SYMBOLS_PRIVATE_EXTERN = NO;
				HEADER_SEARCH_PATHS = (/Users/aimac/Development/FloppyTurd/src/Engine/Core,/Users/aimac/Development/FloppyTurd/src/Engine/Events,/Users/aimac/Development/FloppyTurd/src/Engine/Platform,/Users/aimac/Development/FloppyTurd/src/Engine/Input,/Users/aimac/Development/FloppyTurd/src/Engine/Assets,/Users/aimac/Development/FloppyTurd/src/FloppyTurd/Game,/Users/aimac/Development/FloppyTurd/src/Engine,/Users/aimac/Development/FloppyTurd/src/Engine/Utility,"$(inherited)");
				INSTALL_PATH = "";
				LIBRARY_STYLE = STATIC;
				ONLY_ACTIVE_ARCH = NO;
				OTHER_CPLUSPLUSFLAGS = "    -DNDEBUG '-std=c++20' '-std=c++20' ";
				OTHER_LIBTOOLFLAGS = ("");
				OTHER_REZFLAGS = "";
				PRODUCT_NAME = FloppyTurdGame;
				SECTORDER_FLAGS = "";
				SWIFT_VERSION = 6.0;
				TARGET_TEMP_DIR = "/Users/aimac/Development/FloppyTurd/build_ios/build/FloppyTurdGame.build/$(CONFIGURATION)$(EFFECTIVE_PLATFORM_NAME)";
				USE_HEADERMAP = NO;
				WARNING_CFLAGS = ("$(inherited)");
			};
			name = MinSizeRel;
		};
		DCB98D355E10401A9F651A08 /* MinSizeRel */ = {
			isa = XCBuildConfiguration;
			buildSettings = {
				ALWAYS_SEARCH_USER_PATHS = NO;
				COMBINE_HIDPI_IMAGES = YES;
				GCC_GENERATE_DEBUGGING_SYMBOLS = YES;
				GCC_INLINES_ARE_PRIVATE_EXTERN = NO;
				GCC_OPTIMIZATION_LEVEL = 0;
				GCC_PREPROCESSOR_DEFINITIONS = ("'CMAKE_INTDIR=\"$(CONFIGURATION)$(EFFECTIVE_PLATFORM_NAME)\"'","$(inherited)");
				GCC_SYMBOLS_PRIVATE_EXTERN = NO;
				INSTALL_PATH = "";
				OTHER_LDFLAGS = ("","$(inherited)");
				OTHER_REZFLAGS = "";
				PRODUCT_NAME = ALL_BUILD;
				SECTORDER_FLAGS = "";
				USE_HEADERMAP = NO;
				WARNING_CFLAGS = ("$(inherited)");
			};
			name = MinSizeRel;
		};
		F067A4DB0E12472F8A7DDA4C /* RelWithDebInfo */ = {
			isa = XCBuildConfiguration;
			buildSettings = {
				ARCHS = x86_64;
				"ARCHS[sdk=iphonesimulator*]" = x86_64;
				CLANG_CXX_LIBRARY = "libc++";
				CLANG_ENABLE_OBJC_ARC = YES;
				CODE_SIGNING_ALLOWED = NO;
				CODE_SIGNING_REQUIRED = NO;
				ENABLE_BITCODE = NO;
				GCC_SYMBOLS_PRIVATE_EXTERN = YES;
				IPHONEOS_DEPLOYMENT_TARGET = 13.0;
				SDKROOT = /Applications/Xcode.app/Contents/Developer/Platforms/iPhoneSimulator.platform/Developer/SDKs/iPhoneSimulator18.2.sdk;
				SWIFT_COMPILATION_MODE = wholemodule;
				SWIFT_VERSION = 6.0;
				SYMROOT = /Users/aimac/Development/FloppyTurd/build_ios/build;
				"VALID_ARCHS[sdk=iphonesimulator*]" = x86_64;
			};
			name = RelWithDebInfo;
		};
		FE7ED3F2CED64982A004A530 /* Release */ = {
			isa = XCBuildConfiguration;
			buildSettings = {
				ALWAYS_SEARCH_USER_PATHS = NO;
				COMBINE_HIDPI_IMAGES = YES;
				GCC_GENERATE_DEBUGGING_SYMBOLS = YES;
				GCC_INLINES_ARE_PRIVATE_EXTERN = NO;
				GCC_OPTIMIZATION_LEVEL = 0;
				GCC_PREPROCESSOR_DEFINITIONS = ("'CMAKE_INTDIR=\"$(CONFIGURATION)$(EFFECTIVE_PLATFORM_NAME)\"'","$(inherited)");
				GCC_SYMBOLS_PRIVATE_EXTERN = NO;
				INSTALL_PATH = "";
				OTHER_LDFLAGS = ("","$(inherited)");
				OTHER_REZFLAGS = "";
				PRODUCT_NAME = ALL_BUILD;
				SECTORDER_FLAGS = "";
				USE_HEADERMAP = NO;
				WARNING_CFLAGS = ("$(inherited)");
			};
			name = Release;
		};
/* End XCBuildConfiguration section */

/* Begin XCConfigurationList section */
		0F3CBE147C154F1DAE136682 /* Build configuration list for PBXNativeTarget "FloppyTurdGame" */ = {
			isa = XCConfigurationList;
			buildConfigurations = (
				4179D58B28C547688EC09EC5 /* Debug */,
				72AF7817EB6A435E8C3A9192 /* Release */,
				C8516444F40142FB93C2B181 /* MinSizeRel */,
				62BD3E79923B4D67A630D16D /* RelWithDebInfo */,
			);
			defaultConfigurationIsVisible = 0;
			defaultConfigurationName = Debug;
		};
		1999CEF53584439FADB800E0 /* Build configuration list for PBXAggregateTarget "ZERO_CHECK" */ = {
			isa = XCConfigurationList;
			buildConfigurations = (
				BD2F897A49AF412C9B1DB406 /* Debug */,
				7C26107F2BAF4EA5A81169D3 /* Release */,
				57B996E92D8842E78174FDF7 /* MinSizeRel */,
				81950F649AD244D89DD7C75D /* RelWithDebInfo */,
			);
			defaultConfigurationIsVisible = 0;
			defaultConfigurationName = Debug;
		};
		1B1A627DB73F43DDBDE35985 /* Build configuration list for PBXNativeTarget "FloppyTurd" */ = {
			isa = XCConfigurationList;
			buildConfigurations = (
				440638210B2E4A6DB052B54D /* Debug */,
				C481F080238744FC856CE010 /* Release */,
				7872DC6CC32E44109B0BB63F /* MinSizeRel */,
				63805AA86BAF4B148757359D /* RelWithDebInfo */,
			);
			defaultConfigurationIsVisible = 0;
			defaultConfigurationName = Debug;
		};
		567F861D66C44C6B8F8C99EF /* Build configuration list for PBXAggregateTarget "ALL_BUILD" */ = {
			isa = XCConfigurationList;
			buildConfigurations = (
				044E625FBBD14F6F9C7582FA /* Debug */,
				FE7ED3F2CED64982A004A530 /* Release */,
				DCB98D355E10401A9F651A08 /* MinSizeRel */,
				BC06ECA1F4B74921BABA8EF8 /* RelWithDebInfo */,
			);
			defaultConfigurationIsVisible = 0;
			defaultConfigurationName = Debug;
		};
		F82DB5D94A954B23B3C33085 /* Build configuration list for PBXProject "FloppyTurd" */ = {
			isa = XCConfigurationList;
			buildConfigurations = (
				83772AC30DF7483BB1DB13B2 /* Debug */,
				B71A3083A9BB40558C0C02E3 /* Release */,
				6A0FBDB86E784BD2A1244FDD /* MinSizeRel */,
				F067A4DB0E12472F8A7DDA4C /* RelWithDebInfo */,
			);
			defaultConfigurationIsVisible = 0;
			defaultConfigurationName = Debug;
		};
/* End XCConfigurationList section */
	};
	rootObject = 708561DCE6994099B52FA754 /* Project object */;
}
